// !$*UTF8*$!
{
	archiveVersion = 1;
	classes = {
	};
	objectVersion = 56;
	objects = {

/* Begin PBXBuildFile section */
		723ABD872AFFF1B800C260F1 /* LMessengerApp.swift in Sources */ = {isa = PBXBuildFile; fileRef = 723ABD862AFFF1B800C260F1 /* LMessengerApp.swift */; };
		723ABD892AFFF1B800C260F1 /* AuthenticatedView.swift in Sources */ = {isa = PBXBuildFile; fileRef = 723ABD882AFFF1B800C260F1 /* AuthenticatedView.swift */; };
		723ABD8B2AFFF1B900C260F1 /* Assets.xcassets in Resources */ = {isa = PBXBuildFile; fileRef = 723ABD8A2AFFF1B900C260F1 /* Assets.xcassets */; };
		723ABD8E2AFFF1B900C260F1 /* Preview Assets.xcassets in Resources */ = {isa = PBXBuildFile; fileRef = 723ABD8D2AFFF1B900C260F1 /* Preview Assets.xcassets */; };
		723ABD982AFFF1B900C260F1 /* LMessengerTests.swift in Sources */ = {isa = PBXBuildFile; fileRef = 723ABD972AFFF1B900C260F1 /* LMessengerTests.swift */; };
		723ABDA22AFFF1B900C260F1 /* LMessengerUITests.swift in Sources */ = {isa = PBXBuildFile; fileRef = 723ABDA12AFFF1B900C260F1 /* LMessengerUITests.swift */; };
		723ABDA42AFFF1B900C260F1 /* LMessengerUITestsLaunchTests.swift in Sources */ = {isa = PBXBuildFile; fileRef = 723ABDA32AFFF1B900C260F1 /* LMessengerUITestsLaunchTests.swift */; };
		723ABDB22AFFF1F000C260F1 /* Colors.xcassets in Resources */ = {isa = PBXBuildFile; fileRef = 723ABDB12AFFF1F000C260F1 /* Colors.xcassets */; };
		72E4BEFC2B00B871007A1060 /* Color+Extension.swift in Sources */ = {isa = PBXBuildFile; fileRef = 72E4BEFB2B00B871007A1060 /* Color+Extension.swift */; };
		A75720422B2A83F5006767DC /* FirebaseAnalytics in Frameworks */ = {isa = PBXBuildFile; productRef = A75720412B2A83F5006767DC /* FirebaseAnalytics */; };
		A75720442B2A83F5006767DC /* FirebaseAnalyticsOnDeviceConversion in Frameworks */ = {isa = PBXBuildFile; productRef = A75720432B2A83F5006767DC /* FirebaseAnalyticsOnDeviceConversion */; };
		A75720462B2A83F5006767DC /* FirebaseAnalyticsSwift in Frameworks */ = {isa = PBXBuildFile; productRef = A75720452B2A83F5006767DC /* FirebaseAnalyticsSwift */; };
		A75720482B2A83F5006767DC /* FirebaseAnalyticsWithoutAdIdSupport in Frameworks */ = {isa = PBXBuildFile; productRef = A75720472B2A83F5006767DC /* FirebaseAnalyticsWithoutAdIdSupport */; };
		A757204A2B2A83F5006767DC /* FirebaseAppCheck in Frameworks */ = {isa = PBXBuildFile; productRef = A75720492B2A83F5006767DC /* FirebaseAppCheck */; };
		A757204C2B2A83F5006767DC /* FirebaseAppDistribution-Beta in Frameworks */ = {isa = PBXBuildFile; productRef = A757204B2B2A83F5006767DC /* FirebaseAppDistribution-Beta */; };
		A757204E2B2A83F5006767DC /* FirebaseAuth in Frameworks */ = {isa = PBXBuildFile; productRef = A757204D2B2A83F5006767DC /* FirebaseAuth */; };
		A75720502B2A83F5006767DC /* FirebaseAuthCombine-Community in Frameworks */ = {isa = PBXBuildFile; productRef = A757204F2B2A83F5006767DC /* FirebaseAuthCombine-Community */; };
		A75720522B2A83F5006767DC /* FirebaseCrashlytics in Frameworks */ = {isa = PBXBuildFile; productRef = A75720512B2A83F5006767DC /* FirebaseCrashlytics */; };
		A75720542B2A83F5006767DC /* FirebaseDatabase in Frameworks */ = {isa = PBXBuildFile; productRef = A75720532B2A83F5006767DC /* FirebaseDatabase */; };
		A75720562B2A83F5006767DC /* FirebaseDatabaseSwift in Frameworks */ = {isa = PBXBuildFile; productRef = A75720552B2A83F5006767DC /* FirebaseDatabaseSwift */; };
		A75720582B2A83F5006767DC /* FirebaseDynamicLinks in Frameworks */ = {isa = PBXBuildFile; productRef = A75720572B2A83F5006767DC /* FirebaseDynamicLinks */; };
		A757205A2B2A83F5006767DC /* FirebaseFirestore in Frameworks */ = {isa = PBXBuildFile; productRef = A75720592B2A83F5006767DC /* FirebaseFirestore */; };
		A757205C2B2A83F5006767DC /* FirebaseFirestoreCombine-Community in Frameworks */ = {isa = PBXBuildFile; productRef = A757205B2B2A83F5006767DC /* FirebaseFirestoreCombine-Community */; };
		A757205E2B2A83F5006767DC /* FirebaseFirestoreSwift in Frameworks */ = {isa = PBXBuildFile; productRef = A757205D2B2A83F5006767DC /* FirebaseFirestoreSwift */; };
		A75720602B2A83F5006767DC /* FirebaseFunctions in Frameworks */ = {isa = PBXBuildFile; productRef = A757205F2B2A83F5006767DC /* FirebaseFunctions */; };
		A75720622B2A83F5006767DC /* FirebaseFunctionsCombine-Community in Frameworks */ = {isa = PBXBuildFile; productRef = A75720612B2A83F5006767DC /* FirebaseFunctionsCombine-Community */; };
		A75720642B2A83F5006767DC /* FirebaseInAppMessaging-Beta in Frameworks */ = {isa = PBXBuildFile; productRef = A75720632B2A83F5006767DC /* FirebaseInAppMessaging-Beta */; };
		A75720662B2A83F5006767DC /* FirebaseInAppMessagingSwift-Beta in Frameworks */ = {isa = PBXBuildFile; productRef = A75720652B2A83F5006767DC /* FirebaseInAppMessagingSwift-Beta */; };
		A75720682B2A83F5006767DC /* FirebaseInstallations in Frameworks */ = {isa = PBXBuildFile; productRef = A75720672B2A83F5006767DC /* FirebaseInstallations */; };
		A757206A2B2A83F5006767DC /* FirebaseMLModelDownloader in Frameworks */ = {isa = PBXBuildFile; productRef = A75720692B2A83F5006767DC /* FirebaseMLModelDownloader */; };
		A757206C2B2A83F5006767DC /* FirebaseMessaging in Frameworks */ = {isa = PBXBuildFile; productRef = A757206B2B2A83F5006767DC /* FirebaseMessaging */; };
		A757206E2B2A83F5006767DC /* FirebasePerformance in Frameworks */ = {isa = PBXBuildFile; productRef = A757206D2B2A83F5006767DC /* FirebasePerformance */; };
		A75720702B2A83F5006767DC /* FirebaseRemoteConfig in Frameworks */ = {isa = PBXBuildFile; productRef = A757206F2B2A83F5006767DC /* FirebaseRemoteConfig */; };
		A75720722B2A83F5006767DC /* FirebaseRemoteConfigSwift in Frameworks */ = {isa = PBXBuildFile; productRef = A75720712B2A83F5006767DC /* FirebaseRemoteConfigSwift */; };
		A75720742B2A83F5006767DC /* FirebaseStorage in Frameworks */ = {isa = PBXBuildFile; productRef = A75720732B2A83F5006767DC /* FirebaseStorage */; };
		A75720762B2A83F5006767DC /* FirebaseStorageCombine-Community in Frameworks */ = {isa = PBXBuildFile; productRef = A75720752B2A83F5006767DC /* FirebaseStorageCombine-Community */; };
		A75720782B2A843B006767DC /* AppDelegate.swift in Sources */ = {isa = PBXBuildFile; fileRef = A75720772B2A843B006767DC /* AppDelegate.swift */; };
		A757207A2B2A8590006767DC /* GoogleService-Info.plist in Resources */ = {isa = PBXBuildFile; fileRef = A75720792B2A8590006767DC /* GoogleService-Info.plist */; };
		A757207D2B2A85F1006767DC /* AuthenticationService.swift in Sources */ = {isa = PBXBuildFile; fileRef = A757207C2B2A85F1006767DC /* AuthenticationService.swift */; };
		A75720812B2A87BA006767DC /* LoginIntroView.swift in Sources */ = {isa = PBXBuildFile; fileRef = A75720802B2A87BA006767DC /* LoginIntroView.swift */; };
		A75720832B2A87C6006767DC /* MainTabView.swift in Sources */ = {isa = PBXBuildFile; fileRef = A75720822B2A87C6006767DC /* MainTabView.swift */; };
		A75720852B2A89A2006767DC /* LoginView.swift in Sources */ = {isa = PBXBuildFile; fileRef = A75720842B2A89A2006767DC /* LoginView.swift */; };
		A75720872B2A8A45006767DC /* LoginButtonStyle.swift in Sources */ = {isa = PBXBuildFile; fileRef = A75720862B2A8A45006767DC /* LoginButtonStyle.swift */; };
		A757208A2B2A8DB1006767DC /* GoogleSignIn in Frameworks */ = {isa = PBXBuildFile; productRef = A75720892B2A8DB1006767DC /* GoogleSignIn */; };
		A757208C2B2A8DB1006767DC /* GoogleSignInSwift in Frameworks */ = {isa = PBXBuildFile; productRef = A757208B2B2A8DB1006767DC /* GoogleSignInSwift */; };
		A757208F2B2A8EBF006767DC /* User.swift in Sources */ = {isa = PBXBuildFile; fileRef = A757208E2B2A8EBF006767DC /* User.swift */; };
		A75720912B2A8EF5006767DC /* ServiceError.swift in Sources */ = {isa = PBXBuildFile; fileRef = A75720902B2A8EF5006767DC /* ServiceError.swift */; };
		A75720932B2A9D5E006767DC /* MainTabType.swift in Sources */ = {isa = PBXBuildFile; fileRef = A75720922B2A9D5E006767DC /* MainTabType.swift */; };
		A75720972B2A9E67006767DC /* ChatListView.swift in Sources */ = {isa = PBXBuildFile; fileRef = A75720962B2A9E67006767DC /* ChatListView.swift */; };
		A75720992B2A9E71006767DC /* HomeView.swift in Sources */ = {isa = PBXBuildFile; fileRef = A75720982B2A9E71006767DC /* HomeView.swift */; };
		A757209C2B2A9FFD006767DC /* SwiftUIIntrospect in Frameworks */ = {isa = PBXBuildFile; productRef = A757209B2B2A9FFD006767DC /* SwiftUIIntrospect */; };
		A780C8EF2B16E76E007EF1AD /* LaunchScreen.storyboard in Resources */ = {isa = PBXBuildFile; fileRef = A780C8EE2B16E76E007EF1AD /* LaunchScreen.storyboard */; };
		A780C8F22B16E8A9007EF1AD /* DIContainer.swift in Sources */ = {isa = PBXBuildFile; fileRef = A780C8F12B16E8A9007EF1AD /* DIContainer.swift */; };
		A780C8F52B16E8DB007EF1AD /* Services.swift in Sources */ = {isa = PBXBuildFile; fileRef = A780C8F42B16E8DB007EF1AD /* Services.swift */; };
		A780C8F92B16E998007EF1AD /* AuthenticationViewModel.swift in Sources */ = {isa = PBXBuildFile; fileRef = A780C8F82B16E998007EF1AD /* AuthenticationViewModel.swift */; };
/* End PBXBuildFile section */

/* Begin PBXContainerItemProxy section */
		723ABD942AFFF1B900C260F1 /* PBXContainerItemProxy */ = {
			isa = PBXContainerItemProxy;
			containerPortal = 723ABD7B2AFFF1B800C260F1 /* Project object */;
			proxyType = 1;
			remoteGlobalIDString = 723ABD822AFFF1B800C260F1;
			remoteInfo = LMessenger;
		};
		723ABD9E2AFFF1B900C260F1 /* PBXContainerItemProxy */ = {
			isa = PBXContainerItemProxy;
			containerPortal = 723ABD7B2AFFF1B800C260F1 /* Project object */;
			proxyType = 1;
			remoteGlobalIDString = 723ABD822AFFF1B800C260F1;
			remoteInfo = LMessenger;
		};
/* End PBXContainerItemProxy section */

/* Begin PBXFileReference section */
		723ABD832AFFF1B800C260F1 /* LMessenger.app */ = {isa = PBXFileReference; explicitFileType = wrapper.application; includeInIndex = 0; path = LMessenger.app; sourceTree = BUILT_PRODUCTS_DIR; };
		723ABD862AFFF1B800C260F1 /* LMessengerApp.swift */ = {isa = PBXFileReference; lastKnownFileType = sourcecode.swift; path = LMessengerApp.swift; sourceTree = "<group>"; };
		723ABD882AFFF1B800C260F1 /* AuthenticatedView.swift */ = {isa = PBXFileReference; lastKnownFileType = sourcecode.swift; path = AuthenticatedView.swift; sourceTree = "<group>"; };
		723ABD8A2AFFF1B900C260F1 /* Assets.xcassets */ = {isa = PBXFileReference; lastKnownFileType = folder.assetcatalog; path = Assets.xcassets; sourceTree = "<group>"; };
		723ABD8D2AFFF1B900C260F1 /* Preview Assets.xcassets */ = {isa = PBXFileReference; lastKnownFileType = folder.assetcatalog; path = "Preview Assets.xcassets"; sourceTree = "<group>"; };
		723ABD932AFFF1B900C260F1 /* LMessengerTests.xctest */ = {isa = PBXFileReference; explicitFileType = wrapper.cfbundle; includeInIndex = 0; path = LMessengerTests.xctest; sourceTree = BUILT_PRODUCTS_DIR; };
		723ABD972AFFF1B900C260F1 /* LMessengerTests.swift */ = {isa = PBXFileReference; lastKnownFileType = sourcecode.swift; path = LMessengerTests.swift; sourceTree = "<group>"; };
		723ABD9D2AFFF1B900C260F1 /* LMessengerUITests.xctest */ = {isa = PBXFileReference; explicitFileType = wrapper.cfbundle; includeInIndex = 0; path = LMessengerUITests.xctest; sourceTree = BUILT_PRODUCTS_DIR; };
		723ABDA12AFFF1B900C260F1 /* LMessengerUITests.swift */ = {isa = PBXFileReference; lastKnownFileType = sourcecode.swift; path = LMessengerUITests.swift; sourceTree = "<group>"; };
		723ABDA32AFFF1B900C260F1 /* LMessengerUITestsLaunchTests.swift */ = {isa = PBXFileReference; lastKnownFileType = sourcecode.swift; path = LMessengerUITestsLaunchTests.swift; sourceTree = "<group>"; };
		723ABDB12AFFF1F000C260F1 /* Colors.xcassets */ = {isa = PBXFileReference; lastKnownFileType = folder.assetcatalog; path = Colors.xcassets; sourceTree = "<group>"; };
		72E4BEFB2B00B871007A1060 /* Color+Extension.swift */ = {isa = PBXFileReference; fileEncoding = 4; lastKnownFileType = sourcecode.swift; path = "Color+Extension.swift"; sourceTree = "<group>"; };
		A75720772B2A843B006767DC /* AppDelegate.swift */ = {isa = PBXFileReference; lastKnownFileType = sourcecode.swift; path = AppDelegate.swift; sourceTree = "<group>"; };
		A75720792B2A8590006767DC /* GoogleService-Info.plist */ = {isa = PBXFileReference; fileEncoding = 4; lastKnownFileType = text.plist.xml; path = "GoogleService-Info.plist"; sourceTree = "<group>"; };
		A757207B2B2A85AE006767DC /* Info.plist */ = {isa = PBXFileReference; lastKnownFileType = text.plist; path = Info.plist; sourceTree = "<group>"; };
		A757207C2B2A85F1006767DC /* AuthenticationService.swift */ = {isa = PBXFileReference; lastKnownFileType = sourcecode.swift; path = AuthenticationService.swift; sourceTree = "<group>"; };
		A75720802B2A87BA006767DC /* LoginIntroView.swift */ = {isa = PBXFileReference; lastKnownFileType = sourcecode.swift; path = LoginIntroView.swift; sourceTree = "<group>"; };
		A75720822B2A87C6006767DC /* MainTabView.swift */ = {isa = PBXFileReference; lastKnownFileType = sourcecode.swift; path = MainTabView.swift; sourceTree = "<group>"; };
		A75720842B2A89A2006767DC /* LoginView.swift */ = {isa = PBXFileReference; lastKnownFileType = sourcecode.swift; path = LoginView.swift; sourceTree = "<group>"; };
		A75720862B2A8A45006767DC /* LoginButtonStyle.swift */ = {isa = PBXFileReference; lastKnownFileType = sourcecode.swift; path = LoginButtonStyle.swift; sourceTree = "<group>"; };
		A757208E2B2A8EBF006767DC /* User.swift */ = {isa = PBXFileReference; lastKnownFileType = sourcecode.swift; path = User.swift; sourceTree = "<group>"; };
		A75720902B2A8EF5006767DC /* ServiceError.swift */ = {isa = PBXFileReference; lastKnownFileType = sourcecode.swift; path = ServiceError.swift; sourceTree = "<group>"; };
		A75720922B2A9D5E006767DC /* MainTabType.swift */ = {isa = PBXFileReference; lastKnownFileType = sourcecode.swift; path = MainTabType.swift; sourceTree = "<group>"; };
		A75720962B2A9E67006767DC /* ChatListView.swift */ = {isa = PBXFileReference; lastKnownFileType = sourcecode.swift; path = ChatListView.swift; sourceTree = "<group>"; };
		A75720982B2A9E71006767DC /* HomeView.swift */ = {isa = PBXFileReference; lastKnownFileType = sourcecode.swift; path = HomeView.swift; sourceTree = "<group>"; };
		A780C8EE2B16E76E007EF1AD /* LaunchScreen.storyboard */ = {isa = PBXFileReference; lastKnownFileType = file.storyboard; path = LaunchScreen.storyboard; sourceTree = "<group>"; };
		A780C8F12B16E8A9007EF1AD /* DIContainer.swift */ = {isa = PBXFileReference; lastKnownFileType = sourcecode.swift; path = DIContainer.swift; sourceTree = "<group>"; };
		A780C8F42B16E8DB007EF1AD /* Services.swift */ = {isa = PBXFileReference; lastKnownFileType = sourcecode.swift; path = Services.swift; sourceTree = "<group>"; };
		A780C8F82B16E998007EF1AD /* AuthenticationViewModel.swift */ = {isa = PBXFileReference; lastKnownFileType = sourcecode.swift; path = AuthenticationViewModel.swift; sourceTree = "<group>"; };
/* End PBXFileReference section */

/* Begin PBXFrameworksBuildPhase section */
		723ABD802AFFF1B800C260F1 /* Frameworks */ = {
			isa = PBXFrameworksBuildPhase;
			buildActionMask = 2147483647;
			files = (
				A75720542B2A83F5006767DC /* FirebaseDatabase in Frameworks */,
				A75720622B2A83F5006767DC /* FirebaseFunctionsCombine-Community in Frameworks */,
				A757205A2B2A83F5006767DC /* FirebaseFirestore in Frameworks */,
				A757209C2B2A9FFD006767DC /* SwiftUIIntrospect in Frameworks */,
				A75720462B2A83F5006767DC /* FirebaseAnalyticsSwift in Frameworks */,
				A75720422B2A83F5006767DC /* FirebaseAnalytics in Frameworks */,
				A75720442B2A83F5006767DC /* FirebaseAnalyticsOnDeviceConversion in Frameworks */,
				A757206A2B2A83F5006767DC /* FirebaseMLModelDownloader in Frameworks */,
				A757208C2B2A8DB1006767DC /* GoogleSignInSwift in Frameworks */,
				A757205E2B2A83F5006767DC /* FirebaseFirestoreSwift in Frameworks */,
				A757204A2B2A83F5006767DC /* FirebaseAppCheck in Frameworks */,
				A75720482B2A83F5006767DC /* FirebaseAnalyticsWithoutAdIdSupport in Frameworks */,
				A757204E2B2A83F5006767DC /* FirebaseAuth in Frameworks */,
				A75720522B2A83F5006767DC /* FirebaseCrashlytics in Frameworks */,
				A75720722B2A83F5006767DC /* FirebaseRemoteConfigSwift in Frameworks */,
				A757208A2B2A8DB1006767DC /* GoogleSignIn in Frameworks */,
				A75720642B2A83F5006767DC /* FirebaseInAppMessaging-Beta in Frameworks */,
				A75720562B2A83F5006767DC /* FirebaseDatabaseSwift in Frameworks */,
				A75720602B2A83F5006767DC /* FirebaseFunctions in Frameworks */,
				A75720762B2A83F5006767DC /* FirebaseStorageCombine-Community in Frameworks */,
				A75720702B2A83F5006767DC /* FirebaseRemoteConfig in Frameworks */,
				A757204C2B2A83F5006767DC /* FirebaseAppDistribution-Beta in Frameworks */,
				A75720502B2A83F5006767DC /* FirebaseAuthCombine-Community in Frameworks */,
				A757206E2B2A83F5006767DC /* FirebasePerformance in Frameworks */,
				A75720662B2A83F5006767DC /* FirebaseInAppMessagingSwift-Beta in Frameworks */,
				A75720742B2A83F5006767DC /* FirebaseStorage in Frameworks */,
				A75720582B2A83F5006767DC /* FirebaseDynamicLinks in Frameworks */,
				A757205C2B2A83F5006767DC /* FirebaseFirestoreCombine-Community in Frameworks */,
				A757206C2B2A83F5006767DC /* FirebaseMessaging in Frameworks */,
				A75720682B2A83F5006767DC /* FirebaseInstallations in Frameworks */,
			);
			runOnlyForDeploymentPostprocessing = 0;
		};
		723ABD902AFFF1B900C260F1 /* Frameworks */ = {
			isa = PBXFrameworksBuildPhase;
			buildActionMask = 2147483647;
			files = (
			);
			runOnlyForDeploymentPostprocessing = 0;
		};
		723ABD9A2AFFF1B900C260F1 /* Frameworks */ = {
			isa = PBXFrameworksBuildPhase;
			buildActionMask = 2147483647;
			files = (
			);
			runOnlyForDeploymentPostprocessing = 0;
		};
/* End PBXFrameworksBuildPhase section */

/* Begin PBXGroup section */
		723ABD7A2AFFF1B800C260F1 = {
			isa = PBXGroup;
			children = (
				723ABD852AFFF1B800C260F1 /* LMessenger */,
				A75720792B2A8590006767DC /* GoogleService-Info.plist */,
				723ABD962AFFF1B900C260F1 /* LMessengerTests */,
				723ABDA02AFFF1B900C260F1 /* LMessengerUITests */,
				723ABD842AFFF1B800C260F1 /* Products */,
			);
			sourceTree = "<group>";
		};
		723ABD842AFFF1B800C260F1 /* Products */ = {
			isa = PBXGroup;
			children = (
				723ABD832AFFF1B800C260F1 /* LMessenger.app */,
				723ABD932AFFF1B900C260F1 /* LMessengerTests.xctest */,
				723ABD9D2AFFF1B900C260F1 /* LMessengerUITests.xctest */,
			);
			name = Products;
			sourceTree = "<group>";
		};
		723ABD852AFFF1B800C260F1 /* LMessenger */ = {
			isa = PBXGroup;
			children = (
				A757207B2B2A85AE006767DC /* Info.plist */,
				723ABD862AFFF1B800C260F1 /* LMessengerApp.swift */,
				A75720772B2A843B006767DC /* AppDelegate.swift */,
				A780C8F02B16E89D007EF1AD /* General */,
				A780C8F62B16E95B007EF1AD /* View */,
				A757208D2B2A8EB2006767DC /* Model */,
				A780C8F32B16E8C9007EF1AD /* Service */,
				72E4BEFA2B00B871007A1060 /* Extension */,
				723ABDB02AFFF1D800C260F1 /* Resource */,
				723ABD8C2AFFF1B900C260F1 /* Preview Content */,
			);
			path = LMessenger;
			sourceTree = "<group>";
		};
		723ABD8C2AFFF1B900C260F1 /* Preview Content */ = {
			isa = PBXGroup;
			children = (
				723ABD8D2AFFF1B900C260F1 /* Preview Assets.xcassets */,
			);
			path = "Preview Content";
			sourceTree = "<group>";
		};
		723ABD962AFFF1B900C260F1 /* LMessengerTests */ = {
			isa = PBXGroup;
			children = (
				723ABD972AFFF1B900C260F1 /* LMessengerTests.swift */,
			);
			path = LMessengerTests;
			sourceTree = "<group>";
		};
		723ABDA02AFFF1B900C260F1 /* LMessengerUITests */ = {
			isa = PBXGroup;
			children = (
				723ABDA12AFFF1B900C260F1 /* LMessengerUITests.swift */,
				723ABDA32AFFF1B900C260F1 /* LMessengerUITestsLaunchTests.swift */,
			);
			path = LMessengerUITests;
			sourceTree = "<group>";
		};
		723ABDB02AFFF1D800C260F1 /* Resource */ = {
			isa = PBXGroup;
			children = (
				723ABD8A2AFFF1B900C260F1 /* Assets.xcassets */,
				723ABDB12AFFF1F000C260F1 /* Colors.xcassets */,
				A780C8EE2B16E76E007EF1AD /* LaunchScreen.storyboard */,
			);
			path = Resource;
			sourceTree = "<group>";
		};
		72E4BEFA2B00B871007A1060 /* Extension */ = {
			isa = PBXGroup;
			children = (
				72E4BEFB2B00B871007A1060 /* Color+Extension.swift */,
			);
			path = Extension;
			sourceTree = "<group>";
		};
		A757207E2B2A87A2006767DC /* Login */ = {
			isa = PBXGroup;
			children = (
				A75720802B2A87BA006767DC /* LoginIntroView.swift */,
				A75720842B2A89A2006767DC /* LoginView.swift */,
				A75720862B2A8A45006767DC /* LoginButtonStyle.swift */,
			);
			path = Login;
			sourceTree = "<group>";
		};
		A757207F2B2A87A8006767DC /* MainTab */ = {
			isa = PBXGroup;
			children = (
				A75720822B2A87C6006767DC /* MainTabView.swift */,
				A75720922B2A9D5E006767DC /* MainTabType.swift */,
			);
			path = MainTab;
			sourceTree = "<group>";
		};
		A757208D2B2A8EB2006767DC /* Model */ = {
			isa = PBXGroup;
			children = (
				A757208E2B2A8EBF006767DC /* User.swift */,
			);
			path = Model;
			sourceTree = "<group>";
		};
		A75720942B2A9E23006767DC /* Home */ = {
			isa = PBXGroup;
			children = (
				A75720982B2A9E71006767DC /* HomeView.swift */,
			);
			path = Home;
			sourceTree = "<group>";
		};
		A75720952B2A9E29006767DC /* Chat */ = {
			isa = PBXGroup;
			children = (
				A75720962B2A9E67006767DC /* ChatListView.swift */,
			);
			path = Chat;
			sourceTree = "<group>";
		};
		A780C8F02B16E89D007EF1AD /* General */ = {
			isa = PBXGroup;
			children = (
				A780C8F12B16E8A9007EF1AD /* DIContainer.swift */,
			);
			path = General;
			sourceTree = "<group>";
		};
		A780C8F32B16E8C9007EF1AD /* Service */ = {
			isa = PBXGroup;
			children = (
				A780C8F42B16E8DB007EF1AD /* Services.swift */,
				A757207C2B2A85F1006767DC /* AuthenticationService.swift */,
				A75720902B2A8EF5006767DC /* ServiceError.swift */,
			);
			path = Service;
			sourceTree = "<group>";
		};
		A780C8F62B16E95B007EF1AD /* View */ = {
			isa = PBXGroup;
			children = (
				A757207E2B2A87A2006767DC /* Login */,
				A780C8F72B16E965007EF1AD /* Authentication */,
				A757207F2B2A87A8006767DC /* MainTab */,
				A75720942B2A9E23006767DC /* Home */,
				A75720952B2A9E29006767DC /* Chat */,
			);
			path = View;
			sourceTree = "<group>";
		};
		A780C8F72B16E965007EF1AD /* Authentication */ = {
			isa = PBXGroup;
			children = (
				723ABD882AFFF1B800C260F1 /* AuthenticatedView.swift */,
				A780C8F82B16E998007EF1AD /* AuthenticationViewModel.swift */,
			);
			path = Authentication;
			sourceTree = "<group>";
		};
/* End PBXGroup section */

/* Begin PBXNativeTarget section */
		723ABD822AFFF1B800C260F1 /* LMessenger */ = {
			isa = PBXNativeTarget;
			buildConfigurationList = 723ABDA72AFFF1B900C260F1 /* Build configuration list for PBXNativeTarget "LMessenger" */;
			buildPhases = (
				723ABD7F2AFFF1B800C260F1 /* Sources */,
				723ABD802AFFF1B800C260F1 /* Frameworks */,
				723ABD812AFFF1B800C260F1 /* Resources */,
			);
			buildRules = (
			);
			dependencies = (
			);
			name = LMessenger;
			packageProductDependencies = (
				A75720412B2A83F5006767DC /* FirebaseAnalytics */,
				A75720432B2A83F5006767DC /* FirebaseAnalyticsOnDeviceConversion */,
				A75720452B2A83F5006767DC /* FirebaseAnalyticsSwift */,
				A75720472B2A83F5006767DC /* FirebaseAnalyticsWithoutAdIdSupport */,
				A75720492B2A83F5006767DC /* FirebaseAppCheck */,
				A757204B2B2A83F5006767DC /* FirebaseAppDistribution-Beta */,
				A757204D2B2A83F5006767DC /* FirebaseAuth */,
				A757204F2B2A83F5006767DC /* FirebaseAuthCombine-Community */,
				A75720512B2A83F5006767DC /* FirebaseCrashlytics */,
				A75720532B2A83F5006767DC /* FirebaseDatabase */,
				A75720552B2A83F5006767DC /* FirebaseDatabaseSwift */,
				A75720572B2A83F5006767DC /* FirebaseDynamicLinks */,
				A75720592B2A83F5006767DC /* FirebaseFirestore */,
				A757205B2B2A83F5006767DC /* FirebaseFirestoreCombine-Community */,
				A757205D2B2A83F5006767DC /* FirebaseFirestoreSwift */,
				A757205F2B2A83F5006767DC /* FirebaseFunctions */,
				A75720612B2A83F5006767DC /* FirebaseFunctionsCombine-Community */,
				A75720632B2A83F5006767DC /* FirebaseInAppMessaging-Beta */,
				A75720652B2A83F5006767DC /* FirebaseInAppMessagingSwift-Beta */,
				A75720672B2A83F5006767DC /* FirebaseInstallations */,
				A75720692B2A83F5006767DC /* FirebaseMLModelDownloader */,
				A757206B2B2A83F5006767DC /* FirebaseMessaging */,
				A757206D2B2A83F5006767DC /* FirebasePerformance */,
				A757206F2B2A83F5006767DC /* FirebaseRemoteConfig */,
				A75720712B2A83F5006767DC /* FirebaseRemoteConfigSwift */,
				A75720732B2A83F5006767DC /* FirebaseStorage */,
				A75720752B2A83F5006767DC /* FirebaseStorageCombine-Community */,
				A75720892B2A8DB1006767DC /* GoogleSignIn */,
				A757208B2B2A8DB1006767DC /* GoogleSignInSwift */,
				A757209B2B2A9FFD006767DC /* SwiftUIIntrospect */,
			);
			productName = LMessenger;
			productReference = 723ABD832AFFF1B800C260F1 /* LMessenger.app */;
			productType = "com.apple.product-type.application";
		};
		723ABD922AFFF1B900C260F1 /* LMessengerTests */ = {
			isa = PBXNativeTarget;
			buildConfigurationList = 723ABDAA2AFFF1B900C260F1 /* Build configuration list for PBXNativeTarget "LMessengerTests" */;
			buildPhases = (
				723ABD8F2AFFF1B900C260F1 /* Sources */,
				723ABD902AFFF1B900C260F1 /* Frameworks */,
				723ABD912AFFF1B900C260F1 /* Resources */,
			);
			buildRules = (
			);
			dependencies = (
				723ABD952AFFF1B900C260F1 /* PBXTargetDependency */,
			);
			name = LMessengerTests;
			productName = LMessengerTests;
			productReference = 723ABD932AFFF1B900C260F1 /* LMessengerTests.xctest */;
			productType = "com.apple.product-type.bundle.unit-test";
		};
		723ABD9C2AFFF1B900C260F1 /* LMessengerUITests */ = {
			isa = PBXNativeTarget;
			buildConfigurationList = 723ABDAD2AFFF1B900C260F1 /* Build configuration list for PBXNativeTarget "LMessengerUITests" */;
			buildPhases = (
				723ABD992AFFF1B900C260F1 /* Sources */,
				723ABD9A2AFFF1B900C260F1 /* Frameworks */,
				723ABD9B2AFFF1B900C260F1 /* Resources */,
			);
			buildRules = (
			);
			dependencies = (
				723ABD9F2AFFF1B900C260F1 /* PBXTargetDependency */,
			);
			name = LMessengerUITests;
			productName = LMessengerUITests;
			productReference = 723ABD9D2AFFF1B900C260F1 /* LMessengerUITests.xctest */;
			productType = "com.apple.product-type.bundle.ui-testing";
		};
/* End PBXNativeTarget section */

/* Begin PBXProject section */
		723ABD7B2AFFF1B800C260F1 /* Project object */ = {
			isa = PBXProject;
			attributes = {
				BuildIndependentTargetsInParallel = 1;
				LastSwiftUpdateCheck = 1430;
				LastUpgradeCheck = 1430;
				TargetAttributes = {
					723ABD822AFFF1B800C260F1 = {
						CreatedOnToolsVersion = 14.3;
					};
					723ABD922AFFF1B900C260F1 = {
						CreatedOnToolsVersion = 14.3;
						TestTargetID = 723ABD822AFFF1B800C260F1;
					};
					723ABD9C2AFFF1B900C260F1 = {
						CreatedOnToolsVersion = 14.3;
						TestTargetID = 723ABD822AFFF1B800C260F1;
					};
				};
			};
			buildConfigurationList = 723ABD7E2AFFF1B800C260F1 /* Build configuration list for PBXProject "LMessenger" */;
			compatibilityVersion = "Xcode 14.0";
			developmentRegion = en;
			hasScannedForEncodings = 0;
			knownRegions = (
				en,
				Base,
			);
			mainGroup = 723ABD7A2AFFF1B800C260F1;
			packageReferences = (
				A75720402B2A83F5006767DC /* XCRemoteSwiftPackageReference "firebase-ios-sdk" */,
				A75720882B2A8DB1006767DC /* XCRemoteSwiftPackageReference "GoogleSignIn-iOS" */,
				A757209A2B2A9FFD006767DC /* XCRemoteSwiftPackageReference "swiftui-introspect" */,
			);
			productRefGroup = 723ABD842AFFF1B800C260F1 /* Products */;
			projectDirPath = "";
			projectRoot = "";
			targets = (
				723ABD822AFFF1B800C260F1 /* LMessenger */,
				723ABD922AFFF1B900C260F1 /* LMessengerTests */,
				723ABD9C2AFFF1B900C260F1 /* LMessengerUITests */,
			);
		};
/* End PBXProject section */

/* Begin PBXResourcesBuildPhase section */
		723ABD812AFFF1B800C260F1 /* Resources */ = {
			isa = PBXResourcesBuildPhase;
			buildActionMask = 2147483647;
			files = (
				723ABDB22AFFF1F000C260F1 /* Colors.xcassets in Resources */,
				A780C8EF2B16E76E007EF1AD /* LaunchScreen.storyboard in Resources */,
				723ABD8E2AFFF1B900C260F1 /* Preview Assets.xcassets in Resources */,
				A757207A2B2A8590006767DC /* GoogleService-Info.plist in Resources */,
				723ABD8B2AFFF1B900C260F1 /* Assets.xcassets in Resources */,
			);
			runOnlyForDeploymentPostprocessing = 0;
		};
		723ABD912AFFF1B900C260F1 /* Resources */ = {
			isa = PBXResourcesBuildPhase;
			buildActionMask = 2147483647;
			files = (
			);
			runOnlyForDeploymentPostprocessing = 0;
		};
		723ABD9B2AFFF1B900C260F1 /* Resources */ = {
			isa = PBXResourcesBuildPhase;
			buildActionMask = 2147483647;
			files = (
			);
			runOnlyForDeploymentPostprocessing = 0;
		};
/* End PBXResourcesBuildPhase section */

/* Begin PBXSourcesBuildPhase section */
		723ABD7F2AFFF1B800C260F1 /* Sources */ = {
			isa = PBXSourcesBuildPhase;
			buildActionMask = 2147483647;
			files = (
				A757208F2B2A8EBF006767DC /* User.swift in Sources */,
				A75720812B2A87BA006767DC /* LoginIntroView.swift in Sources */,
				A780C8F92B16E998007EF1AD /* AuthenticationViewModel.swift in Sources */,
				A780C8F52B16E8DB007EF1AD /* Services.swift in Sources */,
				A75720972B2A9E67006767DC /* ChatListView.swift in Sources */,
				A75720992B2A9E71006767DC /* HomeView.swift in Sources */,
				A780C8F22B16E8A9007EF1AD /* DIContainer.swift in Sources */,
				723ABD892AFFF1B800C260F1 /* AuthenticatedView.swift in Sources */,
				A75720782B2A843B006767DC /* AppDelegate.swift in Sources */,
				72E4BEFC2B00B871007A1060 /* Color+Extension.swift in Sources */,
				A75720932B2A9D5E006767DC /* MainTabType.swift in Sources */,
				A75720872B2A8A45006767DC /* LoginButtonStyle.swift in Sources */,
				723ABD872AFFF1B800C260F1 /* LMessengerApp.swift in Sources */,
				A75720852B2A89A2006767DC /* LoginView.swift in Sources */,
				A757207D2B2A85F1006767DC /* AuthenticationService.swift in Sources */,
				A75720912B2A8EF5006767DC /* ServiceError.swift in Sources */,
				A75720832B2A87C6006767DC /* MainTabView.swift in Sources */,
			);
			runOnlyForDeploymentPostprocessing = 0;
		};
		723ABD8F2AFFF1B900C260F1 /* Sources */ = {
			isa = PBXSourcesBuildPhase;
			buildActionMask = 2147483647;
			files = (
				723ABD982AFFF1B900C260F1 /* LMessengerTests.swift in Sources */,
			);
			runOnlyForDeploymentPostprocessing = 0;
		};
		723ABD992AFFF1B900C260F1 /* Sources */ = {
			isa = PBXSourcesBuildPhase;
			buildActionMask = 2147483647;
			files = (
				723ABDA22AFFF1B900C260F1 /* LMessengerUITests.swift in Sources */,
				723ABDA42AFFF1B900C260F1 /* LMessengerUITestsLaunchTests.swift in Sources */,
			);
			runOnlyForDeploymentPostprocessing = 0;
		};
/* End PBXSourcesBuildPhase section */

/* Begin PBXTargetDependency section */
		723ABD952AFFF1B900C260F1 /* PBXTargetDependency */ = {
			isa = PBXTargetDependency;
			target = 723ABD822AFFF1B800C260F1 /* LMessenger */;
			targetProxy = 723ABD942AFFF1B900C260F1 /* PBXContainerItemProxy */;
		};
		723ABD9F2AFFF1B900C260F1 /* PBXTargetDependency */ = {
			isa = PBXTargetDependency;
			target = 723ABD822AFFF1B800C260F1 /* LMessenger */;
			targetProxy = 723ABD9E2AFFF1B900C260F1 /* PBXContainerItemProxy */;
		};
/* End PBXTargetDependency section */

/* Begin XCBuildConfiguration section */
		723ABDA52AFFF1B900C260F1 /* Debug */ = {
			isa = XCBuildConfiguration;
			buildSettings = {
				ALWAYS_SEARCH_USER_PATHS = NO;
				CLANG_ANALYZER_NONNULL = YES;
				CLANG_ANALYZER_NUMBER_OBJECT_CONVERSION = YES_AGGRESSIVE;
				CLANG_CXX_LANGUAGE_STANDARD = "gnu++20";
				CLANG_ENABLE_MODULES = YES;
				CLANG_ENABLE_OBJC_ARC = YES;
				CLANG_ENABLE_OBJC_WEAK = YES;
				CLANG_WARN_BLOCK_CAPTURE_AUTORELEASING = YES;
				CLANG_WARN_BOOL_CONVERSION = YES;
				CLANG_WARN_COMMA = YES;
				CLANG_WARN_CONSTANT_CONVERSION = YES;
				CLANG_WARN_DEPRECATED_OBJC_IMPLEMENTATIONS = YES;
				CLANG_WARN_DIRECT_OBJC_ISA_USAGE = YES_ERROR;
				CLANG_WARN_DOCUMENTATION_COMMENTS = YES;
				CLANG_WARN_EMPTY_BODY = YES;
				CLANG_WARN_ENUM_CONVERSION = YES;
				CLANG_WARN_INFINITE_RECURSION = YES;
				CLANG_WARN_INT_CONVERSION = YES;
				CLANG_WARN_NON_LITERAL_NULL_CONVERSION = YES;
				CLANG_WARN_OBJC_IMPLICIT_RETAIN_SELF = YES;
				CLANG_WARN_OBJC_LITERAL_CONVERSION = YES;
				CLANG_WARN_OBJC_ROOT_CLASS = YES_ERROR;
				CLANG_WARN_QUOTED_INCLUDE_IN_FRAMEWORK_HEADER = YES;
				CLANG_WARN_RANGE_LOOP_ANALYSIS = YES;
				CLANG_WARN_STRICT_PROTOTYPES = YES;
				CLANG_WARN_SUSPICIOUS_MOVE = YES;
				CLANG_WARN_UNGUARDED_AVAILABILITY = YES_AGGRESSIVE;
				CLANG_WARN_UNREACHABLE_CODE = YES;
				CLANG_WARN__DUPLICATE_METHOD_MATCH = YES;
				COPY_PHASE_STRIP = NO;
				DEBUG_INFORMATION_FORMAT = dwarf;
				ENABLE_STRICT_OBJC_MSGSEND = YES;
				ENABLE_TESTABILITY = YES;
				GCC_C_LANGUAGE_STANDARD = gnu11;
				GCC_DYNAMIC_NO_PIC = NO;
				GCC_NO_COMMON_BLOCKS = YES;
				GCC_OPTIMIZATION_LEVEL = 0;
				GCC_PREPROCESSOR_DEFINITIONS = (
					"DEBUG=1",
					"$(inherited)",
				);
				GCC_WARN_64_TO_32_BIT_CONVERSION = YES;
				GCC_WARN_ABOUT_RETURN_TYPE = YES_ERROR;
				GCC_WARN_UNDECLARED_SELECTOR = YES;
				GCC_WARN_UNINITIALIZED_AUTOS = YES_AGGRESSIVE;
				GCC_WARN_UNUSED_FUNCTION = YES;
				GCC_WARN_UNUSED_VARIABLE = YES;
				IPHONEOS_DEPLOYMENT_TARGET = 16.4;
				MTL_ENABLE_DEBUG_INFO = INCLUDE_SOURCE;
				MTL_FAST_MATH = YES;
				ONLY_ACTIVE_ARCH = YES;
				SDKROOT = iphoneos;
				SWIFT_ACTIVE_COMPILATION_CONDITIONS = DEBUG;
				SWIFT_OPTIMIZATION_LEVEL = "-Onone";
			};
			name = Debug;
		};
		723ABDA62AFFF1B900C260F1 /* Release */ = {
			isa = XCBuildConfiguration;
			buildSettings = {
				ALWAYS_SEARCH_USER_PATHS = NO;
				CLANG_ANALYZER_NONNULL = YES;
				CLANG_ANALYZER_NUMBER_OBJECT_CONVERSION = YES_AGGRESSIVE;
				CLANG_CXX_LANGUAGE_STANDARD = "gnu++20";
				CLANG_ENABLE_MODULES = YES;
				CLANG_ENABLE_OBJC_ARC = YES;
				CLANG_ENABLE_OBJC_WEAK = YES;
				CLANG_WARN_BLOCK_CAPTURE_AUTORELEASING = YES;
				CLANG_WARN_BOOL_CONVERSION = YES;
				CLANG_WARN_COMMA = YES;
				CLANG_WARN_CONSTANT_CONVERSION = YES;
				CLANG_WARN_DEPRECATED_OBJC_IMPLEMENTATIONS = YES;
				CLANG_WARN_DIRECT_OBJC_ISA_USAGE = YES_ERROR;
				CLANG_WARN_DOCUMENTATION_COMMENTS = YES;
				CLANG_WARN_EMPTY_BODY = YES;
				CLANG_WARN_ENUM_CONVERSION = YES;
				CLANG_WARN_INFINITE_RECURSION = YES;
				CLANG_WARN_INT_CONVERSION = YES;
				CLANG_WARN_NON_LITERAL_NULL_CONVERSION = YES;
				CLANG_WARN_OBJC_IMPLICIT_RETAIN_SELF = YES;
				CLANG_WARN_OBJC_LITERAL_CONVERSION = YES;
				CLANG_WARN_OBJC_ROOT_CLASS = YES_ERROR;
				CLANG_WARN_QUOTED_INCLUDE_IN_FRAMEWORK_HEADER = YES;
				CLANG_WARN_RANGE_LOOP_ANALYSIS = YES;
				CLANG_WARN_STRICT_PROTOTYPES = YES;
				CLANG_WARN_SUSPICIOUS_MOVE = YES;
				CLANG_WARN_UNGUARDED_AVAILABILITY = YES_AGGRESSIVE;
				CLANG_WARN_UNREACHABLE_CODE = YES;
				CLANG_WARN__DUPLICATE_METHOD_MATCH = YES;
				COPY_PHASE_STRIP = NO;
				DEBUG_INFORMATION_FORMAT = "dwarf-with-dsym";
				ENABLE_NS_ASSERTIONS = NO;
				ENABLE_STRICT_OBJC_MSGSEND = YES;
				GCC_C_LANGUAGE_STANDARD = gnu11;
				GCC_NO_COMMON_BLOCKS = YES;
				GCC_WARN_64_TO_32_BIT_CONVERSION = YES;
				GCC_WARN_ABOUT_RETURN_TYPE = YES_ERROR;
				GCC_WARN_UNDECLARED_SELECTOR = YES;
				GCC_WARN_UNINITIALIZED_AUTOS = YES_AGGRESSIVE;
				GCC_WARN_UNUSED_FUNCTION = YES;
				GCC_WARN_UNUSED_VARIABLE = YES;
				IPHONEOS_DEPLOYMENT_TARGET = 16.4;
				MTL_ENABLE_DEBUG_INFO = NO;
				MTL_FAST_MATH = YES;
				SDKROOT = iphoneos;
				SWIFT_COMPILATION_MODE = wholemodule;
				SWIFT_OPTIMIZATION_LEVEL = "-O";
				VALIDATE_PRODUCT = YES;
			};
			name = Release;
		};
		723ABDA82AFFF1B900C260F1 /* Debug */ = {
			isa = XCBuildConfiguration;
			buildSettings = {
				ASSETCATALOG_COMPILER_APPICON_NAME = AppIcon;
				ASSETCATALOG_COMPILER_GLOBAL_ACCENT_COLOR_NAME = AccentColor;
				CODE_SIGN_STYLE = Automatic;
				CURRENT_PROJECT_VERSION = 1;
				DEVELOPMENT_ASSET_PATHS = "\"LMessenger/Preview Content\"";
				DEVELOPMENT_TEAM = YC94UC2KCQ;
				ENABLE_PREVIEWS = YES;
				GENERATE_INFOPLIST_FILE = YES;
				INFOPLIST_FILE = LMessenger/Info.plist;
				INFOPLIST_KEY_UIApplicationSceneManifest_Generation = YES;
				INFOPLIST_KEY_UIApplicationSupportsIndirectInputEvents = YES;
				INFOPLIST_KEY_UILaunchStoryboardName = LaunchScreen;
				INFOPLIST_KEY_UISupportedInterfaceOrientations_iPad = "UIInterfaceOrientationPortrait UIInterfaceOrientationPortraitUpsideDown UIInterfaceOrientationLandscapeLeft UIInterfaceOrientationLandscapeRight";
				INFOPLIST_KEY_UISupportedInterfaceOrientations_iPhone = "UIInterfaceOrientationPortrait UIInterfaceOrientationLandscapeLeft UIInterfaceOrientationLandscapeRight";
				LD_RUNPATH_SEARCH_PATHS = (
					"$(inherited)",
					"@executable_path/Frameworks",
				);
				MARKETING_VERSION = 1.0;
				PRODUCT_BUNDLE_IDENTIFIER = com.fastcampus.LMessenger.oliver;
				PRODUCT_NAME = "$(TARGET_NAME)";
				SWIFT_EMIT_LOC_STRINGS = YES;
				SWIFT_VERSION = 5.0;
				TARGETED_DEVICE_FAMILY = "1,2";
			};
			name = Debug;
		};
		723ABDA92AFFF1B900C260F1 /* Release */ = {
			isa = XCBuildConfiguration;
			buildSettings = {
				ASSETCATALOG_COMPILER_APPICON_NAME = AppIcon;
				ASSETCATALOG_COMPILER_GLOBAL_ACCENT_COLOR_NAME = AccentColor;
				CODE_SIGN_STYLE = Automatic;
				CURRENT_PROJECT_VERSION = 1;
				DEVELOPMENT_ASSET_PATHS = "\"LMessenger/Preview Content\"";
				DEVELOPMENT_TEAM = YC94UC2KCQ;
				ENABLE_PREVIEWS = YES;
				GENERATE_INFOPLIST_FILE = YES;
				INFOPLIST_FILE = LMessenger/Info.plist;
				INFOPLIST_KEY_UIApplicationSceneManifest_Generation = YES;
				INFOPLIST_KEY_UIApplicationSupportsIndirectInputEvents = YES;
				INFOPLIST_KEY_UILaunchStoryboardName = LaunchScreen;
				INFOPLIST_KEY_UISupportedInterfaceOrientations_iPad = "UIInterfaceOrientationPortrait UIInterfaceOrientationPortraitUpsideDown UIInterfaceOrientationLandscapeLeft UIInterfaceOrientationLandscapeRight";
				INFOPLIST_KEY_UISupportedInterfaceOrientations_iPhone = "UIInterfaceOrientationPortrait UIInterfaceOrientationLandscapeLeft UIInterfaceOrientationLandscapeRight";
				LD_RUNPATH_SEARCH_PATHS = (
					"$(inherited)",
					"@executable_path/Frameworks",
				);
				MARKETING_VERSION = 1.0;
				PRODUCT_BUNDLE_IDENTIFIER = com.fastcampus.LMessenger.oliver;
				PRODUCT_NAME = "$(TARGET_NAME)";
				SWIFT_EMIT_LOC_STRINGS = YES;
				SWIFT_VERSION = 5.0;
				TARGETED_DEVICE_FAMILY = "1,2";
			};
			name = Release;
		};
		723ABDAB2AFFF1B900C260F1 /* Debug */ = {
			isa = XCBuildConfiguration;
			buildSettings = {
				ALWAYS_EMBED_SWIFT_STANDARD_LIBRARIES = YES;
				BUNDLE_LOADER = "$(TEST_HOST)";
				CODE_SIGN_STYLE = Automatic;
				CURRENT_PROJECT_VERSION = 1;
				DEVELOPMENT_TEAM = 3TJC44V5L9;
				GENERATE_INFOPLIST_FILE = YES;
				IPHONEOS_DEPLOYMENT_TARGET = 16.4;
				MARKETING_VERSION = 1.0;
				PRODUCT_BUNDLE_IDENTIFIER = com.fastcampus.LMessengerTests;
				PRODUCT_NAME = "$(TARGET_NAME)";
				SWIFT_EMIT_LOC_STRINGS = NO;
				SWIFT_VERSION = 5.0;
				TARGETED_DEVICE_FAMILY = "1,2";
				TEST_HOST = "$(BUILT_PRODUCTS_DIR)/LMessenger.app/$(BUNDLE_EXECUTABLE_FOLDER_PATH)/LMessenger";
			};
			name = Debug;
		};
		723ABDAC2AFFF1B900C260F1 /* Release */ = {
			isa = XCBuildConfiguration;
			buildSettings = {
				ALWAYS_EMBED_SWIFT_STANDARD_LIBRARIES = YES;
				BUNDLE_LOADER = "$(TEST_HOST)";
				CODE_SIGN_STYLE = Automatic;
				CURRENT_PROJECT_VERSION = 1;
				DEVELOPMENT_TEAM = 3TJC44V5L9;
				GENERATE_INFOPLIST_FILE = YES;
				IPHONEOS_DEPLOYMENT_TARGET = 16.4;
				MARKETING_VERSION = 1.0;
				PRODUCT_BUNDLE_IDENTIFIER = com.fastcampus.LMessengerTests;
				PRODUCT_NAME = "$(TARGET_NAME)";
				SWIFT_EMIT_LOC_STRINGS = NO;
				SWIFT_VERSION = 5.0;
				TARGETED_DEVICE_FAMILY = "1,2";
				TEST_HOST = "$(BUILT_PRODUCTS_DIR)/LMessenger.app/$(BUNDLE_EXECUTABLE_FOLDER_PATH)/LMessenger";
			};
			name = Release;
		};
		723ABDAE2AFFF1B900C260F1 /* Debug */ = {
			isa = XCBuildConfiguration;
			buildSettings = {
				ALWAYS_EMBED_SWIFT_STANDARD_LIBRARIES = YES;
				CODE_SIGN_STYLE = Automatic;
				CURRENT_PROJECT_VERSION = 1;
				DEVELOPMENT_TEAM = 3TJC44V5L9;
				GENERATE_INFOPLIST_FILE = YES;
				MARKETING_VERSION = 1.0;
				PRODUCT_BUNDLE_IDENTIFIER = com.fastcampus.LMessengerUITests;
				PRODUCT_NAME = "$(TARGET_NAME)";
				SWIFT_EMIT_LOC_STRINGS = NO;
				SWIFT_VERSION = 5.0;
				TARGETED_DEVICE_FAMILY = "1,2";
				TEST_TARGET_NAME = LMessenger;
			};
			name = Debug;
		};
		723ABDAF2AFFF1B900C260F1 /* Release */ = {
			isa = XCBuildConfiguration;
			buildSettings = {
				ALWAYS_EMBED_SWIFT_STANDARD_LIBRARIES = YES;
				CODE_SIGN_STYLE = Automatic;
				CURRENT_PROJECT_VERSION = 1;
				DEVELOPMENT_TEAM = 3TJC44V5L9;
				GENERATE_INFOPLIST_FILE = YES;
				MARKETING_VERSION = 1.0;
				PRODUCT_BUNDLE_IDENTIFIER = com.fastcampus.LMessengerUITests;
				PRODUCT_NAME = "$(TARGET_NAME)";
				SWIFT_EMIT_LOC_STRINGS = NO;
				SWIFT_VERSION = 5.0;
				TARGETED_DEVICE_FAMILY = "1,2";
				TEST_TARGET_NAME = LMessenger;
			};
			name = Release;
		};
/* End XCBuildConfiguration section */

/* Begin XCConfigurationList section */
		723ABD7E2AFFF1B800C260F1 /* Build configuration list for PBXProject "LMessenger" */ = {
			isa = XCConfigurationList;
			buildConfigurations = (
				723ABDA52AFFF1B900C260F1 /* Debug */,
				723ABDA62AFFF1B900C260F1 /* Release */,
			);
			defaultConfigurationIsVisible = 0;
			defaultConfigurationName = Release;
		};
		723ABDA72AFFF1B900C260F1 /* Build configuration list for PBXNativeTarget "LMessenger" */ = {
			isa = XCConfigurationList;
			buildConfigurations = (
				723ABDA82AFFF1B900C260F1 /* Debug */,
				723ABDA92AFFF1B900C260F1 /* Release */,
			);
			defaultConfigurationIsVisible = 0;
			defaultConfigurationName = Release;
		};
		723ABDAA2AFFF1B900C260F1 /* Build configuration list for PBXNativeTarget "LMessengerTests" */ = {
			isa = XCConfigurationList;
			buildConfigurations = (
				723ABDAB2AFFF1B900C260F1 /* Debug */,
				723ABDAC2AFFF1B900C260F1 /* Release */,
			);
			defaultConfigurationIsVisible = 0;
			defaultConfigurationName = Release;
		};
		723ABDAD2AFFF1B900C260F1 /* Build configuration list for PBXNativeTarget "LMessengerUITests" */ = {
			isa = XCConfigurationList;
			buildConfigurations = (
				723ABDAE2AFFF1B900C260F1 /* Debug */,
				723ABDAF2AFFF1B900C260F1 /* Release */,
			);
			defaultConfigurationIsVisible = 0;
			defaultConfigurationName = Release;
		};
/* End XCConfigurationList section */

/* Begin XCRemoteSwiftPackageReference section */
		A75720402B2A83F5006767DC /* XCRemoteSwiftPackageReference "firebase-ios-sdk" */ = {
			isa = XCRemoteSwiftPackageReference;
			repositoryURL = "https://github.com/firebase/firebase-ios-sdk.git";
			requirement = {
				kind = upToNextMajorVersion;
				minimumVersion = 10.19.1;
			};
		};
		A75720882B2A8DB1006767DC /* XCRemoteSwiftPackageReference "GoogleSignIn-iOS" */ = {
			isa = XCRemoteSwiftPackageReference;
			repositoryURL = "https://github.com/google/GoogleSignIn-iOS";
			requirement = {
				kind = upToNextMajorVersion;
				minimumVersion = 7.0.0;
			};
		};
		A757209A2B2A9FFD006767DC /* XCRemoteSwiftPackageReference "swiftui-introspect" */ = {
			isa = XCRemoteSwiftPackageReference;
			repositoryURL = "https://github.com/siteline/swiftui-introspect";
			requirement = {
				kind = upToNextMajorVersion;
				minimumVersion = 1.1.1;
			};
		};
/* End XCRemoteSwiftPackageReference section */

/* Begin XCSwiftPackageProductDependency section */
		A75720412B2A83F5006767DC /* FirebaseAnalytics */ = {
			isa = XCSwiftPackageProductDependency;
			package = A75720402B2A83F5006767DC /* XCRemoteSwiftPackageReference "firebase-ios-sdk" */;
			productName = FirebaseAnalytics;
		};
		A75720432B2A83F5006767DC /* FirebaseAnalyticsOnDeviceConversion */ = {
			isa = XCSwiftPackageProductDependency;
			package = A75720402B2A83F5006767DC /* XCRemoteSwiftPackageReference "firebase-ios-sdk" */;
			productName = FirebaseAnalyticsOnDeviceConversion;
		};
		A75720452B2A83F5006767DC /* FirebaseAnalyticsSwift */ = {
			isa = XCSwiftPackageProductDependency;
			package = A75720402B2A83F5006767DC /* XCRemoteSwiftPackageReference "firebase-ios-sdk" */;
			productName = FirebaseAnalyticsSwift;
		};
		A75720472B2A83F5006767DC /* FirebaseAnalyticsWithoutAdIdSupport */ = {
			isa = XCSwiftPackageProductDependency;
			package = A75720402B2A83F5006767DC /* XCRemoteSwiftPackageReference "firebase-ios-sdk" */;
			productName = FirebaseAnalyticsWithoutAdIdSupport;
		};
		A75720492B2A83F5006767DC /* FirebaseAppCheck */ = {
			isa = XCSwiftPackageProductDependency;
			package = A75720402B2A83F5006767DC /* XCRemoteSwiftPackageReference "firebase-ios-sdk" */;
			productName = FirebaseAppCheck;
		};
		A757204B2B2A83F5006767DC /* FirebaseAppDistribution-Beta */ = {
			isa = XCSwiftPackageProductDependency;
			package = A75720402B2A83F5006767DC /* XCRemoteSwiftPackageReference "firebase-ios-sdk" */;
			productName = "FirebaseAppDistribution-Beta";
		};
		A757204D2B2A83F5006767DC /* FirebaseAuth */ = {
			isa = XCSwiftPackageProductDependency;
			package = A75720402B2A83F5006767DC /* XCRemoteSwiftPackageReference "firebase-ios-sdk" */;
			productName = FirebaseAuth;
		};
		A757204F2B2A83F5006767DC /* FirebaseAuthCombine-Community */ = {
			isa = XCSwiftPackageProductDependency;
			package = A75720402B2A83F5006767DC /* XCRemoteSwiftPackageReference "firebase-ios-sdk" */;
			productName = "FirebaseAuthCombine-Community";
		};
		A75720512B2A83F5006767DC /* FirebaseCrashlytics */ = {
			isa = XCSwiftPackageProductDependency;
			package = A75720402B2A83F5006767DC /* XCRemoteSwiftPackageReference "firebase-ios-sdk" */;
			productName = FirebaseCrashlytics;
		};
		A75720532B2A83F5006767DC /* FirebaseDatabase */ = {
			isa = XCSwiftPackageProductDependency;
			package = A75720402B2A83F5006767DC /* XCRemoteSwiftPackageReference "firebase-ios-sdk" */;
			productName = FirebaseDatabase;
		};
		A75720552B2A83F5006767DC /* FirebaseDatabaseSwift */ = {
			isa = XCSwiftPackageProductDependency;
			package = A75720402B2A83F5006767DC /* XCRemoteSwiftPackageReference "firebase-ios-sdk" */;
			productName = FirebaseDatabaseSwift;
		};
		A75720572B2A83F5006767DC /* FirebaseDynamicLinks */ = {
			isa = XCSwiftPackageProductDependency;
			package = A75720402B2A83F5006767DC /* XCRemoteSwiftPackageReference "firebase-ios-sdk" */;
			productName = FirebaseDynamicLinks;
		};
		A75720592B2A83F5006767DC /* FirebaseFirestore */ = {
			isa = XCSwiftPackageProductDependency;
			package = A75720402B2A83F5006767DC /* XCRemoteSwiftPackageReference "firebase-ios-sdk" */;
			productName = FirebaseFirestore;
		};
		A757205B2B2A83F5006767DC /* FirebaseFirestoreCombine-Community */ = {
			isa = XCSwiftPackageProductDependency;
			package = A75720402B2A83F5006767DC /* XCRemoteSwiftPackageReference "firebase-ios-sdk" */;
			productName = "FirebaseFirestoreCombine-Community";
		};
		A757205D2B2A83F5006767DC /* FirebaseFirestoreSwift */ = {
			isa = XCSwiftPackageProductDependency;
			package = A75720402B2A83F5006767DC /* XCRemoteSwiftPackageReference "firebase-ios-sdk" */;
			productName = FirebaseFirestoreSwift;
		};
		A757205F2B2A83F5006767DC /* FirebaseFunctions */ = {
			isa = XCSwiftPackageProductDependency;
			package = A75720402B2A83F5006767DC /* XCRemoteSwiftPackageReference "firebase-ios-sdk" */;
			productName = FirebaseFunctions;
		};
		A75720612B2A83F5006767DC /* FirebaseFunctionsCombine-Community */ = {
			isa = XCSwiftPackageProductDependency;
			package = A75720402B2A83F5006767DC /* XCRemoteSwiftPackageReference "firebase-ios-sdk" */;
			productName = "FirebaseFunctionsCombine-Community";
		};
		A75720632B2A83F5006767DC /* FirebaseInAppMessaging-Beta */ = {
			isa = XCSwiftPackageProductDependency;
			package = A75720402B2A83F5006767DC /* XCRemoteSwiftPackageReference "firebase-ios-sdk" */;
			productName = "FirebaseInAppMessaging-Beta";
		};
		A75720652B2A83F5006767DC /* FirebaseInAppMessagingSwift-Beta */ = {
			isa = XCSwiftPackageProductDependency;
			package = A75720402B2A83F5006767DC /* XCRemoteSwiftPackageReference "firebase-ios-sdk" */;
			productName = "FirebaseInAppMessagingSwift-Beta";
		};
		A75720672B2A83F5006767DC /* FirebaseInstallations */ = {
			isa = XCSwiftPackageProductDependency;
			package = A75720402B2A83F5006767DC /* XCRemoteSwiftPackageReference "firebase-ios-sdk" */;
			productName = FirebaseInstallations;
		};
		A75720692B2A83F5006767DC /* FirebaseMLModelDownloader */ = {
			isa = XCSwiftPackageProductDependency;
			package = A75720402B2A83F5006767DC /* XCRemoteSwiftPackageReference "firebase-ios-sdk" */;
			productName = FirebaseMLModelDownloader;
		};
		A757206B2B2A83F5006767DC /* FirebaseMessaging */ = {
			isa = XCSwiftPackageProductDependency;
			package = A75720402B2A83F5006767DC /* XCRemoteSwiftPackageReference "firebase-ios-sdk" */;
			productName = FirebaseMessaging;
		};
		A757206D2B2A83F5006767DC /* FirebasePerformance */ = {
			isa = XCSwiftPackageProductDependency;
			package = A75720402B2A83F5006767DC /* XCRemoteSwiftPackageReference "firebase-ios-sdk" */;
			productName = FirebasePerformance;
		};
		A757206F2B2A83F5006767DC /* FirebaseRemoteConfig */ = {
			isa = XCSwiftPackageProductDependency;
			package = A75720402B2A83F5006767DC /* XCRemoteSwiftPackageReference "firebase-ios-sdk" */;
			productName = FirebaseRemoteConfig;
		};
		A75720712B2A83F5006767DC /* FirebaseRemoteConfigSwift */ = {
			isa = XCSwiftPackageProductDependency;
			package = A75720402B2A83F5006767DC /* XCRemoteSwiftPackageReference "firebase-ios-sdk" */;
			productName = FirebaseRemoteConfigSwift;
		};
		A75720732B2A83F5006767DC /* FirebaseStorage */ = {
			isa = XCSwiftPackageProductDependency;
			package = A75720402B2A83F5006767DC /* XCRemoteSwiftPackageReference "firebase-ios-sdk" */;
			productName = FirebaseStorage;
		};
		A75720752B2A83F5006767DC /* FirebaseStorageCombine-Community */ = {
			isa = XCSwiftPackageProductDependency;
			package = A75720402B2A83F5006767DC /* XCRemoteSwiftPackageReference "firebase-ios-sdk" */;
			productName = "FirebaseStorageCombine-Community";
		};
		A75720892B2A8DB1006767DC /* GoogleSignIn */ = {
			isa = XCSwiftPackageProductDependency;
			package = A75720882B2A8DB1006767DC /* XCRemoteSwiftPackageReference "GoogleSignIn-iOS" */;
			productName = GoogleSignIn;
		};
		A757208B2B2A8DB1006767DC /* GoogleSignInSwift */ = {
			isa = XCSwiftPackageProductDependency;
			package = A75720882B2A8DB1006767DC /* XCRemoteSwiftPackageReference "GoogleSignIn-iOS" */;
			productName = GoogleSignInSwift;
		};
		A757209B2B2A9FFD006767DC /* SwiftUIIntrospect */ = {
			isa = XCSwiftPackageProductDependency;
			package = A757209A2B2A9FFD006767DC /* XCRemoteSwiftPackageReference "swiftui-introspect" */;
			productName = SwiftUIIntrospect;
		};
/* End XCSwiftPackageProductDependency section */
	};
	rootObject = 723ABD7B2AFFF1B800C260F1 /* Project object */;
}
