// !$*UTF8*$!
{
	archiveVersion = 1;
	classes = {
	};
	objectVersion = 56;
	objects = {

/* Begin PBXBuildFile section */
		723ABD872AFFF1B800C260F1 /* LMessengerApp.swift in Sources */ = {isa = PBXBuildFile; fileRef = 723ABD862AFFF1B800C260F1 /* LMessengerApp.swift */; };
		723ABD892AFFF1B800C260F1 /* AuthenticatedView.swift in Sources */ = {isa = PBXBuildFile; fileRef = 723ABD882AFFF1B800C260F1 /* AuthenticatedView.swift */; };
		723ABD8B2AFFF1B900C260F1 /* Assets.xcassets in Resources */ = {isa = PBXBuildFile; fileRef = 723ABD8A2AFFF1B900C260F1 /* Assets.xcassets */; };
		723ABD8E2AFFF1B900C260F1 /* Preview Assets.xcassets in Resources */ = {isa = PBXBuildFile; fileRef = 723ABD8D2AFFF1B900C260F1 /* Preview Assets.xcassets */; };
		723ABDB22AFFF1F000C260F1 /* Colors.xcassets in Resources */ = {isa = PBXBuildFile; fileRef = 723ABDB12AFFF1F000C260F1 /* Colors.xcassets */; };
		72E4BEFC2B00B871007A1060 /* Color+Extension.swift in Sources */ = {isa = PBXBuildFile; fileRef = 72E4BEFB2B00B871007A1060 /* Color+Extension.swift */; };
		A73898812B3AAB200003966E /* ObservableObjectSettable.swift in Sources */ = {isa = PBXBuildFile; fileRef = A73898802B3AAB200003966E /* ObservableObjectSettable.swift */; };
		A73898832B3AAEE50003966E /* DBReference.swift in Sources */ = {isa = PBXBuildFile; fileRef = A73898822B3AAEE50003966E /* DBReference.swift */; };
		A73898852B3AB75B0003966E /* UserDBRepositoryTests.swift in Sources */ = {isa = PBXBuildFile; fileRef = A73898842B3AB75B0003966E /* UserDBRepositoryTests.swift */; };
		A73898892B3ABDB60003966E /* ChatRoomServiceTests.swift in Sources */ = {isa = PBXBuildFile; fileRef = A73898882B3ABDB60003966E /* ChatRoomServiceTests.swift */; };
		A738988C2B3AC3FE0003966E /* ChatViewModelTests.swift in Sources */ = {isa = PBXBuildFile; fileRef = A738988B2B3AC3FE0003966E /* ChatViewModelTests.swift */; };
		A753AC2C2B311EE60070C6E6 /* Phase.swift in Sources */ = {isa = PBXBuildFile; fileRef = A753AC2B2B311EE60070C6E6 /* Phase.swift */; };
		A753AC2F2B311FCF0070C6E6 /* PlaceholderView.swift in Sources */ = {isa = PBXBuildFile; fileRef = A753AC2E2B311FCF0070C6E6 /* PlaceholderView.swift */; };
		A753AC312B3120050070C6E6 /* LoadingView.swift in Sources */ = {isa = PBXBuildFile; fileRef = A753AC302B3120050070C6E6 /* LoadingView.swift */; };
		A753AC332B3120530070C6E6 /* ErrorView.swift in Sources */ = {isa = PBXBuildFile; fileRef = A753AC322B3120530070C6E6 /* ErrorView.swift */; };
		A753AC352B31225C0070C6E6 /* HomeModalDestination.swift in Sources */ = {isa = PBXBuildFile; fileRef = A753AC342B31225C0070C6E6 /* HomeModalDestination.swift */; };
		A753AC382B3124680070C6E6 /* MyProfileView.swift in Sources */ = {isa = PBXBuildFile; fileRef = A753AC372B3124680070C6E6 /* MyProfileView.swift */; };
		A753AC3A2B31246E0070C6E6 /* OtherProfileView.swift in Sources */ = {isa = PBXBuildFile; fileRef = A753AC392B31246E0070C6E6 /* OtherProfileView.swift */; };
		A753AC3C2B3132AF0070C6E6 /* ContactService.swift in Sources */ = {isa = PBXBuildFile; fileRef = A753AC3B2B3132AF0070C6E6 /* ContactService.swift */; };
		A753AC3E2B315AD50070C6E6 /* MyProfileViewModel.swift in Sources */ = {isa = PBXBuildFile; fileRef = A753AC3D2B315AD50070C6E6 /* MyProfileViewModel.swift */; };
		A753AC402B315CB10070C6E6 /* MyProfileMenuType.swift in Sources */ = {isa = PBXBuildFile; fileRef = A753AC3F2B315CB10070C6E6 /* MyProfileMenuType.swift */; };
		A753AC422B3161FE0070C6E6 /* MyProfileDescEditView.swift in Sources */ = {isa = PBXBuildFile; fileRef = A753AC412B3161FE0070C6E6 /* MyProfileDescEditView.swift */; };
		A753AC442B316B7B0070C6E6 /* PhotoPickerService.swift in Sources */ = {isa = PBXBuildFile; fileRef = A753AC432B316B7B0070C6E6 /* PhotoPickerService.swift */; };
		A753AC472B316C690070C6E6 /* PhotoImage.swift in Sources */ = {isa = PBXBuildFile; fileRef = A753AC462B316C690070C6E6 /* PhotoImage.swift */; };
		A753AC4B2B31772B0070C6E6 /* UploadProvider.swift in Sources */ = {isa = PBXBuildFile; fileRef = A753AC4A2B31772B0070C6E6 /* UploadProvider.swift */; };
		A753AC4D2B3177FE0070C6E6 /* UploadService.swift in Sources */ = {isa = PBXBuildFile; fileRef = A753AC4C2B3177FE0070C6E6 /* UploadService.swift */; };
		A753AC502B3178570070C6E6 /* UploadSourceType.swift in Sources */ = {isa = PBXBuildFile; fileRef = A753AC4F2B3178570070C6E6 /* UploadSourceType.swift */; };
		A753AC522B317D740070C6E6 /* ImageCacheService.swift in Sources */ = {isa = PBXBuildFile; fileRef = A753AC512B317D730070C6E6 /* ImageCacheService.swift */; };
		A753AC552B317DDD0070C6E6 /* MemoryStorage.swift in Sources */ = {isa = PBXBuildFile; fileRef = A753AC542B317DDD0070C6E6 /* MemoryStorage.swift */; };
		A753AC572B317E980070C6E6 /* DiskStorage.swift in Sources */ = {isa = PBXBuildFile; fileRef = A753AC562B317E980070C6E6 /* DiskStorage.swift */; };
		A753AC5A2B31804A0070C6E6 /* SHA256.swift in Sources */ = {isa = PBXBuildFile; fileRef = A753AC592B31804A0070C6E6 /* SHA256.swift */; };
		A753AC5C2B3185000070C6E6 /* URLImageView.swift in Sources */ = {isa = PBXBuildFile; fileRef = A753AC5B2B3185000070C6E6 /* URLImageView.swift */; };
		A753AC5F2B3185140070C6E6 /* URLImageViewModel.swift in Sources */ = {isa = PBXBuildFile; fileRef = A753AC5E2B3185140070C6E6 /* URLImageViewModel.swift */; };
		A75510402B30299700EB1DEE /* HomeViewModel.swift in Sources */ = {isa = PBXBuildFile; fileRef = A755103F2B30299700EB1DEE /* HomeViewModel.swift */; };
		A75510432B30306B00EB1DEE /* UserDBRepository.swift in Sources */ = {isa = PBXBuildFile; fileRef = A75510422B30306B00EB1DEE /* UserDBRepository.swift */; };
		A75510452B30308C00EB1DEE /* UserService.swift in Sources */ = {isa = PBXBuildFile; fileRef = A75510442B30308C00EB1DEE /* UserService.swift */; };
		A75510482B30313F00EB1DEE /* UserObject.swift in Sources */ = {isa = PBXBuildFile; fileRef = A75510472B30313F00EB1DEE /* UserObject.swift */; };
		A755104A2B30318B00EB1DEE /* DBError.swift in Sources */ = {isa = PBXBuildFile; fileRef = A75510492B30318B00EB1DEE /* DBError.swift */; };
		A755104C2B30334400EB1DEE /* Constant.swift in Sources */ = {isa = PBXBuildFile; fileRef = A755104B2B30334400EB1DEE /* Constant.swift */; };
		A75606DB2B318950001CA604 /* OtherProfileViewModel.swift in Sources */ = {isa = PBXBuildFile; fileRef = A75606DA2B318950001CA604 /* OtherProfileViewModel.swift */; };
		A75606DD2B318AF2001CA604 /* OtherProfileMenuType.swift in Sources */ = {isa = PBXBuildFile; fileRef = A75606DC2B318AF2001CA604 /* OtherProfileMenuType.swift */; };
		A75606DF2B318C41001CA604 /* ChatRoomDBRepository.swift in Sources */ = {isa = PBXBuildFile; fileRef = A75606DE2B318C41001CA604 /* ChatRoomDBRepository.swift */; };
		A75606E12B318C7A001CA604 /* ChatRoomObject.swift in Sources */ = {isa = PBXBuildFile; fileRef = A75606E02B318C7A001CA604 /* ChatRoomObject.swift */; };
		A757204E2B2A83F5006767DC /* FirebaseAuth in Frameworks */ = {isa = PBXBuildFile; productRef = A757204D2B2A83F5006767DC /* FirebaseAuth */; };
		A75720502B2A83F5006767DC /* FirebaseAuthCombine-Community in Frameworks */ = {isa = PBXBuildFile; productRef = A757204F2B2A83F5006767DC /* FirebaseAuthCombine-Community */; };
		A75720542B2A83F5006767DC /* FirebaseDatabase in Frameworks */ = {isa = PBXBuildFile; productRef = A75720532B2A83F5006767DC /* FirebaseDatabase */; };
		A75720562B2A83F5006767DC /* FirebaseDatabaseSwift in Frameworks */ = {isa = PBXBuildFile; productRef = A75720552B2A83F5006767DC /* FirebaseDatabaseSwift */; };
		A75720742B2A83F5006767DC /* FirebaseStorage in Frameworks */ = {isa = PBXBuildFile; productRef = A75720732B2A83F5006767DC /* FirebaseStorage */; };
		A75720762B2A83F5006767DC /* FirebaseStorageCombine-Community in Frameworks */ = {isa = PBXBuildFile; productRef = A75720752B2A83F5006767DC /* FirebaseStorageCombine-Community */; };
		A75720782B2A843B006767DC /* AppDelegate.swift in Sources */ = {isa = PBXBuildFile; fileRef = A75720772B2A843B006767DC /* AppDelegate.swift */; };
		A757207A2B2A8590006767DC /* GoogleService-Info.plist in Resources */ = {isa = PBXBuildFile; fileRef = A75720792B2A8590006767DC /* GoogleService-Info.plist */; };
		A757207D2B2A85F1006767DC /* AuthenticationService.swift in Sources */ = {isa = PBXBuildFile; fileRef = A757207C2B2A85F1006767DC /* AuthenticationService.swift */; };
		A75720812B2A87BA006767DC /* LoginIntroView.swift in Sources */ = {isa = PBXBuildFile; fileRef = A75720802B2A87BA006767DC /* LoginIntroView.swift */; };
		A75720832B2A87C6006767DC /* MainTabView.swift in Sources */ = {isa = PBXBuildFile; fileRef = A75720822B2A87C6006767DC /* MainTabView.swift */; };
		A75720852B2A89A2006767DC /* LoginView.swift in Sources */ = {isa = PBXBuildFile; fileRef = A75720842B2A89A2006767DC /* LoginView.swift */; };
		A75720872B2A8A45006767DC /* LoginButtonStyle.swift in Sources */ = {isa = PBXBuildFile; fileRef = A75720862B2A8A45006767DC /* LoginButtonStyle.swift */; };
		A757208A2B2A8DB1006767DC /* GoogleSignIn in Frameworks */ = {isa = PBXBuildFile; productRef = A75720892B2A8DB1006767DC /* GoogleSignIn */; };
		A757208C2B2A8DB1006767DC /* GoogleSignInSwift in Frameworks */ = {isa = PBXBuildFile; productRef = A757208B2B2A8DB1006767DC /* GoogleSignInSwift */; };
		A757208F2B2A8EBF006767DC /* User.swift in Sources */ = {isa = PBXBuildFile; fileRef = A757208E2B2A8EBF006767DC /* User.swift */; };
		A75720912B2A8EF5006767DC /* ServiceError.swift in Sources */ = {isa = PBXBuildFile; fileRef = A75720902B2A8EF5006767DC /* ServiceError.swift */; };
		A75720932B2A9D5E006767DC /* MainTabType.swift in Sources */ = {isa = PBXBuildFile; fileRef = A75720922B2A9D5E006767DC /* MainTabType.swift */; };
		A75720972B2A9E67006767DC /* ChatListView.swift in Sources */ = {isa = PBXBuildFile; fileRef = A75720962B2A9E67006767DC /* ChatListView.swift */; };
		A75720992B2A9E71006767DC /* HomeView.swift in Sources */ = {isa = PBXBuildFile; fileRef = A75720982B2A9E71006767DC /* HomeView.swift */; };
		A757209C2B2A9FFD006767DC /* SwiftUIIntrospect in Frameworks */ = {isa = PBXBuildFile; productRef = A757209B2B2A9FFD006767DC /* SwiftUIIntrospect */; };
		A76590AE2B33BFCA00F9E4F1 /* UploadError.swift in Sources */ = {isa = PBXBuildFile; fileRef = A76590AD2B33BFCA00F9E4F1 /* UploadError.swift */; };
		A76590B32B33C38700F9E4F1 /* ChatImageItemView.swift in Sources */ = {isa = PBXBuildFile; fileRef = A76590B22B33C38700F9E4F1 /* ChatImageItemView.swift */; };
		A76590B72B33FDA300F9E4F1 /* SearchViewModel.swift in Sources */ = {isa = PBXBuildFile; fileRef = A76590B62B33FDA300F9E4F1 /* SearchViewModel.swift */; };
		A76590B92B33FF7A00F9E4F1 /* SearchBar.swift in Sources */ = {isa = PBXBuildFile; fileRef = A76590B82B33FF7A00F9E4F1 /* SearchBar.swift */; };
		A76590BC2B34088D00F9E4F1 /* Search.xcdatamodeld in Sources */ = {isa = PBXBuildFile; fileRef = A76590BA2B34088D00F9E4F1 /* Search.xcdatamodeld */; };
		A76590BF2B34091C00F9E4F1 /* SearchDataController.swift in Sources */ = {isa = PBXBuildFile; fileRef = A76590BE2B34091C00F9E4F1 /* SearchDataController.swift */; };
		A76590C12B340A2200F9E4F1 /* RecentSearchView.swift in Sources */ = {isa = PBXBuildFile; fileRef = A76590C02B340A2200F9E4F1 /* RecentSearchView.swift */; };
		A772CE942B3A78C4007C55E2 /* SettingView.swift in Sources */ = {isa = PBXBuildFile; fileRef = A772CE932B3A78C4007C55E2 /* SettingView.swift */; };
		A772CE962B3A78CC007C55E2 /* SettingViewModel.swift in Sources */ = {isa = PBXBuildFile; fileRef = A772CE952B3A78CC007C55E2 /* SettingViewModel.swift */; };
		A772CE982B3A7B64007C55E2 /* SettingItem.swift in Sources */ = {isa = PBXBuildFile; fileRef = A772CE972B3A7B64007C55E2 /* SettingItem.swift */; };
		A772CE9B2B3A8CA3007C55E2 /* AppearanceType.swift in Sources */ = {isa = PBXBuildFile; fileRef = A772CE9A2B3A8CA3007C55E2 /* AppearanceType.swift */; };
		A772CE9D2B3A9036007C55E2 /* AppearanceController.swift in Sources */ = {isa = PBXBuildFile; fileRef = A772CE9C2B3A9036007C55E2 /* AppearanceController.swift */; };
		A780C8EF2B16E76E007EF1AD /* LaunchScreen.storyboard in Resources */ = {isa = PBXBuildFile; fileRef = A780C8EE2B16E76E007EF1AD /* LaunchScreen.storyboard */; };
		A780C8F22B16E8A9007EF1AD /* DIContainer.swift in Sources */ = {isa = PBXBuildFile; fileRef = A780C8F12B16E8A9007EF1AD /* DIContainer.swift */; };
		A780C8F52B16E8DB007EF1AD /* Services.swift in Sources */ = {isa = PBXBuildFile; fileRef = A780C8F42B16E8DB007EF1AD /* Services.swift */; };
		A780C8F92B16E998007EF1AD /* AuthenticationViewModel.swift in Sources */ = {isa = PBXBuildFile; fileRef = A780C8F82B16E998007EF1AD /* AuthenticationViewModel.swift */; };
		A796D7BF2B3277410056CE2F /* ChatRoomService.swift in Sources */ = {isa = PBXBuildFile; fileRef = A796D7BE2B3277410056CE2F /* ChatRoomService.swift */; };
		A796D7C12B3277B60056CE2F /* ChatRoom.swift in Sources */ = {isa = PBXBuildFile; fileRef = A796D7C02B3277B60056CE2F /* ChatRoom.swift */; };
		A796D7C42B327BD50056CE2F /* NavigationDestination.swift in Sources */ = {isa = PBXBuildFile; fileRef = A796D7C32B327BD50056CE2F /* NavigationDestination.swift */; };
		A796D7C62B327BEE0056CE2F /* NavigationRouter.swift in Sources */ = {isa = PBXBuildFile; fileRef = A796D7C52B327BEE0056CE2F /* NavigationRouter.swift */; };
		A796D7C82B327EE50056CE2F /* ChatView.swift in Sources */ = {isa = PBXBuildFile; fileRef = A796D7C72B327EE50056CE2F /* ChatView.swift */; };
		A796D7CB2B327F010056CE2F /* SearchView.swift in Sources */ = {isa = PBXBuildFile; fileRef = A796D7CA2B327F010056CE2F /* SearchView.swift */; };
		A796D7CD2B3285F90056CE2F /* ChatListViewModel.swift in Sources */ = {isa = PBXBuildFile; fileRef = A796D7CC2B3285F90056CE2F /* ChatListViewModel.swift */; };
		A796D7CF2B32875B0056CE2F /* SearchButton.swift in Sources */ = {isa = PBXBuildFile; fileRef = A796D7CE2B32875A0056CE2F /* SearchButton.swift */; };
		A796D7D12B3288140056CE2F /* LMessengerNavigationStackView.swift in Sources */ = {isa = PBXBuildFile; fileRef = A796D7D02B3288140056CE2F /* LMessengerNavigationStackView.swift */; };
		A796D7D32B3293440056CE2F /* ChatViewModel.swift in Sources */ = {isa = PBXBuildFile; fileRef = A796D7D22B3293440056CE2F /* ChatViewModel.swift */; };
		A796D7D52B32A27E0056CE2F /* Chat.swift in Sources */ = {isa = PBXBuildFile; fileRef = A796D7D42B32A27E0056CE2F /* Chat.swift */; };
		A796D7D72B32A33A0056CE2F /* ChatData.swift in Sources */ = {isa = PBXBuildFile; fileRef = A796D7D62B32A33A0056CE2F /* ChatData.swift */; };
		A796D7D92B32A3BC0056CE2F /* Date+Extension.swift in Sources */ = {isa = PBXBuildFile; fileRef = A796D7D82B32A3BC0056CE2F /* Date+Extension.swift */; };
		A796D7DB2B32A6A80056CE2F /* ChatItemView.swift in Sources */ = {isa = PBXBuildFile; fileRef = A796D7DA2B32A6A80056CE2F /* ChatItemView.swift */; };
		A796D7DD2B32A6C90056CE2F /* ChatItemDirection.swift in Sources */ = {isa = PBXBuildFile; fileRef = A796D7DC2B32A6C90056CE2F /* ChatItemDirection.swift */; };
		A796D7DF2B32C9400056CE2F /* KeyboardToolbar.swift in Sources */ = {isa = PBXBuildFile; fileRef = A796D7DE2B32C9400056CE2F /* KeyboardToolbar.swift */; };
		A796D7E12B32CCF60056CE2F /* ChatDBRepository.swift in Sources */ = {isa = PBXBuildFile; fileRef = A796D7E02B32CCF60056CE2F /* ChatDBRepository.swift */; };
		A796D7E32B32CD3D0056CE2F /* ChatObject.swift in Sources */ = {isa = PBXBuildFile; fileRef = A796D7E22B32CD3D0056CE2F /* ChatObject.swift */; };
		A796D7E52B32CF130056CE2F /* ChatService.swift in Sources */ = {isa = PBXBuildFile; fileRef = A796D7E42B32CF130056CE2F /* ChatService.swift */; };
/* End PBXBuildFile section */

/* Begin PBXContainerItemProxy section */
		723ABD942AFFF1B900C260F1 /* PBXContainerItemProxy */ = {
			isa = PBXContainerItemProxy;
			containerPortal = 723ABD7B2AFFF1B800C260F1 /* Project object */;
			proxyType = 1;
			remoteGlobalIDString = 723ABD822AFFF1B800C260F1;
			remoteInfo = LMessenger;
		};
/* End PBXContainerItemProxy section */

/* Begin PBXFileReference section */
		723ABD832AFFF1B800C260F1 /* LMessenger.app */ = {isa = PBXFileReference; explicitFileType = wrapper.application; includeInIndex = 0; path = LMessenger.app; sourceTree = BUILT_PRODUCTS_DIR; };
		723ABD862AFFF1B800C260F1 /* LMessengerApp.swift */ = {isa = PBXFileReference; lastKnownFileType = sourcecode.swift; path = LMessengerApp.swift; sourceTree = "<group>"; };
		723ABD882AFFF1B800C260F1 /* AuthenticatedView.swift */ = {isa = PBXFileReference; lastKnownFileType = sourcecode.swift; path = AuthenticatedView.swift; sourceTree = "<group>"; };
		723ABD8A2AFFF1B900C260F1 /* Assets.xcassets */ = {isa = PBXFileReference; lastKnownFileType = folder.assetcatalog; path = Assets.xcassets; sourceTree = "<group>"; };
		723ABD8D2AFFF1B900C260F1 /* Preview Assets.xcassets */ = {isa = PBXFileReference; lastKnownFileType = folder.assetcatalog; path = "Preview Assets.xcassets"; sourceTree = "<group>"; };
		723ABD932AFFF1B900C260F1 /* LMessengerTests.xctest */ = {isa = PBXFileReference; explicitFileType = wrapper.cfbundle; includeInIndex = 0; path = LMessengerTests.xctest; sourceTree = BUILT_PRODUCTS_DIR; };
		723ABDB12AFFF1F000C260F1 /* Colors.xcassets */ = {isa = PBXFileReference; lastKnownFileType = folder.assetcatalog; path = Colors.xcassets; sourceTree = "<group>"; };
		72E4BEFB2B00B871007A1060 /* Color+Extension.swift */ = {isa = PBXFileReference; fileEncoding = 4; lastKnownFileType = sourcecode.swift; path = "Color+Extension.swift"; sourceTree = "<group>"; };
		A73898802B3AAB200003966E /* ObservableObjectSettable.swift */ = {isa = PBXFileReference; lastKnownFileType = sourcecode.swift; path = ObservableObjectSettable.swift; sourceTree = "<group>"; };
		A73898822B3AAEE50003966E /* DBReference.swift */ = {isa = PBXFileReference; lastKnownFileType = sourcecode.swift; path = DBReference.swift; sourceTree = "<group>"; };
		A73898842B3AB75B0003966E /* UserDBRepositoryTests.swift */ = {isa = PBXFileReference; lastKnownFileType = sourcecode.swift; path = UserDBRepositoryTests.swift; sourceTree = "<group>"; };
		A73898882B3ABDB60003966E /* ChatRoomServiceTests.swift */ = {isa = PBXFileReference; lastKnownFileType = sourcecode.swift; path = ChatRoomServiceTests.swift; sourceTree = "<group>"; };
		A738988B2B3AC3FE0003966E /* ChatViewModelTests.swift */ = {isa = PBXFileReference; lastKnownFileType = sourcecode.swift; path = ChatViewModelTests.swift; sourceTree = "<group>"; };
		A753AC2B2B311EE60070C6E6 /* Phase.swift */ = {isa = PBXFileReference; lastKnownFileType = sourcecode.swift; path = Phase.swift; sourceTree = "<group>"; };
		A753AC2E2B311FCF0070C6E6 /* PlaceholderView.swift */ = {isa = PBXFileReference; lastKnownFileType = sourcecode.swift; path = PlaceholderView.swift; sourceTree = "<group>"; };
		A753AC302B3120050070C6E6 /* LoadingView.swift */ = {isa = PBXFileReference; lastKnownFileType = sourcecode.swift; path = LoadingView.swift; sourceTree = "<group>"; };
		A753AC322B3120530070C6E6 /* ErrorView.swift */ = {isa = PBXFileReference; lastKnownFileType = sourcecode.swift; path = ErrorView.swift; sourceTree = "<group>"; };
		A753AC342B31225C0070C6E6 /* HomeModalDestination.swift */ = {isa = PBXFileReference; lastKnownFileType = sourcecode.swift; path = HomeModalDestination.swift; sourceTree = "<group>"; };
		A753AC372B3124680070C6E6 /* MyProfileView.swift */ = {isa = PBXFileReference; lastKnownFileType = sourcecode.swift; path = MyProfileView.swift; sourceTree = "<group>"; };
		A753AC392B31246E0070C6E6 /* OtherProfileView.swift */ = {isa = PBXFileReference; lastKnownFileType = sourcecode.swift; path = OtherProfileView.swift; sourceTree = "<group>"; };
		A753AC3B2B3132AF0070C6E6 /* ContactService.swift */ = {isa = PBXFileReference; lastKnownFileType = sourcecode.swift; path = ContactService.swift; sourceTree = "<group>"; };
		A753AC3D2B315AD50070C6E6 /* MyProfileViewModel.swift */ = {isa = PBXFileReference; lastKnownFileType = sourcecode.swift; path = MyProfileViewModel.swift; sourceTree = "<group>"; };
		A753AC3F2B315CB10070C6E6 /* MyProfileMenuType.swift */ = {isa = PBXFileReference; lastKnownFileType = sourcecode.swift; path = MyProfileMenuType.swift; sourceTree = "<group>"; };
		A753AC412B3161FE0070C6E6 /* MyProfileDescEditView.swift */ = {isa = PBXFileReference; lastKnownFileType = sourcecode.swift; path = MyProfileDescEditView.swift; sourceTree = "<group>"; };
		A753AC432B316B7B0070C6E6 /* PhotoPickerService.swift */ = {isa = PBXFileReference; lastKnownFileType = sourcecode.swift; path = PhotoPickerService.swift; sourceTree = "<group>"; };
		A753AC462B316C690070C6E6 /* PhotoImage.swift */ = {isa = PBXFileReference; lastKnownFileType = sourcecode.swift; path = PhotoImage.swift; sourceTree = "<group>"; };
		A753AC4A2B31772B0070C6E6 /* UploadProvider.swift */ = {isa = PBXFileReference; lastKnownFileType = sourcecode.swift; path = UploadProvider.swift; sourceTree = "<group>"; };
		A753AC4C2B3177FE0070C6E6 /* UploadService.swift */ = {isa = PBXFileReference; lastKnownFileType = sourcecode.swift; path = UploadService.swift; sourceTree = "<group>"; };
		A753AC4F2B3178570070C6E6 /* UploadSourceType.swift */ = {isa = PBXFileReference; lastKnownFileType = sourcecode.swift; path = UploadSourceType.swift; sourceTree = "<group>"; };
		A753AC512B317D730070C6E6 /* ImageCacheService.swift */ = {isa = PBXFileReference; lastKnownFileType = sourcecode.swift; path = ImageCacheService.swift; sourceTree = "<group>"; };
		A753AC542B317DDD0070C6E6 /* MemoryStorage.swift */ = {isa = PBXFileReference; lastKnownFileType = sourcecode.swift; path = MemoryStorage.swift; sourceTree = "<group>"; };
		A753AC562B317E980070C6E6 /* DiskStorage.swift */ = {isa = PBXFileReference; lastKnownFileType = sourcecode.swift; path = DiskStorage.swift; sourceTree = "<group>"; };
		A753AC592B31804A0070C6E6 /* SHA256.swift */ = {isa = PBXFileReference; lastKnownFileType = sourcecode.swift; path = SHA256.swift; sourceTree = "<group>"; };
		A753AC5B2B3185000070C6E6 /* URLImageView.swift */ = {isa = PBXFileReference; lastKnownFileType = sourcecode.swift; path = URLImageView.swift; sourceTree = "<group>"; };
		A753AC5E2B3185140070C6E6 /* URLImageViewModel.swift */ = {isa = PBXFileReference; lastKnownFileType = sourcecode.swift; path = URLImageViewModel.swift; sourceTree = "<group>"; };
		A755103F2B30299700EB1DEE /* HomeViewModel.swift */ = {isa = PBXFileReference; lastKnownFileType = sourcecode.swift; path = HomeViewModel.swift; sourceTree = "<group>"; };
		A75510422B30306B00EB1DEE /* UserDBRepository.swift */ = {isa = PBXFileReference; lastKnownFileType = sourcecode.swift; path = UserDBRepository.swift; sourceTree = "<group>"; };
		A75510442B30308C00EB1DEE /* UserService.swift */ = {isa = PBXFileReference; lastKnownFileType = sourcecode.swift; path = UserService.swift; sourceTree = "<group>"; };
		A75510472B30313F00EB1DEE /* UserObject.swift */ = {isa = PBXFileReference; lastKnownFileType = sourcecode.swift; path = UserObject.swift; sourceTree = "<group>"; };
		A75510492B30318B00EB1DEE /* DBError.swift */ = {isa = PBXFileReference; lastKnownFileType = sourcecode.swift; path = DBError.swift; sourceTree = "<group>"; };
		A755104B2B30334400EB1DEE /* Constant.swift */ = {isa = PBXFileReference; lastKnownFileType = sourcecode.swift; path = Constant.swift; sourceTree = "<group>"; };
		A75606DA2B318950001CA604 /* OtherProfileViewModel.swift */ = {isa = PBXFileReference; lastKnownFileType = sourcecode.swift; path = OtherProfileViewModel.swift; sourceTree = "<group>"; };
		A75606DC2B318AF2001CA604 /* OtherProfileMenuType.swift */ = {isa = PBXFileReference; lastKnownFileType = sourcecode.swift; path = OtherProfileMenuType.swift; sourceTree = "<group>"; };
		A75606DE2B318C41001CA604 /* ChatRoomDBRepository.swift */ = {isa = PBXFileReference; lastKnownFileType = sourcecode.swift; path = ChatRoomDBRepository.swift; sourceTree = "<group>"; };
		A75606E02B318C7A001CA604 /* ChatRoomObject.swift */ = {isa = PBXFileReference; lastKnownFileType = sourcecode.swift; path = ChatRoomObject.swift; sourceTree = "<group>"; };
		A75720772B2A843B006767DC /* AppDelegate.swift */ = {isa = PBXFileReference; lastKnownFileType = sourcecode.swift; path = AppDelegate.swift; sourceTree = "<group>"; };
		A75720792B2A8590006767DC /* GoogleService-Info.plist */ = {isa = PBXFileReference; fileEncoding = 4; lastKnownFileType = text.plist.xml; path = "GoogleService-Info.plist"; sourceTree = "<group>"; };
		A757207B2B2A85AE006767DC /* Info.plist */ = {isa = PBXFileReference; lastKnownFileType = text.plist; path = Info.plist; sourceTree = "<group>"; };
		A757207C2B2A85F1006767DC /* AuthenticationService.swift */ = {isa = PBXFileReference; lastKnownFileType = sourcecode.swift; path = AuthenticationService.swift; sourceTree = "<group>"; };
		A75720802B2A87BA006767DC /* LoginIntroView.swift */ = {isa = PBXFileReference; lastKnownFileType = sourcecode.swift; path = LoginIntroView.swift; sourceTree = "<group>"; };
		A75720822B2A87C6006767DC /* MainTabView.swift */ = {isa = PBXFileReference; lastKnownFileType = sourcecode.swift; path = MainTabView.swift; sourceTree = "<group>"; };
		A75720842B2A89A2006767DC /* LoginView.swift */ = {isa = PBXFileReference; lastKnownFileType = sourcecode.swift; path = LoginView.swift; sourceTree = "<group>"; };
		A75720862B2A8A45006767DC /* LoginButtonStyle.swift */ = {isa = PBXFileReference; lastKnownFileType = sourcecode.swift; path = LoginButtonStyle.swift; sourceTree = "<group>"; };
		A757208E2B2A8EBF006767DC /* User.swift */ = {isa = PBXFileReference; lastKnownFileType = sourcecode.swift; path = User.swift; sourceTree = "<group>"; };
		A75720902B2A8EF5006767DC /* ServiceError.swift */ = {isa = PBXFileReference; lastKnownFileType = sourcecode.swift; path = ServiceError.swift; sourceTree = "<group>"; };
		A75720922B2A9D5E006767DC /* MainTabType.swift */ = {isa = PBXFileReference; lastKnownFileType = sourcecode.swift; path = MainTabType.swift; sourceTree = "<group>"; };
		A75720962B2A9E67006767DC /* ChatListView.swift */ = {isa = PBXFileReference; lastKnownFileType = sourcecode.swift; path = ChatListView.swift; sourceTree = "<group>"; };
		A75720982B2A9E71006767DC /* HomeView.swift */ = {isa = PBXFileReference; lastKnownFileType = sourcecode.swift; path = HomeView.swift; sourceTree = "<group>"; };
		A76590AD2B33BFCA00F9E4F1 /* UploadError.swift */ = {isa = PBXFileReference; lastKnownFileType = sourcecode.swift; path = UploadError.swift; sourceTree = "<group>"; };
		A76590B22B33C38700F9E4F1 /* ChatImageItemView.swift */ = {isa = PBXFileReference; lastKnownFileType = sourcecode.swift; path = ChatImageItemView.swift; sourceTree = "<group>"; };
		A76590B62B33FDA300F9E4F1 /* SearchViewModel.swift */ = {isa = PBXFileReference; lastKnownFileType = sourcecode.swift; path = SearchViewModel.swift; sourceTree = "<group>"; };
		A76590B82B33FF7A00F9E4F1 /* SearchBar.swift */ = {isa = PBXFileReference; lastKnownFileType = sourcecode.swift; path = SearchBar.swift; sourceTree = "<group>"; };
		A76590BB2B34088D00F9E4F1 /* Search.xcdatamodel */ = {isa = PBXFileReference; lastKnownFileType = wrapper.xcdatamodel; path = Search.xcdatamodel; sourceTree = "<group>"; };
		A76590BE2B34091C00F9E4F1 /* SearchDataController.swift */ = {isa = PBXFileReference; lastKnownFileType = sourcecode.swift; path = SearchDataController.swift; sourceTree = "<group>"; };
		A76590C02B340A2200F9E4F1 /* RecentSearchView.swift */ = {isa = PBXFileReference; lastKnownFileType = sourcecode.swift; path = RecentSearchView.swift; sourceTree = "<group>"; };
		A772CE932B3A78C4007C55E2 /* SettingView.swift */ = {isa = PBXFileReference; lastKnownFileType = sourcecode.swift; path = SettingView.swift; sourceTree = "<group>"; };
		A772CE952B3A78CC007C55E2 /* SettingViewModel.swift */ = {isa = PBXFileReference; lastKnownFileType = sourcecode.swift; path = SettingViewModel.swift; sourceTree = "<group>"; };
		A772CE972B3A7B64007C55E2 /* SettingItem.swift */ = {isa = PBXFileReference; lastKnownFileType = sourcecode.swift; path = SettingItem.swift; sourceTree = "<group>"; };
		A772CE9A2B3A8CA3007C55E2 /* AppearanceType.swift */ = {isa = PBXFileReference; lastKnownFileType = sourcecode.swift; path = AppearanceType.swift; sourceTree = "<group>"; };
		A772CE9C2B3A9036007C55E2 /* AppearanceController.swift */ = {isa = PBXFileReference; lastKnownFileType = sourcecode.swift; path = AppearanceController.swift; sourceTree = "<group>"; };
		A780C8EE2B16E76E007EF1AD /* LaunchScreen.storyboard */ = {isa = PBXFileReference; lastKnownFileType = file.storyboard; path = LaunchScreen.storyboard; sourceTree = "<group>"; };
		A780C8F12B16E8A9007EF1AD /* DIContainer.swift */ = {isa = PBXFileReference; lastKnownFileType = sourcecode.swift; path = DIContainer.swift; sourceTree = "<group>"; };
		A780C8F42B16E8DB007EF1AD /* Services.swift */ = {isa = PBXFileReference; lastKnownFileType = sourcecode.swift; path = Services.swift; sourceTree = "<group>"; };
		A780C8F82B16E998007EF1AD /* AuthenticationViewModel.swift */ = {isa = PBXFileReference; lastKnownFileType = sourcecode.swift; path = AuthenticationViewModel.swift; sourceTree = "<group>"; };
		A796D7BE2B3277410056CE2F /* ChatRoomService.swift */ = {isa = PBXFileReference; lastKnownFileType = sourcecode.swift; path = ChatRoomService.swift; sourceTree = "<group>"; };
		A796D7C02B3277B60056CE2F /* ChatRoom.swift */ = {isa = PBXFileReference; lastKnownFileType = sourcecode.swift; path = ChatRoom.swift; sourceTree = "<group>"; };
		A796D7C32B327BD50056CE2F /* NavigationDestination.swift */ = {isa = PBXFileReference; lastKnownFileType = sourcecode.swift; path = NavigationDestination.swift; sourceTree = "<group>"; };
		A796D7C52B327BEE0056CE2F /* NavigationRouter.swift */ = {isa = PBXFileReference; lastKnownFileType = sourcecode.swift; path = NavigationRouter.swift; sourceTree = "<group>"; };
		A796D7C72B327EE50056CE2F /* ChatView.swift */ = {isa = PBXFileReference; lastKnownFileType = sourcecode.swift; path = ChatView.swift; sourceTree = "<group>"; };
		A796D7CA2B327F010056CE2F /* SearchView.swift */ = {isa = PBXFileReference; lastKnownFileType = sourcecode.swift; path = SearchView.swift; sourceTree = "<group>"; };
		A796D7CC2B3285F90056CE2F /* ChatListViewModel.swift */ = {isa = PBXFileReference; lastKnownFileType = sourcecode.swift; path = ChatListViewModel.swift; sourceTree = "<group>"; };
		A796D7CE2B32875A0056CE2F /* SearchButton.swift */ = {isa = PBXFileReference; lastKnownFileType = sourcecode.swift; path = SearchButton.swift; sourceTree = "<group>"; };
		A796D7D02B3288140056CE2F /* LMessengerNavigationStackView.swift */ = {isa = PBXFileReference; lastKnownFileType = sourcecode.swift; path = LMessengerNavigationStackView.swift; sourceTree = "<group>"; };
		A796D7D22B3293440056CE2F /* ChatViewModel.swift */ = {isa = PBXFileReference; lastKnownFileType = sourcecode.swift; path = ChatViewModel.swift; sourceTree = "<group>"; };
		A796D7D42B32A27E0056CE2F /* Chat.swift */ = {isa = PBXFileReference; lastKnownFileType = sourcecode.swift; path = Chat.swift; sourceTree = "<group>"; };
		A796D7D62B32A33A0056CE2F /* ChatData.swift */ = {isa = PBXFileReference; lastKnownFileType = sourcecode.swift; path = ChatData.swift; sourceTree = "<group>"; };
		A796D7D82B32A3BC0056CE2F /* Date+Extension.swift */ = {isa = PBXFileReference; lastKnownFileType = sourcecode.swift; path = "Date+Extension.swift"; sourceTree = "<group>"; };
		A796D7DA2B32A6A80056CE2F /* ChatItemView.swift */ = {isa = PBXFileReference; lastKnownFileType = sourcecode.swift; path = ChatItemView.swift; sourceTree = "<group>"; };
		A796D7DC2B32A6C90056CE2F /* ChatItemDirection.swift */ = {isa = PBXFileReference; lastKnownFileType = sourcecode.swift; path = ChatItemDirection.swift; sourceTree = "<group>"; };
		A796D7DE2B32C9400056CE2F /* KeyboardToolbar.swift */ = {isa = PBXFileReference; lastKnownFileType = sourcecode.swift; path = KeyboardToolbar.swift; sourceTree = "<group>"; };
		A796D7E02B32CCF60056CE2F /* ChatDBRepository.swift */ = {isa = PBXFileReference; lastKnownFileType = sourcecode.swift; path = ChatDBRepository.swift; sourceTree = "<group>"; };
		A796D7E22B32CD3D0056CE2F /* ChatObject.swift */ = {isa = PBXFileReference; lastKnownFileType = sourcecode.swift; path = ChatObject.swift; sourceTree = "<group>"; };
		A796D7E42B32CF130056CE2F /* ChatService.swift */ = {isa = PBXFileReference; lastKnownFileType = sourcecode.swift; path = ChatService.swift; sourceTree = "<group>"; };
/* End PBXFileReference section */

/* Begin PBXFrameworksBuildPhase section */
		723ABD802AFFF1B800C260F1 /* Frameworks */ = {
			isa = PBXFrameworksBuildPhase;
			buildActionMask = 2147483647;
			files = (
				A75720542B2A83F5006767DC /* FirebaseDatabase in Frameworks */,
				A757209C2B2A9FFD006767DC /* SwiftUIIntrospect in Frameworks */,
				A757208C2B2A8DB1006767DC /* GoogleSignInSwift in Frameworks */,
				A757204E2B2A83F5006767DC /* FirebaseAuth in Frameworks */,
				A757208A2B2A8DB1006767DC /* GoogleSignIn in Frameworks */,
				A75720562B2A83F5006767DC /* FirebaseDatabaseSwift in Frameworks */,
				A75720762B2A83F5006767DC /* FirebaseStorageCombine-Community in Frameworks */,
				A75720502B2A83F5006767DC /* FirebaseAuthCombine-Community in Frameworks */,
				A75720742B2A83F5006767DC /* FirebaseStorage in Frameworks */,
			);
			runOnlyForDeploymentPostprocessing = 0;
		};
		723ABD902AFFF1B900C260F1 /* Frameworks */ = {
			isa = PBXFrameworksBuildPhase;
			buildActionMask = 2147483647;
			files = (
			);
			runOnlyForDeploymentPostprocessing = 0;
		};
/* End PBXFrameworksBuildPhase section */

/* Begin PBXGroup section */
		723ABD7A2AFFF1B800C260F1 = {
			isa = PBXGroup;
			children = (
				723ABD852AFFF1B800C260F1 /* LMessenger */,
				A75720792B2A8590006767DC /* GoogleService-Info.plist */,
				723ABD962AFFF1B900C260F1 /* LMessengerTests */,
				723ABD842AFFF1B800C260F1 /* Products */,
				A76FD2DC2B3AA16B00086E85 /* Frameworks */,
			);
			sourceTree = "<group>";
		};
		723ABD842AFFF1B800C260F1 /* Products */ = {
			isa = PBXGroup;
			children = (
				723ABD832AFFF1B800C260F1 /* LMessenger.app */,
				723ABD932AFFF1B900C260F1 /* LMessengerTests.xctest */,
			);
			name = Products;
			sourceTree = "<group>";
		};
		723ABD852AFFF1B800C260F1 /* LMessenger */ = {
			isa = PBXGroup;
			children = (
				A757207B2B2A85AE006767DC /* Info.plist */,
				723ABD862AFFF1B800C260F1 /* LMessengerApp.swift */,
				A75720772B2A843B006767DC /* AppDelegate.swift */,
				A780C8F02B16E89D007EF1AD /* General */,
				A738987E2B3AA97C0003966E /* Dependency */,
				A780C8F62B16E95B007EF1AD /* View */,
				A757208D2B2A8EB2006767DC /* Model */,
				A780C8F32B16E8C9007EF1AD /* Service */,
				A75510412B30305A00EB1DEE /* Repository */,
				A753AC482B3176F70070C6E6 /* Provider */,
				72E4BEFA2B00B871007A1060 /* Extension */,
				A753AC582B3180420070C6E6 /* Util */,
				723ABDB02AFFF1D800C260F1 /* Resource */,
				723ABD8C2AFFF1B900C260F1 /* Preview Content */,
			);
			path = LMessenger;
			sourceTree = "<group>";
		};
		723ABD8C2AFFF1B900C260F1 /* Preview Content */ = {
			isa = PBXGroup;
			children = (
				723ABD8D2AFFF1B900C260F1 /* Preview Assets.xcassets */,
			);
			path = "Preview Content";
			sourceTree = "<group>";
		};
		723ABD962AFFF1B900C260F1 /* LMessengerTests */ = {
			isa = PBXGroup;
			children = (
				A738988A2B3AC3F10003966E /* ViewModel */,
				A73898872B3ABDA90003966E /* Service */,
				A73898862B3AB7620003966E /* Repository */,
			);
			path = LMessengerTests;
			sourceTree = "<group>";
		};
		723ABDB02AFFF1D800C260F1 /* Resource */ = {
			isa = PBXGroup;
			children = (
				723ABD8A2AFFF1B900C260F1 /* Assets.xcassets */,
				723ABDB12AFFF1F000C260F1 /* Colors.xcassets */,
				A780C8EE2B16E76E007EF1AD /* LaunchScreen.storyboard */,
				A76590BA2B34088D00F9E4F1 /* Search.xcdatamodeld */,
			);
			path = Resource;
			sourceTree = "<group>";
		};
		72E4BEFA2B00B871007A1060 /* Extension */ = {
			isa = PBXGroup;
			children = (
				72E4BEFB2B00B871007A1060 /* Color+Extension.swift */,
				A796D7D82B32A3BC0056CE2F /* Date+Extension.swift */,
			);
			path = Extension;
			sourceTree = "<group>";
		};
		A738987E2B3AA97C0003966E /* Dependency */ = {
			isa = PBXGroup;
			children = (
				A780C8F12B16E8A9007EF1AD /* DIContainer.swift */,
				A738987F2B3AAB120003966E /* Protocol */,
				A772CE992B3A8C8B007C55E2 /* Appearance */,
				A76590BD2B34091300F9E4F1 /* Search */,
				A796D7C22B327BC90056CE2F /* Navigation */,
			);
			path = Dependency;
			sourceTree = "<group>";
		};
		A738987F2B3AAB120003966E /* Protocol */ = {
			isa = PBXGroup;
			children = (
				A73898802B3AAB200003966E /* ObservableObjectSettable.swift */,
			);
			path = Protocol;
			sourceTree = "<group>";
		};
		A73898862B3AB7620003966E /* Repository */ = {
			isa = PBXGroup;
			children = (
				A73898842B3AB75B0003966E /* UserDBRepositoryTests.swift */,
			);
			path = Repository;
			sourceTree = "<group>";
		};
		A73898872B3ABDA90003966E /* Service */ = {
			isa = PBXGroup;
			children = (
				A73898882B3ABDB60003966E /* ChatRoomServiceTests.swift */,
			);
			path = Service;
			sourceTree = "<group>";
		};
		A738988A2B3AC3F10003966E /* ViewModel */ = {
			isa = PBXGroup;
			children = (
				A738988B2B3AC3FE0003966E /* ChatViewModelTests.swift */,
			);
			path = ViewModel;
			sourceTree = "<group>";
		};
		A753AC2D2B311FC40070C6E6 /* View */ = {
			isa = PBXGroup;
			children = (
				A753AC5D2B3185060070C6E6 /* URLImage */,
				A753AC2E2B311FCF0070C6E6 /* PlaceholderView.swift */,
				A753AC302B3120050070C6E6 /* LoadingView.swift */,
				A753AC322B3120530070C6E6 /* ErrorView.swift */,
				A796D7CE2B32875A0056CE2F /* SearchButton.swift */,
				A796D7D02B3288140056CE2F /* LMessengerNavigationStackView.swift */,
			);
			path = View;
			sourceTree = "<group>";
		};
		A753AC362B31245C0070C6E6 /* Profile */ = {
			isa = PBXGroup;
			children = (
				A75606D92B31892D001CA604 /* OtherProfile */,
				A75606D82B31891D001CA604 /* MyProfile */,
			);
			path = Profile;
			sourceTree = "<group>";
		};
		A753AC452B316C510070C6E6 /* PhotoPicker */ = {
			isa = PBXGroup;
			children = (
				A753AC432B316B7B0070C6E6 /* PhotoPickerService.swift */,
				A753AC462B316C690070C6E6 /* PhotoImage.swift */,
			);
			path = PhotoPicker;
			sourceTree = "<group>";
		};
		A753AC482B3176F70070C6E6 /* Provider */ = {
			isa = PBXGroup;
			children = (
				A753AC492B3177220070C6E6 /* Upload */,
			);
			path = Provider;
			sourceTree = "<group>";
		};
		A753AC492B3177220070C6E6 /* Upload */ = {
			isa = PBXGroup;
			children = (
				A753AC4A2B31772B0070C6E6 /* UploadProvider.swift */,
				A76590AD2B33BFCA00F9E4F1 /* UploadError.swift */,
			);
			path = Upload;
			sourceTree = "<group>";
		};
		A753AC4E2B31784A0070C6E6 /* Upload */ = {
			isa = PBXGroup;
			children = (
				A753AC4C2B3177FE0070C6E6 /* UploadService.swift */,
				A753AC4F2B3178570070C6E6 /* UploadSourceType.swift */,
			);
			path = Upload;
			sourceTree = "<group>";
		};
		A753AC532B317DD00070C6E6 /* ImageCache */ = {
			isa = PBXGroup;
			children = (
				A753AC512B317D730070C6E6 /* ImageCacheService.swift */,
				A753AC542B317DDD0070C6E6 /* MemoryStorage.swift */,
				A753AC562B317E980070C6E6 /* DiskStorage.swift */,
			);
			path = ImageCache;
			sourceTree = "<group>";
		};
		A753AC582B3180420070C6E6 /* Util */ = {
			isa = PBXGroup;
			children = (
				A753AC592B31804A0070C6E6 /* SHA256.swift */,
			);
			path = Util;
			sourceTree = "<group>";
		};
		A753AC5D2B3185060070C6E6 /* URLImage */ = {
			isa = PBXGroup;
			children = (
				A753AC5B2B3185000070C6E6 /* URLImageView.swift */,
				A753AC5E2B3185140070C6E6 /* URLImageViewModel.swift */,
			);
			path = URLImage;
			sourceTree = "<group>";
		};
		A75510412B30305A00EB1DEE /* Repository */ = {
			isa = PBXGroup;
			children = (
				A75510462B30313500EB1DEE /* DTO */,
				A75510422B30306B00EB1DEE /* UserDBRepository.swift */,
				A75606DE2B318C41001CA604 /* ChatRoomDBRepository.swift */,
				A75510492B30318B00EB1DEE /* DBError.swift */,
				A796D7E02B32CCF60056CE2F /* ChatDBRepository.swift */,
				A73898822B3AAEE50003966E /* DBReference.swift */,
			);
			path = Repository;
			sourceTree = "<group>";
		};
		A75510462B30313500EB1DEE /* DTO */ = {
			isa = PBXGroup;
			children = (
				A75510472B30313F00EB1DEE /* UserObject.swift */,
				A75606E02B318C7A001CA604 /* ChatRoomObject.swift */,
				A796D7E22B32CD3D0056CE2F /* ChatObject.swift */,
			);
			path = DTO;
			sourceTree = "<group>";
		};
		A75606D82B31891D001CA604 /* MyProfile */ = {
			isa = PBXGroup;
			children = (
				A753AC372B3124680070C6E6 /* MyProfileView.swift */,
				A753AC3D2B315AD50070C6E6 /* MyProfileViewModel.swift */,
				A753AC3F2B315CB10070C6E6 /* MyProfileMenuType.swift */,
				A753AC412B3161FE0070C6E6 /* MyProfileDescEditView.swift */,
			);
			path = MyProfile;
			sourceTree = "<group>";
		};
		A75606D92B31892D001CA604 /* OtherProfile */ = {
			isa = PBXGroup;
			children = (
				A753AC392B31246E0070C6E6 /* OtherProfileView.swift */,
				A75606DA2B318950001CA604 /* OtherProfileViewModel.swift */,
				A75606DC2B318AF2001CA604 /* OtherProfileMenuType.swift */,
			);
			path = OtherProfile;
			sourceTree = "<group>";
		};
		A757207E2B2A87A2006767DC /* Login */ = {
			isa = PBXGroup;
			children = (
				A75720802B2A87BA006767DC /* LoginIntroView.swift */,
				A75720842B2A89A2006767DC /* LoginView.swift */,
				A75720862B2A8A45006767DC /* LoginButtonStyle.swift */,
			);
			path = Login;
			sourceTree = "<group>";
		};
		A757207F2B2A87A8006767DC /* MainTab */ = {
			isa = PBXGroup;
			children = (
				A75720822B2A87C6006767DC /* MainTabView.swift */,
				A75720922B2A9D5E006767DC /* MainTabType.swift */,
			);
			path = MainTab;
			sourceTree = "<group>";
		};
		A757208D2B2A8EB2006767DC /* Model */ = {
			isa = PBXGroup;
			children = (
				A757208E2B2A8EBF006767DC /* User.swift */,
				A796D7C02B3277B60056CE2F /* ChatRoom.swift */,
				A796D7D42B32A27E0056CE2F /* Chat.swift */,
				A796D7D62B32A33A0056CE2F /* ChatData.swift */,
			);
			path = Model;
			sourceTree = "<group>";
		};
		A75720942B2A9E23006767DC /* Home */ = {
			isa = PBXGroup;
			children = (
				A75720982B2A9E71006767DC /* HomeView.swift */,
				A755103F2B30299700EB1DEE /* HomeViewModel.swift */,
				A753AC342B31225C0070C6E6 /* HomeModalDestination.swift */,
			);
			path = Home;
			sourceTree = "<group>";
		};
		A75720952B2A9E29006767DC /* Chat */ = {
			isa = PBXGroup;
			children = (
				A76590B42B33C38B00F9E4F1 /* SubView */,
				A796D7C72B327EE50056CE2F /* ChatView.swift */,
				A796D7D22B3293440056CE2F /* ChatViewModel.swift */,
			);
			path = Chat;
			sourceTree = "<group>";
		};
		A76590B42B33C38B00F9E4F1 /* SubView */ = {
			isa = PBXGroup;
			children = (
				A796D7DA2B32A6A80056CE2F /* ChatItemView.swift */,
				A796D7DC2B32A6C90056CE2F /* ChatItemDirection.swift */,
				A796D7DE2B32C9400056CE2F /* KeyboardToolbar.swift */,
				A76590B22B33C38700F9E4F1 /* ChatImageItemView.swift */,
			);
			path = SubView;
			sourceTree = "<group>";
		};
		A76590B52B33C3AF00F9E4F1 /* ChatList */ = {
			isa = PBXGroup;
			children = (
				A75720962B2A9E67006767DC /* ChatListView.swift */,
				A796D7CC2B3285F90056CE2F /* ChatListViewModel.swift */,
			);
			path = ChatList;
			sourceTree = "<group>";
		};
		A76590BD2B34091300F9E4F1 /* Search */ = {
			isa = PBXGroup;
			children = (
				A76590BE2B34091C00F9E4F1 /* SearchDataController.swift */,
			);
			path = Search;
			sourceTree = "<group>";
		};
		A76FD2DC2B3AA16B00086E85 /* Frameworks */ = {
			isa = PBXGroup;
			children = (
			);
			name = Frameworks;
			sourceTree = "<group>";
		};
		A772CE922B3A78B3007C55E2 /* Setting */ = {
			isa = PBXGroup;
			children = (
				A772CE932B3A78C4007C55E2 /* SettingView.swift */,
				A772CE952B3A78CC007C55E2 /* SettingViewModel.swift */,
				A772CE972B3A7B64007C55E2 /* SettingItem.swift */,
			);
			path = Setting;
			sourceTree = "<group>";
		};
		A772CE992B3A8C8B007C55E2 /* Appearance */ = {
			isa = PBXGroup;
			children = (
				A772CE9A2B3A8CA3007C55E2 /* AppearanceType.swift */,
				A772CE9C2B3A9036007C55E2 /* AppearanceController.swift */,
			);
			path = Appearance;
			sourceTree = "<group>";
		};
		A780C8F02B16E89D007EF1AD /* General */ = {
			isa = PBXGroup;
			children = (
				A753AC2D2B311FC40070C6E6 /* View */,
				A755104B2B30334400EB1DEE /* Constant.swift */,
				A753AC2B2B311EE60070C6E6 /* Phase.swift */,
			);
			path = General;
			sourceTree = "<group>";
		};
		A780C8F32B16E8C9007EF1AD /* Service */ = {
			isa = PBXGroup;
			children = (
				A753AC532B317DD00070C6E6 /* ImageCache */,
				A753AC4E2B31784A0070C6E6 /* Upload */,
				A753AC452B316C510070C6E6 /* PhotoPicker */,
				A780C8F42B16E8DB007EF1AD /* Services.swift */,
				A757207C2B2A85F1006767DC /* AuthenticationService.swift */,
				A75720902B2A8EF5006767DC /* ServiceError.swift */,
				A75510442B30308C00EB1DEE /* UserService.swift */,
				A753AC3B2B3132AF0070C6E6 /* ContactService.swift */,
				A796D7BE2B3277410056CE2F /* ChatRoomService.swift */,
				A796D7E42B32CF130056CE2F /* ChatService.swift */,
			);
			path = Service;
			sourceTree = "<group>";
		};
		A780C8F62B16E95B007EF1AD /* View */ = {
			isa = PBXGroup;
			children = (
				A757207E2B2A87A2006767DC /* Login */,
				A780C8F72B16E965007EF1AD /* Authentication */,
				A757207F2B2A87A8006767DC /* MainTab */,
				A75720942B2A9E23006767DC /* Home */,
				A753AC362B31245C0070C6E6 /* Profile */,
				A76590B52B33C3AF00F9E4F1 /* ChatList */,
				A75720952B2A9E29006767DC /* Chat */,
				A796D7C92B327EEE0056CE2F /* Search */,
				A772CE922B3A78B3007C55E2 /* Setting */,
			);
			path = View;
			sourceTree = "<group>";
		};
		A780C8F72B16E965007EF1AD /* Authentication */ = {
			isa = PBXGroup;
			children = (
				723ABD882AFFF1B800C260F1 /* AuthenticatedView.swift */,
				A780C8F82B16E998007EF1AD /* AuthenticationViewModel.swift */,
			);
			path = Authentication;
			sourceTree = "<group>";
		};
		A796D7C22B327BC90056CE2F /* Navigation */ = {
			isa = PBXGroup;
			children = (
				A796D7C32B327BD50056CE2F /* NavigationDestination.swift */,
				A796D7C52B327BEE0056CE2F /* NavigationRouter.swift */,
			);
			path = Navigation;
			sourceTree = "<group>";
		};
		A796D7C92B327EEE0056CE2F /* Search */ = {
			isa = PBXGroup;
			children = (
				A796D7CA2B327F010056CE2F /* SearchView.swift */,
				A76590B62B33FDA300F9E4F1 /* SearchViewModel.swift */,
				A76590B82B33FF7A00F9E4F1 /* SearchBar.swift */,
				A76590C02B340A2200F9E4F1 /* RecentSearchView.swift */,
			);
			path = Search;
			sourceTree = "<group>";
		};
/* End PBXGroup section */

/* Begin PBXNativeTarget section */
		723ABD822AFFF1B800C260F1 /* LMessenger */ = {
			isa = PBXNativeTarget;
			buildConfigurationList = 723ABDA72AFFF1B900C260F1 /* Build configuration list for PBXNativeTarget "LMessenger" */;
			buildPhases = (
				723ABD7F2AFFF1B800C260F1 /* Sources */,
				723ABD802AFFF1B800C260F1 /* Frameworks */,
				723ABD812AFFF1B800C260F1 /* Resources */,
			);
			buildRules = (
			);
			dependencies = (
			);
			name = LMessenger;
			packageProductDependencies = (
				A757204D2B2A83F5006767DC /* FirebaseAuth */,
				A757204F2B2A83F5006767DC /* FirebaseAuthCombine-Community */,
				A75720532B2A83F5006767DC /* FirebaseDatabase */,
				A75720552B2A83F5006767DC /* FirebaseDatabaseSwift */,
				A75720732B2A83F5006767DC /* FirebaseStorage */,
				A75720752B2A83F5006767DC /* FirebaseStorageCombine-Community */,
				A75720892B2A8DB1006767DC /* GoogleSignIn */,
				A757208B2B2A8DB1006767DC /* GoogleSignInSwift */,
				A757209B2B2A9FFD006767DC /* SwiftUIIntrospect */,
			);
			productName = LMessenger;
			productReference = 723ABD832AFFF1B800C260F1 /* LMessenger.app */;
			productType = "com.apple.product-type.application";
		};
		723ABD922AFFF1B900C260F1 /* LMessengerTests */ = {
			isa = PBXNativeTarget;
			buildConfigurationList = 723ABDAA2AFFF1B900C260F1 /* Build configuration list for PBXNativeTarget "LMessengerTests" */;
			buildPhases = (
				723ABD8F2AFFF1B900C260F1 /* Sources */,
				723ABD902AFFF1B900C260F1 /* Frameworks */,
				723ABD912AFFF1B900C260F1 /* Resources */,
			);
			buildRules = (
			);
			dependencies = (
				723ABD952AFFF1B900C260F1 /* PBXTargetDependency */,
			);
			name = LMessengerTests;
			packageProductDependencies = (
			);
			productName = LMessengerTests;
			productReference = 723ABD932AFFF1B900C260F1 /* LMessengerTests.xctest */;
			productType = "com.apple.product-type.bundle.unit-test";
		};
/* End PBXNativeTarget section */

/* Begin PBXProject section */
		723ABD7B2AFFF1B800C260F1 /* Project object */ = {
			isa = PBXProject;
			attributes = {
				BuildIndependentTargetsInParallel = 1;
				LastSwiftUpdateCheck = 1430;
				LastUpgradeCheck = 1430;
				TargetAttributes = {
					723ABD822AFFF1B800C260F1 = {
						CreatedOnToolsVersion = 14.3;
					};
					723ABD922AFFF1B900C260F1 = {
						CreatedOnToolsVersion = 14.3;
						TestTargetID = 723ABD822AFFF1B800C260F1;
					};
				};
			};
			buildConfigurationList = 723ABD7E2AFFF1B800C260F1 /* Build configuration list for PBXProject "LMessenger" */;
			compatibilityVersion = "Xcode 14.0";
			developmentRegion = en;
			hasScannedForEncodings = 0;
			knownRegions = (
				en,
				Base,
			);
			mainGroup = 723ABD7A2AFFF1B800C260F1;
			packageReferences = (
				A75720402B2A83F5006767DC /* XCRemoteSwiftPackageReference "firebase-ios-sdk" */,
				A75720882B2A8DB1006767DC /* XCRemoteSwiftPackageReference "GoogleSignIn-iOS" */,
				A757209A2B2A9FFD006767DC /* XCRemoteSwiftPackageReference "swiftui-introspect" */,
			);
			productRefGroup = 723ABD842AFFF1B800C260F1 /* Products */;
			projectDirPath = "";
			projectRoot = "";
			targets = (
				723ABD822AFFF1B800C260F1 /* LMessenger */,
				723ABD922AFFF1B900C260F1 /* LMessengerTests */,
			);
		};
/* End PBXProject section */

/* Begin PBXResourcesBuildPhase section */
		723ABD812AFFF1B800C260F1 /* Resources */ = {
			isa = PBXResourcesBuildPhase;
			buildActionMask = 2147483647;
			files = (
				723ABDB22AFFF1F000C260F1 /* Colors.xcassets in Resources */,
				A780C8EF2B16E76E007EF1AD /* LaunchScreen.storyboard in Resources */,
				723ABD8E2AFFF1B900C260F1 /* Preview Assets.xcassets in Resources */,
				A757207A2B2A8590006767DC /* GoogleService-Info.plist in Resources */,
				723ABD8B2AFFF1B900C260F1 /* Assets.xcassets in Resources */,
			);
			runOnlyForDeploymentPostprocessing = 0;
		};
		723ABD912AFFF1B900C260F1 /* Resources */ = {
			isa = PBXResourcesBuildPhase;
			buildActionMask = 2147483647;
			files = (
			);
			runOnlyForDeploymentPostprocessing = 0;
		};
/* End PBXResourcesBuildPhase section */

/* Begin PBXSourcesBuildPhase section */
		723ABD7F2AFFF1B800C260F1 /* Sources */ = {
			isa = PBXSourcesBuildPhase;
			buildActionMask = 2147483647;
			files = (
				A76590B72B33FDA300F9E4F1 /* SearchViewModel.swift in Sources */,
				A757208F2B2A8EBF006767DC /* User.swift in Sources */,
				A796D7E12B32CCF60056CE2F /* ChatDBRepository.swift in Sources */,
				A75510402B30299700EB1DEE /* HomeViewModel.swift in Sources */,
				A755104A2B30318B00EB1DEE /* DBError.swift in Sources */,
				A772CE982B3A7B64007C55E2 /* SettingItem.swift in Sources */,
				A76590B92B33FF7A00F9E4F1 /* SearchBar.swift in Sources */,
				A75720812B2A87BA006767DC /* LoginIntroView.swift in Sources */,
				A76590C12B340A2200F9E4F1 /* RecentSearchView.swift in Sources */,
				A772CE9D2B3A9036007C55E2 /* AppearanceController.swift in Sources */,
				A772CE962B3A78CC007C55E2 /* SettingViewModel.swift in Sources */,
				A796D7C82B327EE50056CE2F /* ChatView.swift in Sources */,
				A753AC472B316C690070C6E6 /* PhotoImage.swift in Sources */,
				A75606DB2B318950001CA604 /* OtherProfileViewModel.swift in Sources */,
				A753AC552B317DDD0070C6E6 /* MemoryStorage.swift in Sources */,
				A76590BF2B34091C00F9E4F1 /* SearchDataController.swift in Sources */,
				A780C8F92B16E998007EF1AD /* AuthenticationViewModel.swift in Sources */,
				A753AC352B31225C0070C6E6 /* HomeModalDestination.swift in Sources */,
				A76590B32B33C38700F9E4F1 /* ChatImageItemView.swift in Sources */,
				A796D7CB2B327F010056CE2F /* SearchView.swift in Sources */,
				A796D7DF2B32C9400056CE2F /* KeyboardToolbar.swift in Sources */,
				A753AC572B317E980070C6E6 /* DiskStorage.swift in Sources */,
				A796D7D32B3293440056CE2F /* ChatViewModel.swift in Sources */,
				A796D7D92B32A3BC0056CE2F /* Date+Extension.swift in Sources */,
				A796D7D52B32A27E0056CE2F /* Chat.swift in Sources */,
				A780C8F52B16E8DB007EF1AD /* Services.swift in Sources */,
				A75720972B2A9E67006767DC /* ChatListView.swift in Sources */,
				A796D7C12B3277B60056CE2F /* ChatRoom.swift in Sources */,
				A753AC3C2B3132AF0070C6E6 /* ContactService.swift in Sources */,
				A753AC332B3120530070C6E6 /* ErrorView.swift in Sources */,
				A796D7DB2B32A6A80056CE2F /* ChatItemView.swift in Sources */,
				A753AC5F2B3185140070C6E6 /* URLImageViewModel.swift in Sources */,
				A772CE942B3A78C4007C55E2 /* SettingView.swift in Sources */,
				A796D7CD2B3285F90056CE2F /* ChatListViewModel.swift in Sources */,
				A75720992B2A9E71006767DC /* HomeView.swift in Sources */,
				A796D7CF2B32875B0056CE2F /* SearchButton.swift in Sources */,
				A780C8F22B16E8A9007EF1AD /* DIContainer.swift in Sources */,
				723ABD892AFFF1B800C260F1 /* AuthenticatedView.swift in Sources */,
				A755104C2B30334400EB1DEE /* Constant.swift in Sources */,
				A753AC4B2B31772B0070C6E6 /* UploadProvider.swift in Sources */,
				A753AC312B3120050070C6E6 /* LoadingView.swift in Sources */,
				A75720782B2A843B006767DC /* AppDelegate.swift in Sources */,
				A753AC382B3124680070C6E6 /* MyProfileView.swift in Sources */,
				72E4BEFC2B00B871007A1060 /* Color+Extension.swift in Sources */,
				A75606DF2B318C41001CA604 /* ChatRoomDBRepository.swift in Sources */,
				A796D7DD2B32A6C90056CE2F /* ChatItemDirection.swift in Sources */,
				A753AC3A2B31246E0070C6E6 /* OtherProfileView.swift in Sources */,
				A75720932B2A9D5E006767DC /* MainTabType.swift in Sources */,
				A753AC4D2B3177FE0070C6E6 /* UploadService.swift in Sources */,
				A75720872B2A8A45006767DC /* LoginButtonStyle.swift in Sources */,
				A796D7E52B32CF130056CE2F /* ChatService.swift in Sources */,
				A753AC5C2B3185000070C6E6 /* URLImageView.swift in Sources */,
				A796D7C62B327BEE0056CE2F /* NavigationRouter.swift in Sources */,
				723ABD872AFFF1B800C260F1 /* LMessengerApp.swift in Sources */,
				A796D7D72B32A33A0056CE2F /* ChatData.swift in Sources */,
				A753AC3E2B315AD50070C6E6 /* MyProfileViewModel.swift in Sources */,
				A75606DD2B318AF2001CA604 /* OtherProfileMenuType.swift in Sources */,
				A75720852B2A89A2006767DC /* LoginView.swift in Sources */,
				A753AC402B315CB10070C6E6 /* MyProfileMenuType.swift in Sources */,
				A76590BC2B34088D00F9E4F1 /* Search.xcdatamodeld in Sources */,
				A753AC422B3161FE0070C6E6 /* MyProfileDescEditView.swift in Sources */,
				A757207D2B2A85F1006767DC /* AuthenticationService.swift in Sources */,
				A753AC5A2B31804A0070C6E6 /* SHA256.swift in Sources */,
				A753AC442B316B7B0070C6E6 /* PhotoPickerService.swift in Sources */,
				A753AC2F2B311FCF0070C6E6 /* PlaceholderView.swift in Sources */,
				A796D7BF2B3277410056CE2F /* ChatRoomService.swift in Sources */,
				A75510452B30308C00EB1DEE /* UserService.swift in Sources */,
				A73898812B3AAB200003966E /* ObservableObjectSettable.swift in Sources */,
				A753AC502B3178570070C6E6 /* UploadSourceType.swift in Sources */,
				A796D7D12B3288140056CE2F /* LMessengerNavigationStackView.swift in Sources */,
				A75606E12B318C7A001CA604 /* ChatRoomObject.swift in Sources */,
				A753AC522B317D740070C6E6 /* ImageCacheService.swift in Sources */,
				A76590AE2B33BFCA00F9E4F1 /* UploadError.swift in Sources */,
				A75510432B30306B00EB1DEE /* UserDBRepository.swift in Sources */,
				A75720912B2A8EF5006767DC /* ServiceError.swift in Sources */,
				A772CE9B2B3A8CA3007C55E2 /* AppearanceType.swift in Sources */,
				A796D7E32B32CD3D0056CE2F /* ChatObject.swift in Sources */,
				A796D7C42B327BD50056CE2F /* NavigationDestination.swift in Sources */,
				A75720832B2A87C6006767DC /* MainTabView.swift in Sources */,
				A73898832B3AAEE50003966E /* DBReference.swift in Sources */,
				A75510482B30313F00EB1DEE /* UserObject.swift in Sources */,
				A753AC2C2B311EE60070C6E6 /* Phase.swift in Sources */,
			);
			runOnlyForDeploymentPostprocessing = 0;
		};
		723ABD8F2AFFF1B900C260F1 /* Sources */ = {
			isa = PBXSourcesBuildPhase;
			buildActionMask = 2147483647;
			files = (
				A73898892B3ABDB60003966E /* ChatRoomServiceTests.swift in Sources */,
				A738988C2B3AC3FE0003966E /* ChatViewModelTests.swift in Sources */,
				A73898852B3AB75B0003966E /* UserDBRepositoryTests.swift in Sources */,
			);
			runOnlyForDeploymentPostprocessing = 0;
		};
/* End PBXSourcesBuildPhase section */

/* Begin PBXTargetDependency section */
		723ABD952AFFF1B900C260F1 /* PBXTargetDependency */ = {
			isa = PBXTargetDependency;
			target = 723ABD822AFFF1B800C260F1 /* LMessenger */;
			targetProxy = 723ABD942AFFF1B900C260F1 /* PBXContainerItemProxy */;
		};
/* End PBXTargetDependency section */

/* Begin XCBuildConfiguration section */
		723ABDA52AFFF1B900C260F1 /* Debug */ = {
			isa = XCBuildConfiguration;
			buildSettings = {
				ALWAYS_SEARCH_USER_PATHS = NO;
				CLANG_ANALYZER_NONNULL = YES;
				CLANG_ANALYZER_NUMBER_OBJECT_CONVERSION = YES_AGGRESSIVE;
				CLANG_CXX_LANGUAGE_STANDARD = "gnu++20";
				CLANG_ENABLE_MODULES = YES;
				CLANG_ENABLE_OBJC_ARC = YES;
				CLANG_ENABLE_OBJC_WEAK = YES;
				CLANG_WARN_BLOCK_CAPTURE_AUTORELEASING = YES;
				CLANG_WARN_BOOL_CONVERSION = YES;
				CLANG_WARN_COMMA = YES;
				CLANG_WARN_CONSTANT_CONVERSION = YES;
				CLANG_WARN_DEPRECATED_OBJC_IMPLEMENTATIONS = YES;
				CLANG_WARN_DIRECT_OBJC_ISA_USAGE = YES_ERROR;
				CLANG_WARN_DOCUMENTATION_COMMENTS = YES;
				CLANG_WARN_EMPTY_BODY = YES;
				CLANG_WARN_ENUM_CONVERSION = YES;
				CLANG_WARN_INFINITE_RECURSION = YES;
				CLANG_WARN_INT_CONVERSION = YES;
				CLANG_WARN_NON_LITERAL_NULL_CONVERSION = YES;
				CLANG_WARN_OBJC_IMPLICIT_RETAIN_SELF = YES;
				CLANG_WARN_OBJC_LITERAL_CONVERSION = YES;
				CLANG_WARN_OBJC_ROOT_CLASS = YES_ERROR;
				CLANG_WARN_QUOTED_INCLUDE_IN_FRAMEWORK_HEADER = YES;
				CLANG_WARN_RANGE_LOOP_ANALYSIS = YES;
				CLANG_WARN_STRICT_PROTOTYPES = YES;
				CLANG_WARN_SUSPICIOUS_MOVE = YES;
				CLANG_WARN_UNGUARDED_AVAILABILITY = YES_AGGRESSIVE;
				CLANG_WARN_UNREACHABLE_CODE = YES;
				CLANG_WARN__DUPLICATE_METHOD_MATCH = YES;
				COPY_PHASE_STRIP = NO;
				DEBUG_INFORMATION_FORMAT = dwarf;
				ENABLE_STRICT_OBJC_MSGSEND = YES;
				ENABLE_TESTABILITY = YES;
				GCC_C_LANGUAGE_STANDARD = gnu11;
				GCC_DYNAMIC_NO_PIC = NO;
				GCC_NO_COMMON_BLOCKS = YES;
				GCC_OPTIMIZATION_LEVEL = 0;
				GCC_PREPROCESSOR_DEFINITIONS = (
					"DEBUG=1",
					"$(inherited)",
				);
				GCC_WARN_64_TO_32_BIT_CONVERSION = YES;
				GCC_WARN_ABOUT_RETURN_TYPE = YES_ERROR;
				GCC_WARN_UNDECLARED_SELECTOR = YES;
				GCC_WARN_UNINITIALIZED_AUTOS = YES_AGGRESSIVE;
				GCC_WARN_UNUSED_FUNCTION = YES;
				GCC_WARN_UNUSED_VARIABLE = YES;
				IPHONEOS_DEPLOYMENT_TARGET = 16.4;
				MTL_ENABLE_DEBUG_INFO = INCLUDE_SOURCE;
				MTL_FAST_MATH = YES;
				ONLY_ACTIVE_ARCH = YES;
				SDKROOT = iphoneos;
				SWIFT_ACTIVE_COMPILATION_CONDITIONS = DEBUG;
				SWIFT_OPTIMIZATION_LEVEL = "-Onone";
			};
			name = Debug;
		};
		723ABDA62AFFF1B900C260F1 /* Release */ = {
			isa = XCBuildConfiguration;
			buildSettings = {
				ALWAYS_SEARCH_USER_PATHS = NO;
				CLANG_ANALYZER_NONNULL = YES;
				CLANG_ANALYZER_NUMBER_OBJECT_CONVERSION = YES_AGGRESSIVE;
				CLANG_CXX_LANGUAGE_STANDARD = "gnu++20";
				CLANG_ENABLE_MODULES = YES;
				CLANG_ENABLE_OBJC_ARC = YES;
				CLANG_ENABLE_OBJC_WEAK = YES;
				CLANG_WARN_BLOCK_CAPTURE_AUTORELEASING = YES;
				CLANG_WARN_BOOL_CONVERSION = YES;
				CLANG_WARN_COMMA = YES;
				CLANG_WARN_CONSTANT_CONVERSION = YES;
				CLANG_WARN_DEPRECATED_OBJC_IMPLEMENTATIONS = YES;
				CLANG_WARN_DIRECT_OBJC_ISA_USAGE = YES_ERROR;
				CLANG_WARN_DOCUMENTATION_COMMENTS = YES;
				CLANG_WARN_EMPTY_BODY = YES;
				CLANG_WARN_ENUM_CONVERSION = YES;
				CLANG_WARN_INFINITE_RECURSION = YES;
				CLANG_WARN_INT_CONVERSION = YES;
				CLANG_WARN_NON_LITERAL_NULL_CONVERSION = YES;
				CLANG_WARN_OBJC_IMPLICIT_RETAIN_SELF = YES;
				CLANG_WARN_OBJC_LITERAL_CONVERSION = YES;
				CLANG_WARN_OBJC_ROOT_CLASS = YES_ERROR;
				CLANG_WARN_QUOTED_INCLUDE_IN_FRAMEWORK_HEADER = YES;
				CLANG_WARN_RANGE_LOOP_ANALYSIS = YES;
				CLANG_WARN_STRICT_PROTOTYPES = YES;
				CLANG_WARN_SUSPICIOUS_MOVE = YES;
				CLANG_WARN_UNGUARDED_AVAILABILITY = YES_AGGRESSIVE;
				CLANG_WARN_UNREACHABLE_CODE = YES;
				CLANG_WARN__DUPLICATE_METHOD_MATCH = YES;
				COPY_PHASE_STRIP = NO;
				DEBUG_INFORMATION_FORMAT = "dwarf-with-dsym";
				ENABLE_NS_ASSERTIONS = NO;
				ENABLE_STRICT_OBJC_MSGSEND = YES;
				GCC_C_LANGUAGE_STANDARD = gnu11;
				GCC_NO_COMMON_BLOCKS = YES;
				GCC_WARN_64_TO_32_BIT_CONVERSION = YES;
				GCC_WARN_ABOUT_RETURN_TYPE = YES_ERROR;
				GCC_WARN_UNDECLARED_SELECTOR = YES;
				GCC_WARN_UNINITIALIZED_AUTOS = YES_AGGRESSIVE;
				GCC_WARN_UNUSED_FUNCTION = YES;
				GCC_WARN_UNUSED_VARIABLE = YES;
				IPHONEOS_DEPLOYMENT_TARGET = 16.4;
				MTL_ENABLE_DEBUG_INFO = NO;
				MTL_FAST_MATH = YES;
				SDKROOT = iphoneos;
				SWIFT_COMPILATION_MODE = wholemodule;
				SWIFT_OPTIMIZATION_LEVEL = "-O";
				VALIDATE_PRODUCT = YES;
			};
			name = Release;
		};
		723ABDA82AFFF1B900C260F1 /* Debug */ = {
			isa = XCBuildConfiguration;
			buildSettings = {
				ASSETCATALOG_COMPILER_APPICON_NAME = AppIcon;
				ASSETCATALOG_COMPILER_GLOBAL_ACCENT_COLOR_NAME = AccentColor;
				CODE_SIGN_STYLE = Automatic;
				CURRENT_PROJECT_VERSION = 1;
				DEVELOPMENT_ASSET_PATHS = "\"LMessenger/Preview Content\"";
				DEVELOPMENT_TEAM = YC94UC2KCQ;
				ENABLE_PREVIEWS = YES;
				GENERATE_INFOPLIST_FILE = YES;
				INFOPLIST_FILE = LMessenger/Info.plist;
				INFOPLIST_KEY_NSContactsUsageDescription = "연락처에서 친구 목록을 가져옵니다";
				INFOPLIST_KEY_UIApplicationSceneManifest_Generation = YES;
				INFOPLIST_KEY_UIApplicationSupportsIndirectInputEvents = YES;
				INFOPLIST_KEY_UILaunchStoryboardName = LaunchScreen;
				INFOPLIST_KEY_UISupportedInterfaceOrientations_iPad = "UIInterfaceOrientationPortrait UIInterfaceOrientationPortraitUpsideDown UIInterfaceOrientationLandscapeLeft UIInterfaceOrientationLandscapeRight";
				INFOPLIST_KEY_UISupportedInterfaceOrientations_iPhone = "UIInterfaceOrientationPortrait UIInterfaceOrientationLandscapeLeft UIInterfaceOrientationLandscapeRight";
				IPHONEOS_DEPLOYMENT_TARGET = 16.0;
				LD_RUNPATH_SEARCH_PATHS = (
					"$(inherited)",
					"@executable_path/Frameworks",
				);
				MARKETING_VERSION = 1.0;
				PRODUCT_BUNDLE_IDENTIFIER = com.fastcampus.LMessenger.oliver;
				PRODUCT_NAME = "$(TARGET_NAME)";
				SWIFT_EMIT_LOC_STRINGS = YES;
				SWIFT_VERSION = 5.0;
				TARGETED_DEVICE_FAMILY = "1,2";
			};
			name = Debug;
		};
		723ABDA92AFFF1B900C260F1 /* Release */ = {
			isa = XCBuildConfiguration;
			buildSettings = {
				ASSETCATALOG_COMPILER_APPICON_NAME = AppIcon;
				ASSETCATALOG_COMPILER_GLOBAL_ACCENT_COLOR_NAME = AccentColor;
				CODE_SIGN_STYLE = Automatic;
				CURRENT_PROJECT_VERSION = 1;
				DEVELOPMENT_ASSET_PATHS = "\"LMessenger/Preview Content\"";
				DEVELOPMENT_TEAM = YC94UC2KCQ;
				ENABLE_PREVIEWS = YES;
				GENERATE_INFOPLIST_FILE = YES;
				INFOPLIST_FILE = LMessenger/Info.plist;
				INFOPLIST_KEY_NSContactsUsageDescription = "연락처에서 친구 목록을 가져옵니다";
				INFOPLIST_KEY_UIApplicationSceneManifest_Generation = YES;
				INFOPLIST_KEY_UIApplicationSupportsIndirectInputEvents = YES;
				INFOPLIST_KEY_UILaunchStoryboardName = LaunchScreen;
				INFOPLIST_KEY_UISupportedInterfaceOrientations_iPad = "UIInterfaceOrientationPortrait UIInterfaceOrientationPortraitUpsideDown UIInterfaceOrientationLandscapeLeft UIInterfaceOrientationLandscapeRight";
				INFOPLIST_KEY_UISupportedInterfaceOrientations_iPhone = "UIInterfaceOrientationPortrait UIInterfaceOrientationLandscapeLeft UIInterfaceOrientationLandscapeRight";
				IPHONEOS_DEPLOYMENT_TARGET = 16.0;
				LD_RUNPATH_SEARCH_PATHS = (
					"$(inherited)",
					"@executable_path/Frameworks",
				);
				MARKETING_VERSION = 1.0;
				PRODUCT_BUNDLE_IDENTIFIER = com.fastcampus.LMessenger.oliver;
				PRODUCT_NAME = "$(TARGET_NAME)";
				SWIFT_EMIT_LOC_STRINGS = YES;
				SWIFT_VERSION = 5.0;
				TARGETED_DEVICE_FAMILY = "1,2";
			};
			name = Release;
		};
		723ABDAB2AFFF1B900C260F1 /* Debug */ = {
			isa = XCBuildConfiguration;
			buildSettings = {
				ALWAYS_EMBED_SWIFT_STANDARD_LIBRARIES = YES;
				BUNDLE_LOADER = "$(TEST_HOST)";
				CODE_SIGN_STYLE = Automatic;
				CURRENT_PROJECT_VERSION = 1;
				DEVELOPMENT_TEAM = 3TJC44V5L9;
				GENERATE_INFOPLIST_FILE = YES;
				IPHONEOS_DEPLOYMENT_TARGET = 16.0;
				MARKETING_VERSION = 1.0;
				PRODUCT_BUNDLE_IDENTIFIER = com.fastcampus.LMessengerTests;
				PRODUCT_NAME = "$(TARGET_NAME)";
				SWIFT_EMIT_LOC_STRINGS = NO;
				SWIFT_VERSION = 5.0;
				TARGETED_DEVICE_FAMILY = "1,2";
				TEST_HOST = "$(BUILT_PRODUCTS_DIR)/LMessenger.app/$(BUNDLE_EXECUTABLE_FOLDER_PATH)/LMessenger";
			};
			name = Debug;
		};
		723ABDAC2AFFF1B900C260F1 /* Release */ = {
			isa = XCBuildConfiguration;
			buildSettings = {
				ALWAYS_EMBED_SWIFT_STANDARD_LIBRARIES = YES;
				BUNDLE_LOADER = "$(TEST_HOST)";
				CODE_SIGN_STYLE = Automatic;
				CURRENT_PROJECT_VERSION = 1;
				DEVELOPMENT_TEAM = 3TJC44V5L9;
				GENERATE_INFOPLIST_FILE = YES;
				IPHONEOS_DEPLOYMENT_TARGET = 16.0;
				MARKETING_VERSION = 1.0;
				PRODUCT_BUNDLE_IDENTIFIER = com.fastcampus.LMessengerTests;
				PRODUCT_NAME = "$(TARGET_NAME)";
				SWIFT_EMIT_LOC_STRINGS = NO;
				SWIFT_VERSION = 5.0;
				TARGETED_DEVICE_FAMILY = "1,2";
				TEST_HOST = "$(BUILT_PRODUCTS_DIR)/LMessenger.app/$(BUNDLE_EXECUTABLE_FOLDER_PATH)/LMessenger";
			};
			name = Release;
		};
/* End XCBuildConfiguration section */

/* Begin XCConfigurationList section */
		723ABD7E2AFFF1B800C260F1 /* Build configuration list for PBXProject "LMessenger" */ = {
			isa = XCConfigurationList;
			buildConfigurations = (
				723ABDA52AFFF1B900C260F1 /* Debug */,
				723ABDA62AFFF1B900C260F1 /* Release */,
			);
			defaultConfigurationIsVisible = 0;
			defaultConfigurationName = Release;
		};
		723ABDA72AFFF1B900C260F1 /* Build configuration list for PBXNativeTarget "LMessenger" */ = {
			isa = XCConfigurationList;
			buildConfigurations = (
				723ABDA82AFFF1B900C260F1 /* Debug */,
				723ABDA92AFFF1B900C260F1 /* Release */,
			);
			defaultConfigurationIsVisible = 0;
			defaultConfigurationName = Release;
		};
		723ABDAA2AFFF1B900C260F1 /* Build configuration list for PBXNativeTarget "LMessengerTests" */ = {
			isa = XCConfigurationList;
			buildConfigurations = (
				723ABDAB2AFFF1B900C260F1 /* Debug */,
				723ABDAC2AFFF1B900C260F1 /* Release */,
			);
			defaultConfigurationIsVisible = 0;
			defaultConfigurationName = Release;
		};
/* End XCConfigurationList section */

/* Begin XCRemoteSwiftPackageReference section */
		A75720402B2A83F5006767DC /* XCRemoteSwiftPackageReference "firebase-ios-sdk" */ = {
			isa = XCRemoteSwiftPackageReference;
			repositoryURL = "https://github.com/firebase/firebase-ios-sdk.git";
			requirement = {
				kind = upToNextMajorVersion;
				minimumVersion = 10.19.1;
			};
		};
		A75720882B2A8DB1006767DC /* XCRemoteSwiftPackageReference "GoogleSignIn-iOS" */ = {
			isa = XCRemoteSwiftPackageReference;
			repositoryURL = "https://github.com/google/GoogleSignIn-iOS";
			requirement = {
				kind = upToNextMajorVersion;
				minimumVersion = 7.0.0;
			};
		};
		A757209A2B2A9FFD006767DC /* XCRemoteSwiftPackageReference "swiftui-introspect" */ = {
			isa = XCRemoteSwiftPackageReference;
			repositoryURL = "https://github.com/siteline/swiftui-introspect";
			requirement = {
				kind = upToNextMajorVersion;
				minimumVersion = 1.1.1;
			};
		};
/* End XCRemoteSwiftPackageReference section */

/* Begin XCSwiftPackageProductDependency section */
		A757204D2B2A83F5006767DC /* FirebaseAuth */ = {
			isa = XCSwiftPackageProductDependency;
			package = A75720402B2A83F5006767DC /* XCRemoteSwiftPackageReference "firebase-ios-sdk" */;
			productName = FirebaseAuth;
		};
		A757204F2B2A83F5006767DC /* FirebaseAuthCombine-Community */ = {
			isa = XCSwiftPackageProductDependency;
			package = A75720402B2A83F5006767DC /* XCRemoteSwiftPackageReference "firebase-ios-sdk" */;
			productName = "FirebaseAuthCombine-Community";
		};
		A75720532B2A83F5006767DC /* FirebaseDatabase */ = {
			isa = XCSwiftPackageProductDependency;
			package = A75720402B2A83F5006767DC /* XCRemoteSwiftPackageReference "firebase-ios-sdk" */;
			productName = FirebaseDatabase;
		};
		A75720552B2A83F5006767DC /* FirebaseDatabaseSwift */ = {
			isa = XCSwiftPackageProductDependency;
			package = A75720402B2A83F5006767DC /* XCRemoteSwiftPackageReference "firebase-ios-sdk" */;
			productName = FirebaseDatabaseSwift;
		};
		A75720732B2A83F5006767DC /* FirebaseStorage */ = {
			isa = XCSwiftPackageProductDependency;
			package = A75720402B2A83F5006767DC /* XCRemoteSwiftPackageReference "firebase-ios-sdk" */;
			productName = FirebaseStorage;
		};
		A75720752B2A83F5006767DC /* FirebaseStorageCombine-Community */ = {
			isa = XCSwiftPackageProductDependency;
			package = A75720402B2A83F5006767DC /* XCRemoteSwiftPackageReference "firebase-ios-sdk" */;
			productName = "FirebaseStorageCombine-Community";
		};
		A75720892B2A8DB1006767DC /* GoogleSignIn */ = {
			isa = XCSwiftPackageProductDependency;
			package = A75720882B2A8DB1006767DC /* XCRemoteSwiftPackageReference "GoogleSignIn-iOS" */;
			productName = GoogleSignIn;
		};
		A757208B2B2A8DB1006767DC /* GoogleSignInSwift */ = {
			isa = XCSwiftPackageProductDependency;
			package = A75720882B2A8DB1006767DC /* XCRemoteSwiftPackageReference "GoogleSignIn-iOS" */;
			productName = GoogleSignInSwift;
		};
		A757209B2B2A9FFD006767DC /* SwiftUIIntrospect */ = {
			isa = XCSwiftPackageProductDependency;
			package = A757209A2B2A9FFD006767DC /* XCRemoteSwiftPackageReference "swiftui-introspect" */;
			productName = SwiftUIIntrospect;
		};
/* End XCSwiftPackageProductDependency section */

/* Begin XCVersionGroup section */
		A76590BA2B34088D00F9E4F1 /* Search.xcdatamodeld */ = {
			isa = XCVersionGroup;
			children = (
				A76590BB2B34088D00F9E4F1 /* Search.xcdatamodel */,
			);
			currentVersion = A76590BB2B34088D00F9E4F1 /* Search.xcdatamodel */;
			path = Search.xcdatamodeld;
			sourceTree = "<group>";
			versionGroupType = wrapper.xcdatamodel;
		};
/* End XCVersionGroup section */
	};
	rootObject = 723ABD7B2AFFF1B800C260F1 /* Project object */;
}
