// !$*UTF8*$!
{
	archiveVersion = 1;
	classes = {
	};
	objectVersion = 56;
	objects = {

/* Begin PBXBuildFile section */
		18703D2B2AFBA840007CAA6A /* HomeViewController.swift in Sources */ = {isa = PBXBuildFile; fileRef = 18703D2A2AFBA840007CAA6A /* HomeViewController.swift */; };
		18703D322AFBA9AA007CAA6A /* HomeVideoCell.swift in Sources */ = {isa = PBXBuildFile; fileRef = 18703D302AFBA9AA007CAA6A /* HomeVideoCell.swift */; };
		18703D332AFBA9AA007CAA6A /* HomeVideoCell.xib in Resources */ = {isa = PBXBuildFile; fileRef = 18703D312AFBA9AA007CAA6A /* HomeVideoCell.xib */; };
		18703D352AFBBCB5007CAA6A /* HomeSection.swift in Sources */ = {isa = PBXBuildFile; fileRef = 18703D342AFBBCB5007CAA6A /* HomeSection.swift */; };
		18703D392AFBBF81007CAA6A /* TabBarController.swift in Sources */ = {isa = PBXBuildFile; fileRef = 18703D382AFBBF81007CAA6A /* TabBarController.swift */; };
		18BCA14B2AFCF83F00425F66 /* HomeHeaderView.swift in Sources */ = {isa = PBXBuildFile; fileRef = 18BCA1492AFCF83F00425F66 /* HomeHeaderView.swift */; };
		18BCA14C2AFCF83F00425F66 /* HomeHeaderView.xib in Resources */ = {isa = PBXBuildFile; fileRef = 18BCA14A2AFCF83F00425F66 /* HomeHeaderView.xib */; };
		18BCA14F2AFCFB7D00425F66 /* HomeFooterView.swift in Sources */ = {isa = PBXBuildFile; fileRef = 18BCA14D2AFCFB7D00425F66 /* HomeFooterView.swift */; };
		18BCA1502AFCFB7D00425F66 /* HomeFooterView.xib in Resources */ = {isa = PBXBuildFile; fileRef = 18BCA14E2AFCFB7D00425F66 /* HomeFooterView.xib */; };
		18BCA1532AFCFFB800425F66 /* HomeRecommendContainerCell.swift in Sources */ = {isa = PBXBuildFile; fileRef = 18BCA1512AFCFFB800425F66 /* HomeRecommendContainerCell.swift */; };
		18BCA1542AFCFFB800425F66 /* HomeRecommendContainerCell.xib in Resources */ = {isa = PBXBuildFile; fileRef = 18BCA1522AFCFFB800425F66 /* HomeRecommendContainerCell.xib */; };
		18BCA1592AFD043100425F66 /* VideoListItemCell.swift in Sources */ = {isa = PBXBuildFile; fileRef = 18BCA1572AFD043100425F66 /* VideoListItemCell.swift */; };
		18BCA15A2AFD043100425F66 /* VideoListItemCell.xib in Resources */ = {isa = PBXBuildFile; fileRef = 18BCA1582AFD043100425F66 /* VideoListItemCell.xib */; };
		68CA313C2AAA292900A744AF /* Color.xcassets in Resources */ = {isa = PBXBuildFile; fileRef = 68CA313B2AAA292900A744AF /* Color.xcassets */; };
		95E70C962AA8B93B007BAD7B /* AppDelegate.swift in Sources */ = {isa = PBXBuildFile; fileRef = 95E70C952AA8B93B007BAD7B /* AppDelegate.swift */; };
		95E70C982AA8B93B007BAD7B /* SceneDelegate.swift in Sources */ = {isa = PBXBuildFile; fileRef = 95E70C972AA8B93B007BAD7B /* SceneDelegate.swift */; };
		95E70C9A2AA8B93B007BAD7B /* LoginViewController.swift in Sources */ = {isa = PBXBuildFile; fileRef = 95E70C992AA8B93B007BAD7B /* LoginViewController.swift */; };
		95E70C9D2AA8B93B007BAD7B /* Main.storyboard in Resources */ = {isa = PBXBuildFile; fileRef = 95E70C9B2AA8B93B007BAD7B /* Main.storyboard */; };
		95E70C9F2AA8B93D007BAD7B /* Assets.xcassets in Resources */ = {isa = PBXBuildFile; fileRef = 95E70C9E2AA8B93D007BAD7B /* Assets.xcassets */; };
		95E70CA22AA8B93D007BAD7B /* LaunchScreen.storyboard in Resources */ = {isa = PBXBuildFile; fileRef = 95E70CA02AA8B93D007BAD7B /* LaunchScreen.storyboard */; };
		95E70CAD2AA8B93D007BAD7B /* KTVTests.swift in Sources */ = {isa = PBXBuildFile; fileRef = 95E70CAC2AA8B93D007BAD7B /* KTVTests.swift */; };
		95E70CB72AA8B93D007BAD7B /* KTVUITests.swift in Sources */ = {isa = PBXBuildFile; fileRef = 95E70CB62AA8B93D007BAD7B /* KTVUITests.swift */; };
		95E70CB92AA8B93D007BAD7B /* KTVUITestsLaunchTests.swift in Sources */ = {isa = PBXBuildFile; fileRef = 95E70CB82AA8B93D007BAD7B /* KTVUITestsLaunchTests.swift */; };
		A75B53362B01C4BE00CD301B /* HomeRankingContainerCell.swift in Sources */ = {isa = PBXBuildFile; fileRef = A75B53342B01C4BE00CD301B /* HomeRankingContainerCell.swift */; };
		A75B53372B01C4BE00CD301B /* HomeRankingContainerCell.xib in Resources */ = {isa = PBXBuildFile; fileRef = A75B53352B01C4BE00CD301B /* HomeRankingContainerCell.xib */; };
		A75B53402B01C75B00CD301B /* HomeRankingItemCell.swift in Sources */ = {isa = PBXBuildFile; fileRef = A75B533E2B01C75B00CD301B /* HomeRankingItemCell.swift */; };
		A75B53412B01C75B00CD301B /* HomeRankingItemCell.xib in Resources */ = {isa = PBXBuildFile; fileRef = A75B533F2B01C75B00CD301B /* HomeRankingItemCell.xib */; };
		A75B53442B01CF7600CD301B /* HomeRecentWatchContainerCell.swift in Sources */ = {isa = PBXBuildFile; fileRef = A75B53422B01CF7600CD301B /* HomeRecentWatchContainerCell.swift */; };
		A75B53452B01CF7600CD301B /* HomeRecentWatchContainerCell.xib in Resources */ = {isa = PBXBuildFile; fileRef = A75B53432B01CF7600CD301B /* HomeRecentWatchContainerCell.xib */; };
		A75B534A2B01CF9400CD301B /* HomeRecentWatchItemCell.swift in Sources */ = {isa = PBXBuildFile; fileRef = A75B53482B01CF9400CD301B /* HomeRecentWatchItemCell.swift */; };
		A75B534B2B01CF9400CD301B /* HomeRecentWatchItemCell.xib in Resources */ = {isa = PBXBuildFile; fileRef = A75B53492B01CF9400CD301B /* HomeRecentWatchItemCell.xib */; };
		A75B53632B01E13100CD301B /* Home.swift in Sources */ = {isa = PBXBuildFile; fileRef = A75B53622B01E13100CD301B /* Home.swift */; };
		A75B53652B01EB5400CD301B /* HomeViewModel.swift in Sources */ = {isa = PBXBuildFile; fileRef = A75B53642B01EB5400CD301B /* HomeViewModel.swift */; };
		A75B536C2B01EBE500CD301B /* bookmark.json in Resources */ = {isa = PBXBuildFile; fileRef = A75B53672B01EBE500CD301B /* bookmark.json */; };
		A75B536D2B01EBE500CD301B /* video.json in Resources */ = {isa = PBXBuildFile; fileRef = A75B53682B01EBE500CD301B /* video.json */; };
		A75B536E2B01EBE500CD301B /* home.json in Resources */ = {isa = PBXBuildFile; fileRef = A75B53692B01EBE500CD301B /* home.json */; };
		A75B536F2B01EBE500CD301B /* live.json in Resources */ = {isa = PBXBuildFile; fileRef = A75B536A2B01EBE500CD301B /* live.json */; };
		A75B53702B01EBE500CD301B /* favorite.json in Resources */ = {isa = PBXBuildFile; fileRef = A75B536B2B01EBE500CD301B /* favorite.json */; };
		A75B53732B01EF1D00CD301B /* URLDefines.swift in Sources */ = {isa = PBXBuildFile; fileRef = A75B53722B01EF1D00CD301B /* URLDefines.swift */; };
		A75B53772B01EF7800CD301B /* DataLoader.swift in Sources */ = {isa = PBXBuildFile; fileRef = A75B53752B01EF7800CD301B /* DataLoader.swift */; };
		A75B53782B01EF7800CD301B /* UIImageView+Task.swift in Sources */ = {isa = PBXBuildFile; fileRef = A75B53762B01EF7800CD301B /* UIImageView+Task.swift */; };
		A75B537A2B01FCAB00CD301B /* HomeRecommendViewModel.swift in Sources */ = {isa = PBXBuildFile; fileRef = A75B53792B01FCAB00CD301B /* HomeRecommendViewModel.swift */; };
		A761BFB92B031C8C00263C07 /* MyViewController.swift in Sources */ = {isa = PBXBuildFile; fileRef = A761BFB82B031C8C00263C07 /* MyViewController.swift */; };
		A761BFBD2B031D3F00263C07 /* BookmarkViewController.swift in Sources */ = {isa = PBXBuildFile; fileRef = A761BFBC2B031D3F00263C07 /* BookmarkViewController.swift */; };
		A761BFBF2B031D8400263C07 /* Bookmark.swift in Sources */ = {isa = PBXBuildFile; fileRef = A761BFBE2B031D8400263C07 /* Bookmark.swift */; };
		A761BFC12B031D8D00263C07 /* Favorite.swift in Sources */ = {isa = PBXBuildFile; fileRef = A761BFC02B031D8D00263C07 /* Favorite.swift */; };
		A761BFC42B031E0C00263C07 /* BookmarkCell.swift in Sources */ = {isa = PBXBuildFile; fileRef = A761BFC22B031E0C00263C07 /* BookmarkCell.swift */; };
		A761BFC52B031E0C00263C07 /* BookmarkCell.xib in Resources */ = {isa = PBXBuildFile; fileRef = A761BFC32B031E0C00263C07 /* BookmarkCell.xib */; };
		A761BFC72B03200300263C07 /* BookmarkViewModel.swift in Sources */ = {isa = PBXBuildFile; fileRef = A761BFC62B03200300263C07 /* BookmarkViewModel.swift */; };
		A761BFC92B0324FB00263C07 /* VideoListItem.swift in Sources */ = {isa = PBXBuildFile; fileRef = A761BFC82B0324FB00263C07 /* VideoListItem.swift */; };
		A761BFCB2B03251A00263C07 /* FavoriteViewController.swift in Sources */ = {isa = PBXBuildFile; fileRef = A761BFCA2B03251A00263C07 /* FavoriteViewController.swift */; };
		A761BFCD2B0325A100263C07 /* FavoriteViewModel.swift in Sources */ = {isa = PBXBuildFile; fileRef = A761BFCC2B0325A100263C07 /* FavoriteViewModel.swift */; };
		A761BFD12B03367100263C07 /* NavigationController.swift in Sources */ = {isa = PBXBuildFile; fileRef = A761BFD02B03367100263C07 /* NavigationController.swift */; };
		A761BFEA2B03550B00263C07 /* VideoViewController.swift in Sources */ = {isa = PBXBuildFile; fileRef = A761BFE82B03550B00263C07 /* VideoViewController.swift */; };
		A761BFEB2B03550B00263C07 /* VideoViewController.xib in Resources */ = {isa = PBXBuildFile; fileRef = A761BFE92B03550B00263C07 /* VideoViewController.xib */; };
		A761BFEF2B03667900263C07 /* MoreViewController.swift in Sources */ = {isa = PBXBuildFile; fileRef = A761BFED2B03667900263C07 /* MoreViewController.swift */; };
		A761BFF02B03667900263C07 /* MoreViewController.xib in Resources */ = {isa = PBXBuildFile; fileRef = A761BFEE2B03667900263C07 /* MoreViewController.xib */; };
		A761BFF32B0368FF00263C07 /* MoreTableViewCell.swift in Sources */ = {isa = PBXBuildFile; fileRef = A761BFF12B0368FF00263C07 /* MoreTableViewCell.swift */; };
		A761BFF42B0368FF00263C07 /* MoreTableViewCell.xib in Resources */ = {isa = PBXBuildFile; fileRef = A761BFF22B0368FF00263C07 /* MoreTableViewCell.xib */; };
/* End PBXBuildFile section */

/* Begin PBXContainerItemProxy section */
		95E70CA92AA8B93D007BAD7B /* PBXContainerItemProxy */ = {
			isa = PBXContainerItemProxy;
			containerPortal = 95E70C8A2AA8B93B007BAD7B /* Project object */;
			proxyType = 1;
			remoteGlobalIDString = 95E70C912AA8B93B007BAD7B;
			remoteInfo = KTV;
		};
		95E70CB32AA8B93D007BAD7B /* PBXContainerItemProxy */ = {
			isa = PBXContainerItemProxy;
			containerPortal = 95E70C8A2AA8B93B007BAD7B /* Project object */;
			proxyType = 1;
			remoteGlobalIDString = 95E70C912AA8B93B007BAD7B;
			remoteInfo = KTV;
		};
/* End PBXContainerItemProxy section */

/* Begin PBXFileReference section */
		18703D2A2AFBA840007CAA6A /* HomeViewController.swift */ = {isa = PBXFileReference; lastKnownFileType = sourcecode.swift; path = HomeViewController.swift; sourceTree = "<group>"; };
		18703D302AFBA9AA007CAA6A /* HomeVideoCell.swift */ = {isa = PBXFileReference; lastKnownFileType = sourcecode.swift; path = HomeVideoCell.swift; sourceTree = "<group>"; };
		18703D312AFBA9AA007CAA6A /* HomeVideoCell.xib */ = {isa = PBXFileReference; lastKnownFileType = file.xib; path = HomeVideoCell.xib; sourceTree = "<group>"; };
		18703D342AFBBCB5007CAA6A /* HomeSection.swift */ = {isa = PBXFileReference; lastKnownFileType = sourcecode.swift; path = HomeSection.swift; sourceTree = "<group>"; };
		18703D382AFBBF81007CAA6A /* TabBarController.swift */ = {isa = PBXFileReference; lastKnownFileType = sourcecode.swift; path = TabBarController.swift; sourceTree = "<group>"; };
		18BCA1492AFCF83F00425F66 /* HomeHeaderView.swift */ = {isa = PBXFileReference; lastKnownFileType = sourcecode.swift; path = HomeHeaderView.swift; sourceTree = "<group>"; };
		18BCA14A2AFCF83F00425F66 /* HomeHeaderView.xib */ = {isa = PBXFileReference; lastKnownFileType = file.xib; path = HomeHeaderView.xib; sourceTree = "<group>"; };
		18BCA14D2AFCFB7D00425F66 /* HomeFooterView.swift */ = {isa = PBXFileReference; lastKnownFileType = sourcecode.swift; path = HomeFooterView.swift; sourceTree = "<group>"; };
		18BCA14E2AFCFB7D00425F66 /* HomeFooterView.xib */ = {isa = PBXFileReference; lastKnownFileType = file.xib; path = HomeFooterView.xib; sourceTree = "<group>"; };
		18BCA1512AFCFFB800425F66 /* HomeRecommendContainerCell.swift */ = {isa = PBXFileReference; lastKnownFileType = sourcecode.swift; path = HomeRecommendContainerCell.swift; sourceTree = "<group>"; };
		18BCA1522AFCFFB800425F66 /* HomeRecommendContainerCell.xib */ = {isa = PBXFileReference; lastKnownFileType = file.xib; path = HomeRecommendContainerCell.xib; sourceTree = "<group>"; };
		18BCA1572AFD043100425F66 /* VideoListItemCell.swift */ = {isa = PBXFileReference; lastKnownFileType = sourcecode.swift; path = VideoListItemCell.swift; sourceTree = "<group>"; };
		18BCA1582AFD043100425F66 /* VideoListItemCell.xib */ = {isa = PBXFileReference; lastKnownFileType = file.xib; path = VideoListItemCell.xib; sourceTree = "<group>"; };
		68CA313B2AAA292900A744AF /* Color.xcassets */ = {isa = PBXFileReference; lastKnownFileType = folder.assetcatalog; path = Color.xcassets; sourceTree = "<group>"; };
		95E70C922AA8B93B007BAD7B /* KTV.app */ = {isa = PBXFileReference; explicitFileType = wrapper.application; includeInIndex = 0; path = KTV.app; sourceTree = BUILT_PRODUCTS_DIR; };
		95E70C952AA8B93B007BAD7B /* AppDelegate.swift */ = {isa = PBXFileReference; lastKnownFileType = sourcecode.swift; path = AppDelegate.swift; sourceTree = "<group>"; };
		95E70C972AA8B93B007BAD7B /* SceneDelegate.swift */ = {isa = PBXFileReference; lastKnownFileType = sourcecode.swift; path = SceneDelegate.swift; sourceTree = "<group>"; };
		95E70C992AA8B93B007BAD7B /* LoginViewController.swift */ = {isa = PBXFileReference; lastKnownFileType = sourcecode.swift; path = LoginViewController.swift; sourceTree = "<group>"; };
		95E70C9C2AA8B93B007BAD7B /* Base */ = {isa = PBXFileReference; lastKnownFileType = file.storyboard; name = Base; path = Base.lproj/Main.storyboard; sourceTree = "<group>"; };
		95E70C9E2AA8B93D007BAD7B /* Assets.xcassets */ = {isa = PBXFileReference; lastKnownFileType = folder.assetcatalog; path = Assets.xcassets; sourceTree = "<group>"; };
		95E70CA12AA8B93D007BAD7B /* Base */ = {isa = PBXFileReference; lastKnownFileType = file.storyboard; name = Base; path = Base.lproj/LaunchScreen.storyboard; sourceTree = "<group>"; };
		95E70CA32AA8B93D007BAD7B /* Info.plist */ = {isa = PBXFileReference; lastKnownFileType = text.plist.xml; path = Info.plist; sourceTree = "<group>"; };
		95E70CA82AA8B93D007BAD7B /* KTVTests.xctest */ = {isa = PBXFileReference; explicitFileType = wrapper.cfbundle; includeInIndex = 0; path = KTVTests.xctest; sourceTree = BUILT_PRODUCTS_DIR; };
		95E70CAC2AA8B93D007BAD7B /* KTVTests.swift */ = {isa = PBXFileReference; lastKnownFileType = sourcecode.swift; path = KTVTests.swift; sourceTree = "<group>"; };
		95E70CB22AA8B93D007BAD7B /* KTVUITests.xctest */ = {isa = PBXFileReference; explicitFileType = wrapper.cfbundle; includeInIndex = 0; path = KTVUITests.xctest; sourceTree = BUILT_PRODUCTS_DIR; };
		95E70CB62AA8B93D007BAD7B /* KTVUITests.swift */ = {isa = PBXFileReference; lastKnownFileType = sourcecode.swift; path = KTVUITests.swift; sourceTree = "<group>"; };
		95E70CB82AA8B93D007BAD7B /* KTVUITestsLaunchTests.swift */ = {isa = PBXFileReference; lastKnownFileType = sourcecode.swift; path = KTVUITestsLaunchTests.swift; sourceTree = "<group>"; };
		A75B53342B01C4BE00CD301B /* HomeRankingContainerCell.swift */ = {isa = PBXFileReference; lastKnownFileType = sourcecode.swift; path = HomeRankingContainerCell.swift; sourceTree = "<group>"; };
		A75B53352B01C4BE00CD301B /* HomeRankingContainerCell.xib */ = {isa = PBXFileReference; lastKnownFileType = file.xib; path = HomeRankingContainerCell.xib; sourceTree = "<group>"; };
		A75B533E2B01C75B00CD301B /* HomeRankingItemCell.swift */ = {isa = PBXFileReference; lastKnownFileType = sourcecode.swift; path = HomeRankingItemCell.swift; sourceTree = "<group>"; };
		A75B533F2B01C75B00CD301B /* HomeRankingItemCell.xib */ = {isa = PBXFileReference; lastKnownFileType = file.xib; path = HomeRankingItemCell.xib; sourceTree = "<group>"; };
		A75B53422B01CF7600CD301B /* HomeRecentWatchContainerCell.swift */ = {isa = PBXFileReference; lastKnownFileType = sourcecode.swift; path = HomeRecentWatchContainerCell.swift; sourceTree = "<group>"; };
		A75B53432B01CF7600CD301B /* HomeRecentWatchContainerCell.xib */ = {isa = PBXFileReference; lastKnownFileType = file.xib; path = HomeRecentWatchContainerCell.xib; sourceTree = "<group>"; };
		A75B53482B01CF9400CD301B /* HomeRecentWatchItemCell.swift */ = {isa = PBXFileReference; lastKnownFileType = sourcecode.swift; path = HomeRecentWatchItemCell.swift; sourceTree = "<group>"; };
		A75B53492B01CF9400CD301B /* HomeRecentWatchItemCell.xib */ = {isa = PBXFileReference; lastKnownFileType = file.xib; path = HomeRecentWatchItemCell.xib; sourceTree = "<group>"; };
		A75B53622B01E13100CD301B /* Home.swift */ = {isa = PBXFileReference; lastKnownFileType = sourcecode.swift; path = Home.swift; sourceTree = "<group>"; };
		A75B53642B01EB5400CD301B /* HomeViewModel.swift */ = {isa = PBXFileReference; lastKnownFileType = sourcecode.swift; path = HomeViewModel.swift; sourceTree = "<group>"; };
		A75B53672B01EBE500CD301B /* bookmark.json */ = {isa = PBXFileReference; fileEncoding = 4; lastKnownFileType = text.json; path = bookmark.json; sourceTree = "<group>"; };
		A75B53682B01EBE500CD301B /* video.json */ = {isa = PBXFileReference; fileEncoding = 4; lastKnownFileType = text.json; path = video.json; sourceTree = "<group>"; };
		A75B53692B01EBE500CD301B /* home.json */ = {isa = PBXFileReference; fileEncoding = 4; lastKnownFileType = text.json; path = home.json; sourceTree = "<group>"; };
		A75B536A2B01EBE500CD301B /* live.json */ = {isa = PBXFileReference; fileEncoding = 4; lastKnownFileType = text.json; path = live.json; sourceTree = "<group>"; };
		A75B536B2B01EBE500CD301B /* favorite.json */ = {isa = PBXFileReference; fileEncoding = 4; lastKnownFileType = text.json; path = favorite.json; sourceTree = "<group>"; };
		A75B53722B01EF1D00CD301B /* URLDefines.swift */ = {isa = PBXFileReference; lastKnownFileType = sourcecode.swift; path = URLDefines.swift; sourceTree = "<group>"; };
		A75B53752B01EF7800CD301B /* DataLoader.swift */ = {isa = PBXFileReference; fileEncoding = 4; lastKnownFileType = sourcecode.swift; path = DataLoader.swift; sourceTree = "<group>"; };
		A75B53762B01EF7800CD301B /* UIImageView+Task.swift */ = {isa = PBXFileReference; fileEncoding = 4; lastKnownFileType = sourcecode.swift; path = "UIImageView+Task.swift"; sourceTree = "<group>"; };
		A75B53792B01FCAB00CD301B /* HomeRecommendViewModel.swift */ = {isa = PBXFileReference; lastKnownFileType = sourcecode.swift; path = HomeRecommendViewModel.swift; sourceTree = "<group>"; };
		A761BFB82B031C8C00263C07 /* MyViewController.swift */ = {isa = PBXFileReference; lastKnownFileType = sourcecode.swift; path = MyViewController.swift; sourceTree = "<group>"; };
		A761BFBC2B031D3F00263C07 /* BookmarkViewController.swift */ = {isa = PBXFileReference; lastKnownFileType = sourcecode.swift; path = BookmarkViewController.swift; sourceTree = "<group>"; };
		A761BFBE2B031D8400263C07 /* Bookmark.swift */ = {isa = PBXFileReference; lastKnownFileType = sourcecode.swift; path = Bookmark.swift; sourceTree = "<group>"; };
		A761BFC02B031D8D00263C07 /* Favorite.swift */ = {isa = PBXFileReference; lastKnownFileType = sourcecode.swift; path = Favorite.swift; sourceTree = "<group>"; };
		A761BFC22B031E0C00263C07 /* BookmarkCell.swift */ = {isa = PBXFileReference; lastKnownFileType = sourcecode.swift; path = BookmarkCell.swift; sourceTree = "<group>"; };
		A761BFC32B031E0C00263C07 /* BookmarkCell.xib */ = {isa = PBXFileReference; lastKnownFileType = file.xib; path = BookmarkCell.xib; sourceTree = "<group>"; };
		A761BFC62B03200300263C07 /* BookmarkViewModel.swift */ = {isa = PBXFileReference; lastKnownFileType = sourcecode.swift; path = BookmarkViewModel.swift; sourceTree = "<group>"; };
		A761BFC82B0324FB00263C07 /* VideoListItem.swift */ = {isa = PBXFileReference; lastKnownFileType = sourcecode.swift; path = VideoListItem.swift; sourceTree = "<group>"; };
		A761BFCA2B03251A00263C07 /* FavoriteViewController.swift */ = {isa = PBXFileReference; lastKnownFileType = sourcecode.swift; path = FavoriteViewController.swift; sourceTree = "<group>"; };
		A761BFCC2B0325A100263C07 /* FavoriteViewModel.swift */ = {isa = PBXFileReference; lastKnownFileType = sourcecode.swift; path = FavoriteViewModel.swift; sourceTree = "<group>"; };
		A761BFD02B03367100263C07 /* NavigationController.swift */ = {isa = PBXFileReference; lastKnownFileType = sourcecode.swift; path = NavigationController.swift; sourceTree = "<group>"; };
		A761BFE82B03550B00263C07 /* VideoViewController.swift */ = {isa = PBXFileReference; lastKnownFileType = sourcecode.swift; path = VideoViewController.swift; sourceTree = "<group>"; };
		A761BFE92B03550B00263C07 /* VideoViewController.xib */ = {isa = PBXFileReference; lastKnownFileType = file.xib; path = VideoViewController.xib; sourceTree = "<group>"; };
		A761BFED2B03667900263C07 /* MoreViewController.swift */ = {isa = PBXFileReference; lastKnownFileType = sourcecode.swift; path = MoreViewController.swift; sourceTree = "<group>"; };
		A761BFEE2B03667900263C07 /* MoreViewController.xib */ = {isa = PBXFileReference; lastKnownFileType = file.xib; path = MoreViewController.xib; sourceTree = "<group>"; };
		A761BFF12B0368FF00263C07 /* MoreTableViewCell.swift */ = {isa = PBXFileReference; lastKnownFileType = sourcecode.swift; path = MoreTableViewCell.swift; sourceTree = "<group>"; };
		A761BFF22B0368FF00263C07 /* MoreTableViewCell.xib */ = {isa = PBXFileReference; lastKnownFileType = file.xib; path = MoreTableViewCell.xib; sourceTree = "<group>"; };
/* End PBXFileReference section */

/* Begin PBXFrameworksBuildPhase section */
		95E70C8F2AA8B93B007BAD7B /* Frameworks */ = {
			isa = PBXFrameworksBuildPhase;
			buildActionMask = 2147483647;
			files = (
			);
			runOnlyForDeploymentPostprocessing = 0;
		};
		95E70CA52AA8B93D007BAD7B /* Frameworks */ = {
			isa = PBXFrameworksBuildPhase;
			buildActionMask = 2147483647;
			files = (
			);
			runOnlyForDeploymentPostprocessing = 0;
		};
		95E70CAF2AA8B93D007BAD7B /* Frameworks */ = {
			isa = PBXFrameworksBuildPhase;
			buildActionMask = 2147483647;
			files = (
			);
			runOnlyForDeploymentPostprocessing = 0;
		};
/* End PBXFrameworksBuildPhase section */

/* Begin PBXGroup section */
		18703D262AFBA7D9007CAA6A /* Home */ = {
			isa = PBXGroup;
			children = (
				18703D2C2AFBA948007CAA6A /* Cell */,
				18703D2A2AFBA840007CAA6A /* HomeViewController.swift */,
				A75B53642B01EB5400CD301B /* HomeViewModel.swift */,
				A75B53792B01FCAB00CD301B /* HomeRecommendViewModel.swift */,
				18703D342AFBBCB5007CAA6A /* HomeSection.swift */,
				18703D382AFBBF81007CAA6A /* TabBarController.swift */,
			);
			path = Home;
			sourceTree = "<group>";
		};
		18703D272AFBA7E6007CAA6A /* Login */ = {
			isa = PBXGroup;
			children = (
				95E70C992AA8B93B007BAD7B /* LoginViewController.swift */,
			);
			path = Login;
			sourceTree = "<group>";
		};
		18703D2C2AFBA948007CAA6A /* Cell */ = {
			isa = PBXGroup;
			children = (
				18703D302AFBA9AA007CAA6A /* HomeVideoCell.swift */,
				18703D312AFBA9AA007CAA6A /* HomeVideoCell.xib */,
				18BCA1492AFCF83F00425F66 /* HomeHeaderView.swift */,
				18BCA14A2AFCF83F00425F66 /* HomeHeaderView.xib */,
				18BCA14D2AFCFB7D00425F66 /* HomeFooterView.swift */,
				18BCA14E2AFCFB7D00425F66 /* HomeFooterView.xib */,
				18BCA1512AFCFFB800425F66 /* HomeRecommendContainerCell.swift */,
				18BCA1522AFCFFB800425F66 /* HomeRecommendContainerCell.xib */,
				18BCA1572AFD043100425F66 /* VideoListItemCell.swift */,
				18BCA1582AFD043100425F66 /* VideoListItemCell.xib */,
				A75B53342B01C4BE00CD301B /* HomeRankingContainerCell.swift */,
				A75B53352B01C4BE00CD301B /* HomeRankingContainerCell.xib */,
				A75B533E2B01C75B00CD301B /* HomeRankingItemCell.swift */,
				A75B533F2B01C75B00CD301B /* HomeRankingItemCell.xib */,
				A75B53422B01CF7600CD301B /* HomeRecentWatchContainerCell.swift */,
				A75B53432B01CF7600CD301B /* HomeRecentWatchContainerCell.xib */,
				A75B53482B01CF9400CD301B /* HomeRecentWatchItemCell.swift */,
				A75B53492B01CF9400CD301B /* HomeRecentWatchItemCell.xib */,
			);
			path = Cell;
			sourceTree = "<group>";
		};
		95E70C892AA8B93B007BAD7B = {
			isa = PBXGroup;
			children = (
				95E70C942AA8B93B007BAD7B /* KTV */,
				95E70CAB2AA8B93D007BAD7B /* KTVTests */,
				95E70CB52AA8B93D007BAD7B /* KTVUITests */,
				95E70C932AA8B93B007BAD7B /* Products */,
			);
			sourceTree = "<group>";
		};
		95E70C932AA8B93B007BAD7B /* Products */ = {
			isa = PBXGroup;
			children = (
				95E70C922AA8B93B007BAD7B /* KTV.app */,
				95E70CA82AA8B93D007BAD7B /* KTVTests.xctest */,
				95E70CB22AA8B93D007BAD7B /* KTVUITests.xctest */,
			);
			name = Products;
			sourceTree = "<group>";
		};
		95E70C942AA8B93B007BAD7B /* KTV */ = {
			isa = PBXGroup;
			children = (
				A761BFEC2B03666900263C07 /* More */,
				A761BFE72B0354F500263C07 /* Video */,
				A761BFB52B031C6F00263C07 /* My */,
				A75B53742B01EF7800CD301B /* Util */,
				A75B53712B01EF1400CD301B /* URLDefines */,
				A75B53662B01EBB800CD301B /* JSON */,
				A75B53612B01E12A00CD301B /* Model */,
				18703D272AFBA7E6007CAA6A /* Login */,
				18703D262AFBA7D9007CAA6A /* Home */,
				95E70C952AA8B93B007BAD7B /* AppDelegate.swift */,
				95E70C972AA8B93B007BAD7B /* SceneDelegate.swift */,
				95E70C9B2AA8B93B007BAD7B /* Main.storyboard */,
				95E70C9E2AA8B93D007BAD7B /* Assets.xcassets */,
				68CA313B2AAA292900A744AF /* Color.xcassets */,
				95E70CA02AA8B93D007BAD7B /* LaunchScreen.storyboard */,
				95E70CA32AA8B93D007BAD7B /* Info.plist */,
				A761BFD02B03367100263C07 /* NavigationController.swift */,
			);
			path = KTV;
			sourceTree = "<group>";
		};
		95E70CAB2AA8B93D007BAD7B /* KTVTests */ = {
			isa = PBXGroup;
			children = (
				95E70CAC2AA8B93D007BAD7B /* KTVTests.swift */,
			);
			path = KTVTests;
			sourceTree = "<group>";
		};
		95E70CB52AA8B93D007BAD7B /* KTVUITests */ = {
			isa = PBXGroup;
			children = (
				95E70CB62AA8B93D007BAD7B /* KTVUITests.swift */,
				95E70CB82AA8B93D007BAD7B /* KTVUITestsLaunchTests.swift */,
			);
			path = KTVUITests;
			sourceTree = "<group>";
		};
		A75B53612B01E12A00CD301B /* Model */ = {
			isa = PBXGroup;
			children = (
				A75B53622B01E13100CD301B /* Home.swift */,
				A761BFBE2B031D8400263C07 /* Bookmark.swift */,
				A761BFC02B031D8D00263C07 /* Favorite.swift */,
				A761BFC82B0324FB00263C07 /* VideoListItem.swift */,
			);
			path = Model;
			sourceTree = "<group>";
		};
		A75B53662B01EBB800CD301B /* JSON */ = {
			isa = PBXGroup;
			children = (
				A75B53672B01EBE500CD301B /* bookmark.json */,
				A75B536B2B01EBE500CD301B /* favorite.json */,
				A75B53692B01EBE500CD301B /* home.json */,
				A75B536A2B01EBE500CD301B /* live.json */,
				A75B53682B01EBE500CD301B /* video.json */,
			);
			path = JSON;
			sourceTree = "<group>";
		};
		A75B53712B01EF1400CD301B /* URLDefines */ = {
			isa = PBXGroup;
			children = (
				A75B53722B01EF1D00CD301B /* URLDefines.swift */,
			);
			path = URLDefines;
			sourceTree = "<group>";
		};
		A75B53742B01EF7800CD301B /* Util */ = {
			isa = PBXGroup;
			children = (
				A75B53752B01EF7800CD301B /* DataLoader.swift */,
				A75B53762B01EF7800CD301B /* UIImageView+Task.swift */,
			);
			path = Util;
			sourceTree = "<group>";
		};
		A761BFB52B031C6F00263C07 /* My */ = {
			isa = PBXGroup;
			children = (
				A761BFB82B031C8C00263C07 /* MyViewController.swift */,
				A761BFBB2B031D3400263C07 /* Favorite */,
				A761BFBA2B031D2E00263C07 /* Bookmark */,
			);
			path = My;
			sourceTree = "<group>";
		};
		A761BFBA2B031D2E00263C07 /* Bookmark */ = {
			isa = PBXGroup;
			children = (
				A761BFBC2B031D3F00263C07 /* BookmarkViewController.swift */,
				A761BFC22B031E0C00263C07 /* BookmarkCell.swift */,
				A761BFC32B031E0C00263C07 /* BookmarkCell.xib */,
				A761BFC62B03200300263C07 /* BookmarkViewModel.swift */,
			);
			path = Bookmark;
			sourceTree = "<group>";
		};
		A761BFBB2B031D3400263C07 /* Favorite */ = {
			isa = PBXGroup;
			children = (
				A761BFCA2B03251A00263C07 /* FavoriteViewController.swift */,
				A761BFCC2B0325A100263C07 /* FavoriteViewModel.swift */,
			);
			path = Favorite;
			sourceTree = "<group>";
		};
		A761BFE72B0354F500263C07 /* Video */ = {
			isa = PBXGroup;
			children = (
				A761BFE82B03550B00263C07 /* VideoViewController.swift */,
				A761BFE92B03550B00263C07 /* VideoViewController.xib */,
			);
			path = Video;
			sourceTree = "<group>";
		};
		A761BFEC2B03666900263C07 /* More */ = {
			isa = PBXGroup;
			children = (
				A761BFED2B03667900263C07 /* MoreViewController.swift */,
				A761BFEE2B03667900263C07 /* MoreViewController.xib */,
				A761BFF12B0368FF00263C07 /* MoreTableViewCell.swift */,
				A761BFF22B0368FF00263C07 /* MoreTableViewCell.xib */,
			);
			path = More;
			sourceTree = "<group>";
		};
/* End PBXGroup section */

/* Begin PBXNativeTarget section */
		95E70C912AA8B93B007BAD7B /* KTV */ = {
			isa = PBXNativeTarget;
			buildConfigurationList = 95E70CBC2AA8B93D007BAD7B /* Build configuration list for PBXNativeTarget "KTV" */;
			buildPhases = (
				95E70C8E2AA8B93B007BAD7B /* Sources */,
				95E70C8F2AA8B93B007BAD7B /* Frameworks */,
				95E70C902AA8B93B007BAD7B /* Resources */,
			);
			buildRules = (
			);
			dependencies = (
			);
			name = KTV;
			productName = KTV;
			productReference = 95E70C922AA8B93B007BAD7B /* KTV.app */;
			productType = "com.apple.product-type.application";
		};
		95E70CA72AA8B93D007BAD7B /* KTVTests */ = {
			isa = PBXNativeTarget;
			buildConfigurationList = 95E70CBF2AA8B93D007BAD7B /* Build configuration list for PBXNativeTarget "KTVTests" */;
			buildPhases = (
				95E70CA42AA8B93D007BAD7B /* Sources */,
				95E70CA52AA8B93D007BAD7B /* Frameworks */,
				95E70CA62AA8B93D007BAD7B /* Resources */,
			);
			buildRules = (
			);
			dependencies = (
				95E70CAA2AA8B93D007BAD7B /* PBXTargetDependency */,
			);
			name = KTVTests;
			productName = KTVTests;
			productReference = 95E70CA82AA8B93D007BAD7B /* KTVTests.xctest */;
			productType = "com.apple.product-type.bundle.unit-test";
		};
		95E70CB12AA8B93D007BAD7B /* KTVUITests */ = {
			isa = PBXNativeTarget;
			buildConfigurationList = 95E70CC22AA8B93D007BAD7B /* Build configuration list for PBXNativeTarget "KTVUITests" */;
			buildPhases = (
				95E70CAE2AA8B93D007BAD7B /* Sources */,
				95E70CAF2AA8B93D007BAD7B /* Frameworks */,
				95E70CB02AA8B93D007BAD7B /* Resources */,
			);
			buildRules = (
			);
			dependencies = (
				95E70CB42AA8B93D007BAD7B /* PBXTargetDependency */,
			);
			name = KTVUITests;
			productName = KTVUITests;
			productReference = 95E70CB22AA8B93D007BAD7B /* KTVUITests.xctest */;
			productType = "com.apple.product-type.bundle.ui-testing";
		};
/* End PBXNativeTarget section */

/* Begin PBXProject section */
		95E70C8A2AA8B93B007BAD7B /* Project object */ = {
			isa = PBXProject;
			attributes = {
				BuildIndependentTargetsInParallel = 1;
				LastSwiftUpdateCheck = 1420;
				LastUpgradeCheck = 1420;
				TargetAttributes = {
					95E70C912AA8B93B007BAD7B = {
						CreatedOnToolsVersion = 14.2;
					};
					95E70CA72AA8B93D007BAD7B = {
						CreatedOnToolsVersion = 14.2;
						TestTargetID = 95E70C912AA8B93B007BAD7B;
					};
					95E70CB12AA8B93D007BAD7B = {
						CreatedOnToolsVersion = 14.2;
						TestTargetID = 95E70C912AA8B93B007BAD7B;
					};
				};
			};
			buildConfigurationList = 95E70C8D2AA8B93B007BAD7B /* Build configuration list for PBXProject "KTV" */;
			compatibilityVersion = "Xcode 14.0";
			developmentRegion = en;
			hasScannedForEncodings = 0;
			knownRegions = (
				en,
				Base,
			);
			mainGroup = 95E70C892AA8B93B007BAD7B;
			productRefGroup = 95E70C932AA8B93B007BAD7B /* Products */;
			projectDirPath = "";
			projectRoot = "";
			targets = (
				95E70C912AA8B93B007BAD7B /* KTV */,
				95E70CA72AA8B93D007BAD7B /* KTVTests */,
				95E70CB12AA8B93D007BAD7B /* KTVUITests */,
			);
		};
/* End PBXProject section */

/* Begin PBXResourcesBuildPhase section */
		95E70C902AA8B93B007BAD7B /* Resources */ = {
			isa = PBXResourcesBuildPhase;
			buildActionMask = 2147483647;
			files = (
				95E70CA22AA8B93D007BAD7B /* LaunchScreen.storyboard in Resources */,
				A75B53702B01EBE500CD301B /* favorite.json in Resources */,
				68CA313C2AAA292900A744AF /* Color.xcassets in Resources */,
				18BCA15A2AFD043100425F66 /* VideoListItemCell.xib in Resources */,
				A761BFF02B03667900263C07 /* MoreViewController.xib in Resources */,
				95E70C9F2AA8B93D007BAD7B /* Assets.xcassets in Resources */,
				A761BFC52B031E0C00263C07 /* BookmarkCell.xib in Resources */,
				A75B53412B01C75B00CD301B /* HomeRankingItemCell.xib in Resources */,
				18703D332AFBA9AA007CAA6A /* HomeVideoCell.xib in Resources */,
				A75B536F2B01EBE500CD301B /* live.json in Resources */,
				A75B53452B01CF7600CD301B /* HomeRecentWatchContainerCell.xib in Resources */,
				95E70C9D2AA8B93B007BAD7B /* Main.storyboard in Resources */,
				18BCA1542AFCFFB800425F66 /* HomeRecommendContainerCell.xib in Resources */,
				A75B534B2B01CF9400CD301B /* HomeRecentWatchItemCell.xib in Resources */,
				A75B536E2B01EBE500CD301B /* home.json in Resources */,
				18BCA1502AFCFB7D00425F66 /* HomeFooterView.xib in Resources */,
				A75B536C2B01EBE500CD301B /* bookmark.json in Resources */,
				18BCA14C2AFCF83F00425F66 /* HomeHeaderView.xib in Resources */,
				A75B536D2B01EBE500CD301B /* video.json in Resources */,
				A761BFEB2B03550B00263C07 /* VideoViewController.xib in Resources */,
				A761BFF42B0368FF00263C07 /* MoreTableViewCell.xib in Resources */,
				A75B53372B01C4BE00CD301B /* HomeRankingContainerCell.xib in Resources */,
			);
			runOnlyForDeploymentPostprocessing = 0;
		};
		95E70CA62AA8B93D007BAD7B /* Resources */ = {
			isa = PBXResourcesBuildPhase;
			buildActionMask = 2147483647;
			files = (
			);
			runOnlyForDeploymentPostprocessing = 0;
		};
		95E70CB02AA8B93D007BAD7B /* Resources */ = {
			isa = PBXResourcesBuildPhase;
			buildActionMask = 2147483647;
			files = (
			);
			runOnlyForDeploymentPostprocessing = 0;
		};
/* End PBXResourcesBuildPhase section */

/* Begin PBXSourcesBuildPhase section */
		95E70C8E2AA8B93B007BAD7B /* Sources */ = {
			isa = PBXSourcesBuildPhase;
			buildActionMask = 2147483647;
			files = (
				A761BFBD2B031D3F00263C07 /* BookmarkViewController.swift in Sources */,
				A75B53652B01EB5400CD301B /* HomeViewModel.swift in Sources */,
				95E70C9A2AA8B93B007BAD7B /* LoginViewController.swift in Sources */,
				A75B53732B01EF1D00CD301B /* URLDefines.swift in Sources */,
				A75B53442B01CF7600CD301B /* HomeRecentWatchContainerCell.swift in Sources */,
				18BCA14B2AFCF83F00425F66 /* HomeHeaderView.swift in Sources */,
				A75B53402B01C75B00CD301B /* HomeRankingItemCell.swift in Sources */,
				A761BFB92B031C8C00263C07 /* MyViewController.swift in Sources */,
				A75B537A2B01FCAB00CD301B /* HomeRecommendViewModel.swift in Sources */,
				18BCA1532AFCFFB800425F66 /* HomeRecommendContainerCell.swift in Sources */,
				A761BFEA2B03550B00263C07 /* VideoViewController.swift in Sources */,
				A75B53362B01C4BE00CD301B /* HomeRankingContainerCell.swift in Sources */,
				18BCA14F2AFCFB7D00425F66 /* HomeFooterView.swift in Sources */,
				A761BFC92B0324FB00263C07 /* VideoListItem.swift in Sources */,
				A75B53772B01EF7800CD301B /* DataLoader.swift in Sources */,
				A761BFEF2B03667900263C07 /* MoreViewController.swift in Sources */,
				95E70C962AA8B93B007BAD7B /* AppDelegate.swift in Sources */,
				18703D352AFBBCB5007CAA6A /* HomeSection.swift in Sources */,
				A75B534A2B01CF9400CD301B /* HomeRecentWatchItemCell.swift in Sources */,
				18BCA1592AFD043100425F66 /* VideoListItemCell.swift in Sources */,
				A761BFF32B0368FF00263C07 /* MoreTableViewCell.swift in Sources */,
				A761BFCD2B0325A100263C07 /* FavoriteViewModel.swift in Sources */,
				A761BFCB2B03251A00263C07 /* FavoriteViewController.swift in Sources */,
				95E70C982AA8B93B007BAD7B /* SceneDelegate.swift in Sources */,
				A75B53782B01EF7800CD301B /* UIImageView+Task.swift in Sources */,
				A761BFD12B03367100263C07 /* NavigationController.swift in Sources */,
				18703D392AFBBF81007CAA6A /* TabBarController.swift in Sources */,
				A761BFC12B031D8D00263C07 /* Favorite.swift in Sources */,
				A761BFC72B03200300263C07 /* BookmarkViewModel.swift in Sources */,
				18703D322AFBA9AA007CAA6A /* HomeVideoCell.swift in Sources */,
				A75B53632B01E13100CD301B /* Home.swift in Sources */,
				A761BFC42B031E0C00263C07 /* BookmarkCell.swift in Sources */,
				18703D2B2AFBA840007CAA6A /* HomeViewController.swift in Sources */,
				A761BFBF2B031D8400263C07 /* Bookmark.swift in Sources */,
			);
			runOnlyForDeploymentPostprocessing = 0;
		};
		95E70CA42AA8B93D007BAD7B /* Sources */ = {
			isa = PBXSourcesBuildPhase;
			buildActionMask = 2147483647;
			files = (
				95E70CAD2AA8B93D007BAD7B /* KTVTests.swift in Sources */,
			);
			runOnlyForDeploymentPostprocessing = 0;
		};
		95E70CAE2AA8B93D007BAD7B /* Sources */ = {
			isa = PBXSourcesBuildPhase;
			buildActionMask = 2147483647;
			files = (
				95E70CB92AA8B93D007BAD7B /* KTVUITestsLaunchTests.swift in Sources */,
				95E70CB72AA8B93D007BAD7B /* KTVUITests.swift in Sources */,
			);
			runOnlyForDeploymentPostprocessing = 0;
		};
/* End PBXSourcesBuildPhase section */

/* Begin PBXTargetDependency section */
		95E70CAA2AA8B93D007BAD7B /* PBXTargetDependency */ = {
			isa = PBXTargetDependency;
			target = 95E70C912AA8B93B007BAD7B /* KTV */;
			targetProxy = 95E70CA92AA8B93D007BAD7B /* PBXContainerItemProxy */;
		};
		95E70CB42AA8B93D007BAD7B /* PBXTargetDependency */ = {
			isa = PBXTargetDependency;
			target = 95E70C912AA8B93B007BAD7B /* KTV */;
			targetProxy = 95E70CB32AA8B93D007BAD7B /* PBXContainerItemProxy */;
		};
/* End PBXTargetDependency section */

/* Begin PBXVariantGroup section */
		95E70C9B2AA8B93B007BAD7B /* Main.storyboard */ = {
			isa = PBXVariantGroup;
			children = (
				95E70C9C2AA8B93B007BAD7B /* Base */,
			);
			name = Main.storyboard;
			sourceTree = "<group>";
		};
		95E70CA02AA8B93D007BAD7B /* LaunchScreen.storyboard */ = {
			isa = PBXVariantGroup;
			children = (
				95E70CA12AA8B93D007BAD7B /* Base */,
			);
			name = LaunchScreen.storyboard;
			sourceTree = "<group>";
		};
/* End PBXVariantGroup section */

/* Begin XCBuildConfiguration section */
		95E70CBA2AA8B93D007BAD7B /* Debug */ = {
			isa = XCBuildConfiguration;
			buildSettings = {
				ALWAYS_SEARCH_USER_PATHS = NO;
				CLANG_ANALYZER_NONNULL = YES;
				CLANG_ANALYZER_NUMBER_OBJECT_CONVERSION = YES_AGGRESSIVE;
				CLANG_CXX_LANGUAGE_STANDARD = "gnu++20";
				CLANG_ENABLE_MODULES = YES;
				CLANG_ENABLE_OBJC_ARC = YES;
				CLANG_ENABLE_OBJC_WEAK = YES;
				CLANG_WARN_BLOCK_CAPTURE_AUTORELEASING = YES;
				CLANG_WARN_BOOL_CONVERSION = YES;
				CLANG_WARN_COMMA = YES;
				CLANG_WARN_CONSTANT_CONVERSION = YES;
				CLANG_WARN_DEPRECATED_OBJC_IMPLEMENTATIONS = YES;
				CLANG_WARN_DIRECT_OBJC_ISA_USAGE = YES_ERROR;
				CLANG_WARN_DOCUMENTATION_COMMENTS = YES;
				CLANG_WARN_EMPTY_BODY = YES;
				CLANG_WARN_ENUM_CONVERSION = YES;
				CLANG_WARN_INFINITE_RECURSION = YES;
				CLANG_WARN_INT_CONVERSION = YES;
				CLANG_WARN_NON_LITERAL_NULL_CONVERSION = YES;
				CLANG_WARN_OBJC_IMPLICIT_RETAIN_SELF = YES;
				CLANG_WARN_OBJC_LITERAL_CONVERSION = YES;
				CLANG_WARN_OBJC_ROOT_CLASS = YES_ERROR;
				CLANG_WARN_QUOTED_INCLUDE_IN_FRAMEWORK_HEADER = YES;
				CLANG_WARN_RANGE_LOOP_ANALYSIS = YES;
				CLANG_WARN_STRICT_PROTOTYPES = YES;
				CLANG_WARN_SUSPICIOUS_MOVE = YES;
				CLANG_WARN_UNGUARDED_AVAILABILITY = YES_AGGRESSIVE;
				CLANG_WARN_UNREACHABLE_CODE = YES;
				CLANG_WARN__DUPLICATE_METHOD_MATCH = YES;
				COPY_PHASE_STRIP = NO;
				DEBUG_INFORMATION_FORMAT = dwarf;
				ENABLE_STRICT_OBJC_MSGSEND = YES;
				ENABLE_TESTABILITY = YES;
				GCC_C_LANGUAGE_STANDARD = gnu11;
				GCC_DYNAMIC_NO_PIC = NO;
				GCC_NO_COMMON_BLOCKS = YES;
				GCC_OPTIMIZATION_LEVEL = 0;
				GCC_PREPROCESSOR_DEFINITIONS = (
					"DEBUG=1",
					"$(inherited)",
				);
				GCC_WARN_64_TO_32_BIT_CONVERSION = YES;
				GCC_WARN_ABOUT_RETURN_TYPE = YES_ERROR;
				GCC_WARN_UNDECLARED_SELECTOR = YES;
				GCC_WARN_UNINITIALIZED_AUTOS = YES_AGGRESSIVE;
				GCC_WARN_UNUSED_FUNCTION = YES;
				GCC_WARN_UNUSED_VARIABLE = YES;
				IPHONEOS_DEPLOYMENT_TARGET = 16.2;
				MTL_ENABLE_DEBUG_INFO = INCLUDE_SOURCE;
				MTL_FAST_MATH = YES;
				ONLY_ACTIVE_ARCH = YES;
				SDKROOT = iphoneos;
				SWIFT_ACTIVE_COMPILATION_CONDITIONS = DEBUG;
				SWIFT_OPTIMIZATION_LEVEL = "-Onone";
			};
			name = Debug;
		};
		95E70CBB2AA8B93D007BAD7B /* Release */ = {
			isa = XCBuildConfiguration;
			buildSettings = {
				ALWAYS_SEARCH_USER_PATHS = NO;
				CLANG_ANALYZER_NONNULL = YES;
				CLANG_ANALYZER_NUMBER_OBJECT_CONVERSION = YES_AGGRESSIVE;
				CLANG_CXX_LANGUAGE_STANDARD = "gnu++20";
				CLANG_ENABLE_MODULES = YES;
				CLANG_ENABLE_OBJC_ARC = YES;
				CLANG_ENABLE_OBJC_WEAK = YES;
				CLANG_WARN_BLOCK_CAPTURE_AUTORELEASING = YES;
				CLANG_WARN_BOOL_CONVERSION = YES;
				CLANG_WARN_COMMA = YES;
				CLANG_WARN_CONSTANT_CONVERSION = YES;
				CLANG_WARN_DEPRECATED_OBJC_IMPLEMENTATIONS = YES;
				CLANG_WARN_DIRECT_OBJC_ISA_USAGE = YES_ERROR;
				CLANG_WARN_DOCUMENTATION_COMMENTS = YES;
				CLANG_WARN_EMPTY_BODY = YES;
				CLANG_WARN_ENUM_CONVERSION = YES;
				CLANG_WARN_INFINITE_RECURSION = YES;
				CLANG_WARN_INT_CONVERSION = YES;
				CLANG_WARN_NON_LITERAL_NULL_CONVERSION = YES;
				CLANG_WARN_OBJC_IMPLICIT_RETAIN_SELF = YES;
				CLANG_WARN_OBJC_LITERAL_CONVERSION = YES;
				CLANG_WARN_OBJC_ROOT_CLASS = YES_ERROR;
				CLANG_WARN_QUOTED_INCLUDE_IN_FRAMEWORK_HEADER = YES;
				CLANG_WARN_RANGE_LOOP_ANALYSIS = YES;
				CLANG_WARN_STRICT_PROTOTYPES = YES;
				CLANG_WARN_SUSPICIOUS_MOVE = YES;
				CLANG_WARN_UNGUARDED_AVAILABILITY = YES_AGGRESSIVE;
				CLANG_WARN_UNREACHABLE_CODE = YES;
				CLANG_WARN__DUPLICATE_METHOD_MATCH = YES;
				COPY_PHASE_STRIP = NO;
				DEBUG_INFORMATION_FORMAT = "dwarf-with-dsym";
				ENABLE_NS_ASSERTIONS = NO;
				ENABLE_STRICT_OBJC_MSGSEND = YES;
				GCC_C_LANGUAGE_STANDARD = gnu11;
				GCC_NO_COMMON_BLOCKS = YES;
				GCC_WARN_64_TO_32_BIT_CONVERSION = YES;
				GCC_WARN_ABOUT_RETURN_TYPE = YES_ERROR;
				GCC_WARN_UNDECLARED_SELECTOR = YES;
				GCC_WARN_UNINITIALIZED_AUTOS = YES_AGGRESSIVE;
				GCC_WARN_UNUSED_FUNCTION = YES;
				GCC_WARN_UNUSED_VARIABLE = YES;
				IPHONEOS_DEPLOYMENT_TARGET = 16.2;
				MTL_ENABLE_DEBUG_INFO = NO;
				MTL_FAST_MATH = YES;
				SDKROOT = iphoneos;
				SWIFT_COMPILATION_MODE = wholemodule;
				SWIFT_OPTIMIZATION_LEVEL = "-O";
				VALIDATE_PRODUCT = YES;
			};
			name = Release;
		};
		95E70CBD2AA8B93D007BAD7B /* Debug */ = {
			isa = XCBuildConfiguration;
			buildSettings = {
				ASSETCATALOG_COMPILER_APPICON_NAME = AppIcon;
				ASSETCATALOG_COMPILER_GLOBAL_ACCENT_COLOR_NAME = AccentColor;
				CODE_SIGN_STYLE = Automatic;
				CURRENT_PROJECT_VERSION = 1;
				DEVELOPMENT_TEAM = 5K3W33ZZ68;
				GENERATE_INFOPLIST_FILE = YES;
				INFOPLIST_FILE = KTV/Info.plist;
				INFOPLIST_KEY_UIApplicationSupportsIndirectInputEvents = YES;
				INFOPLIST_KEY_UILaunchStoryboardName = LaunchScreen.storyboard;
				INFOPLIST_KEY_UIMainStoryboardFile = Main;
				INFOPLIST_KEY_UISupportedInterfaceOrientations_iPad = "UIInterfaceOrientationPortrait UIInterfaceOrientationPortraitUpsideDown UIInterfaceOrientationLandscapeLeft UIInterfaceOrientationLandscapeRight";
				INFOPLIST_KEY_UISupportedInterfaceOrientations_iPhone = "UIInterfaceOrientationPortrait UIInterfaceOrientationLandscapeLeft UIInterfaceOrientationLandscapeRight";
				LD_RUNPATH_SEARCH_PATHS = (
					"$(inherited)",
					"@executable_path/Frameworks",
				);
				MARKETING_VERSION = 1.0;
				PRODUCT_BUNDLE_IDENTIFIER = com.fastcampus.KTV;
				PRODUCT_NAME = "$(TARGET_NAME)";
				SWIFT_EMIT_LOC_STRINGS = YES;
				SWIFT_VERSION = 5.0;
				TARGETED_DEVICE_FAMILY = "1,2";
			};
			name = Debug;
		};
		95E70CBE2AA8B93D007BAD7B /* Release */ = {
			isa = XCBuildConfiguration;
			buildSettings = {
				ASSETCATALOG_COMPILER_APPICON_NAME = AppIcon;
				ASSETCATALOG_COMPILER_GLOBAL_ACCENT_COLOR_NAME = AccentColor;
				CODE_SIGN_STYLE = Automatic;
				CURRENT_PROJECT_VERSION = 1;
				DEVELOPMENT_TEAM = 5K3W33ZZ68;
				GENERATE_INFOPLIST_FILE = YES;
				INFOPLIST_FILE = KTV/Info.plist;
				INFOPLIST_KEY_UIApplicationSupportsIndirectInputEvents = YES;
				INFOPLIST_KEY_UILaunchStoryboardName = LaunchScreen.storyboard;
				INFOPLIST_KEY_UIMainStoryboardFile = Main;
				INFOPLIST_KEY_UISupportedInterfaceOrientations_iPad = "UIInterfaceOrientationPortrait UIInterfaceOrientationPortraitUpsideDown UIInterfaceOrientationLandscapeLeft UIInterfaceOrientationLandscapeRight";
				INFOPLIST_KEY_UISupportedInterfaceOrientations_iPhone = "UIInterfaceOrientationPortrait UIInterfaceOrientationLandscapeLeft UIInterfaceOrientationLandscapeRight";
				LD_RUNPATH_SEARCH_PATHS = (
					"$(inherited)",
					"@executable_path/Frameworks",
				);
				MARKETING_VERSION = 1.0;
				PRODUCT_BUNDLE_IDENTIFIER = com.fastcampus.KTV;
				PRODUCT_NAME = "$(TARGET_NAME)";
				SWIFT_EMIT_LOC_STRINGS = YES;
				SWIFT_VERSION = 5.0;
				TARGETED_DEVICE_FAMILY = "1,2";
			};
			name = Release;
		};
		95E70CC02AA8B93D007BAD7B /* Debug */ = {
			isa = XCBuildConfiguration;
			buildSettings = {
				ALWAYS_EMBED_SWIFT_STANDARD_LIBRARIES = YES;
				BUNDLE_LOADER = "$(TEST_HOST)";
				CODE_SIGN_STYLE = Automatic;
				CURRENT_PROJECT_VERSION = 1;
				GENERATE_INFOPLIST_FILE = YES;
				IPHONEOS_DEPLOYMENT_TARGET = 16.2;
				MARKETING_VERSION = 1.0;
				PRODUCT_BUNDLE_IDENTIFIER = com.fastcampus.KTVTests;
				PRODUCT_NAME = "$(TARGET_NAME)";
				SWIFT_EMIT_LOC_STRINGS = NO;
				SWIFT_VERSION = 5.0;
				TARGETED_DEVICE_FAMILY = "1,2";
				TEST_HOST = "$(BUILT_PRODUCTS_DIR)/KTV.app/$(BUNDLE_EXECUTABLE_FOLDER_PATH)/KTV";
			};
			name = Debug;
		};
		95E70CC12AA8B93D007BAD7B /* Release */ = {
			isa = XCBuildConfiguration;
			buildSettings = {
				ALWAYS_EMBED_SWIFT_STANDARD_LIBRARIES = YES;
				BUNDLE_LOADER = "$(TEST_HOST)";
				CODE_SIGN_STYLE = Automatic;
				CURRENT_PROJECT_VERSION = 1;
				GENERATE_INFOPLIST_FILE = YES;
				IPHONEOS_DEPLOYMENT_TARGET = 16.2;
				MARKETING_VERSION = 1.0;
				PRODUCT_BUNDLE_IDENTIFIER = com.fastcampus.KTVTests;
				PRODUCT_NAME = "$(TARGET_NAME)";
				SWIFT_EMIT_LOC_STRINGS = NO;
				SWIFT_VERSION = 5.0;
				TARGETED_DEVICE_FAMILY = "1,2";
				TEST_HOST = "$(BUILT_PRODUCTS_DIR)/KTV.app/$(BUNDLE_EXECUTABLE_FOLDER_PATH)/KTV";
			};
			name = Release;
		};
		95E70CC32AA8B93D007BAD7B /* Debug */ = {
			isa = XCBuildConfiguration;
			buildSettings = {
				ALWAYS_EMBED_SWIFT_STANDARD_LIBRARIES = YES;
				CODE_SIGN_STYLE = Automatic;
				CURRENT_PROJECT_VERSION = 1;
				GENERATE_INFOPLIST_FILE = YES;
				MARKETING_VERSION = 1.0;
				PRODUCT_BUNDLE_IDENTIFIER = com.fastcampus.KTVUITests;
				PRODUCT_NAME = "$(TARGET_NAME)";
				SWIFT_EMIT_LOC_STRINGS = NO;
				SWIFT_VERSION = 5.0;
				TARGETED_DEVICE_FAMILY = "1,2";
				TEST_TARGET_NAME = KTV;
			};
			name = Debug;
		};
		95E70CC42AA8B93D007BAD7B /* Release */ = {
			isa = XCBuildConfiguration;
			buildSettings = {
				ALWAYS_EMBED_SWIFT_STANDARD_LIBRARIES = YES;
				CODE_SIGN_STYLE = Automatic;
				CURRENT_PROJECT_VERSION = 1;
				GENERATE_INFOPLIST_FILE = YES;
				MARKETING_VERSION = 1.0;
				PRODUCT_BUNDLE_IDENTIFIER = com.fastcampus.KTVUITests;
				PRODUCT_NAME = "$(TARGET_NAME)";
				SWIFT_EMIT_LOC_STRINGS = NO;
				SWIFT_VERSION = 5.0;
				TARGETED_DEVICE_FAMILY = "1,2";
				TEST_TARGET_NAME = KTV;
			};
			name = Release;
		};
/* End XCBuildConfiguration section */

/* Begin XCConfigurationList section */
		95E70C8D2AA8B93B007BAD7B /* Build configuration list for PBXProject "KTV" */ = {
			isa = XCConfigurationList;
			buildConfigurations = (
				95E70CBA2AA8B93D007BAD7B /* Debug */,
				95E70CBB2AA8B93D007BAD7B /* Release */,
			);
			defaultConfigurationIsVisible = 0;
			defaultConfigurationName = Release;
		};
		95E70CBC2AA8B93D007BAD7B /* Build configuration list for PBXNativeTarget "KTV" */ = {
			isa = XCConfigurationList;
			buildConfigurations = (
				95E70CBD2AA8B93D007BAD7B /* Debug */,
				95E70CBE2AA8B93D007BAD7B /* Release */,
			);
			defaultConfigurationIsVisible = 0;
			defaultConfigurationName = Release;
		};
		95E70CBF2AA8B93D007BAD7B /* Build configuration list for PBXNativeTarget "KTVTests" */ = {
			isa = XCConfigurationList;
			buildConfigurations = (
				95E70CC02AA8B93D007BAD7B /* Debug */,
				95E70CC12AA8B93D007BAD7B /* Release */,
			);
			defaultConfigurationIsVisible = 0;
			defaultConfigurationName = Release;
		};
		95E70CC22AA8B93D007BAD7B /* Build configuration list for PBXNativeTarget "KTVUITests" */ = {
			isa = XCConfigurationList;
			buildConfigurations = (
				95E70CC32AA8B93D007BAD7B /* Debug */,
				95E70CC42AA8B93D007BAD7B /* Release */,
			);
			defaultConfigurationIsVisible = 0;
			defaultConfigurationName = Release;
		};
/* End XCConfigurationList section */
	};
	rootObject = 95E70C8A2AA8B93B007BAD7B /* Project object */;
}
